// !$*UTF8*$!
{
	archiveVersion = 1;
	classes = {
	};
	objectVersion = 46;
	objects = {

/* Begin PBXBuildFile section */
		8C1D16AD1DB8DE930056D407 /* BreadthFirstSearch.swift in Sources */ = {isa = PBXBuildFile; fileRef = 8C1D169D1DB8DE930056D407 /* BreadthFirstSearch.swift */; };
		8C1D16AE1DB8DE930056D407 /* AnimatedExample.gif in Resources */ = {isa = PBXBuildFile; fileRef = 8C1D169F1DB8DE930056D407 /* AnimatedExample.gif */; };
		8C1D16AF1DB8DE930056D407 /* AnimatedExample.graffle in Resources */ = {isa = PBXBuildFile; fileRef = 8C1D16A01DB8DE930056D407 /* AnimatedExample.graffle */; };
		8C1D16B01DB8DE930056D407 /* AnimatedExample.psd in Resources */ = {isa = PBXBuildFile; fileRef = 8C1D16A11DB8DE930056D407 /* AnimatedExample.psd */; };
		8C1D16B11DB8DE930056D407 /* TraversalTree.graffle in Resources */ = {isa = PBXBuildFile; fileRef = 8C1D16A21DB8DE930056D407 /* TraversalTree.graffle */; };
		8C1D16B21DB8DE930056D407 /* TraversalTree.png in Resources */ = {isa = PBXBuildFile; fileRef = 8C1D16A31DB8DE930056D407 /* TraversalTree.png */; };
		8C1D16B31DB8DE930056D407 /* README.markdown in Sources */ = {isa = PBXBuildFile; fileRef = 8C1D16A41DB8DE930056D407 /* README.markdown */; };
		8C1D16B51DB8DE930056D407 /* Graph.swift in Sources */ = {isa = PBXBuildFile; fileRef = 8C1D16A71DB8DE930056D407 /* Graph.swift */; };
		8C1D16B61DB8DE930056D407 /* Info.plist in Resources */ = {isa = PBXBuildFile; fileRef = 8C1D16A81DB8DE930056D407 /* Info.plist */; };
		8C1D16B71DB8DE930056D407 /* Queue.swift in Sources */ = {isa = PBXBuildFile; fileRef = 8C1D16A91DB8DE930056D407 /* Queue.swift */; };
		8C31FE6E1D90E415008793BF /* SharkORM.framework in Frameworks */ = {isa = PBXBuildFile; fileRef = 8C31FE6D1D90E415008793BF /* SharkORM.framework */; };
		8C31FE6F1D90E415008793BF /* SharkORM.framework in Embed Frameworks */ = {isa = PBXBuildFile; fileRef = 8C31FE6D1D90E415008793BF /* SharkORM.framework */; settings = {ATTRIBUTES = (CodeSignOnCopy, RemoveHeadersOnCopy, ); }; };
		8C6ACBFD1DCAF8AC0075F32C /* GameViewController.swift in Sources */ = {isa = PBXBuildFile; fileRef = 8C6D37D31DC42FA40052202C /* GameViewController.swift */; };
		8C6ACBFE1DCAF8BA0075F32C /* GameDocument.swift in Sources */ = {isa = PBXBuildFile; fileRef = 8C6D37CF1DC42FA40052202C /* GameDocument.swift */; };
		8C6ACBFF1DCAF8BA0075F32C /* GameMixin.swift in Sources */ = {isa = PBXBuildFile; fileRef = 8C6D37D71DC42FA40052202C /* GameMixin.swift */; };
		8C6ACC001DCAF8C20075F32C /* GameScene.swift in Sources */ = {isa = PBXBuildFile; fileRef = 8C6D37E91DC59EE50052202C /* GameScene.swift */; };
		8C6ACC191DD204420075F32C /* GameObject.swift in Sources */ = {isa = PBXBuildFile; fileRef = 8C6ACC181DD204420075F32C /* GameObject.swift */; };
		8C6ACC1A1DD206AD0075F32C /* MainViewController.swift in Sources */ = {isa = PBXBuildFile; fileRef = 8C6D37D61DC42FA40052202C /* MainViewController.swift */; };
		8C6D37381DC421180052202C /* HomeDocument.swift in Sources */ = {isa = PBXBuildFile; fileRef = 8C6D37331DC421180052202C /* HomeDocument.swift */; };
		8C6D37391DC421180052202C /* HomeMainViewController.swift in Sources */ = {isa = PBXBuildFile; fileRef = 8C6D37341DC421180052202C /* HomeMainViewController.swift */; };
		8C6D373A1DC421180052202C /* HomeMixin.swift in Sources */ = {isa = PBXBuildFile; fileRef = 8C6D37351DC421180052202C /* HomeMixin.swift */; };
		8C6D373B1DC421180052202C /* HomeOptionsViewController.swift in Sources */ = {isa = PBXBuildFile; fileRef = 8C6D37361DC421180052202C /* HomeOptionsViewController.swift */; };
		8C6D373C1DC421180052202C /* HomeTables.swift in Sources */ = {isa = PBXBuildFile; fileRef = 8C6D37371DC421180052202C /* HomeTables.swift */; };
		8C6D373F1DC421980052202C /* Home.storyboard in Resources */ = {isa = PBXBuildFile; fileRef = 8C6D373D1DC421980052202C /* Home.storyboard */; };
		8C6D37821DC42F0A0052202C /* BridgesDocument.swift in Sources */ = {isa = PBXBuildFile; fileRef = 8C6D37421DC42F0A0052202C /* BridgesDocument.swift */; };
		8C6D37831DC42F0A0052202C /* BridgesGame.swift in Sources */ = {isa = PBXBuildFile; fileRef = 8C6D37431DC42F0A0052202C /* BridgesGame.swift */; };
		8C6D37841DC42F0A0052202C /* BridgesGameScene.swift in Sources */ = {isa = PBXBuildFile; fileRef = 8C6D37441DC42F0A0052202C /* BridgesGameScene.swift */; };
		8C6D37851DC42F0A0052202C /* BridgesGameState.swift in Sources */ = {isa = PBXBuildFile; fileRef = 8C6D37451DC42F0A0052202C /* BridgesGameState.swift */; };
		8C6D37861DC42F0A0052202C /* BridgesGameViewController.swift in Sources */ = {isa = PBXBuildFile; fileRef = 8C6D37461DC42F0A0052202C /* BridgesGameViewController.swift */; };
		8C6D37871DC42F0A0052202C /* BridgesGridNode.swift in Sources */ = {isa = PBXBuildFile; fileRef = 8C6D37471DC42F0A0052202C /* BridgesGridNode.swift */; };
		8C6D37881DC42F0A0052202C /* BridgesLevels.xml in Resources */ = {isa = PBXBuildFile; fileRef = 8C6D37481DC42F0A0052202C /* BridgesLevels.xml */; };
		8C6D37891DC42F0A0052202C /* BridgesMainViewController.swift in Sources */ = {isa = PBXBuildFile; fileRef = 8C6D37491DC42F0A0052202C /* BridgesMainViewController.swift */; };
		8C6D378A1DC42F0A0052202C /* BridgesMixin.swift in Sources */ = {isa = PBXBuildFile; fileRef = 8C6D374A1DC42F0A0052202C /* BridgesMixin.swift */; };
		8C6D378B1DC42F0A0052202C /* BridgesObject.swift in Sources */ = {isa = PBXBuildFile; fileRef = 8C6D374B1DC42F0A0052202C /* BridgesObject.swift */; };
		8C6D378C1DC42F0A0052202C /* BridgesOptionsViewController.swift in Sources */ = {isa = PBXBuildFile; fileRef = 8C6D374C1DC42F0A0052202C /* BridgesOptionsViewController.swift */; };
		8C6D378D1DC42F0A0052202C /* BridgesTables.swift in Sources */ = {isa = PBXBuildFile; fileRef = 8C6D374D1DC42F0A0052202C /* BridgesTables.swift */; };
		8C6D378E1DC42F0A0052202C /* CloudsDocument.swift in Sources */ = {isa = PBXBuildFile; fileRef = 8C6D374F1DC42F0A0052202C /* CloudsDocument.swift */; };
		8C6D378F1DC42F0A0052202C /* CloudsGame.swift in Sources */ = {isa = PBXBuildFile; fileRef = 8C6D37501DC42F0A0052202C /* CloudsGame.swift */; };
		8C6D37901DC42F0A0052202C /* CloudsGameScene.swift in Sources */ = {isa = PBXBuildFile; fileRef = 8C6D37511DC42F0A0052202C /* CloudsGameScene.swift */; };
		8C6D37911DC42F0A0052202C /* CloudsGameState.swift in Sources */ = {isa = PBXBuildFile; fileRef = 8C6D37521DC42F0A0052202C /* CloudsGameState.swift */; };
		8C6D37921DC42F0A0052202C /* CloudsGameViewController.swift in Sources */ = {isa = PBXBuildFile; fileRef = 8C6D37531DC42F0A0052202C /* CloudsGameViewController.swift */; };
		8C6D37931DC42F0A0052202C /* CloudsGridNode.swift in Sources */ = {isa = PBXBuildFile; fileRef = 8C6D37541DC42F0A0052202C /* CloudsGridNode.swift */; };
		8C6D37941DC42F0A0052202C /* CloudsLevels.xml in Resources */ = {isa = PBXBuildFile; fileRef = 8C6D37551DC42F0A0052202C /* CloudsLevels.xml */; };
		8C6D37951DC42F0A0052202C /* CloudsMainViewController.swift in Sources */ = {isa = PBXBuildFile; fileRef = 8C6D37561DC42F0A0052202C /* CloudsMainViewController.swift */; };
		8C6D37961DC42F0A0052202C /* CloudsMixin.swift in Sources */ = {isa = PBXBuildFile; fileRef = 8C6D37571DC42F0A0052202C /* CloudsMixin.swift */; };
		8C6D37971DC42F0A0052202C /* CloudsObject.swift in Sources */ = {isa = PBXBuildFile; fileRef = 8C6D37581DC42F0A0052202C /* CloudsObject.swift */; };
		8C6D37981DC42F0A0052202C /* CloudsOptionsViewController.swift in Sources */ = {isa = PBXBuildFile; fileRef = 8C6D37591DC42F0A0052202C /* CloudsOptionsViewController.swift */; };
		8C6D37991DC42F0A0052202C /* CloudsTables.swift in Sources */ = {isa = PBXBuildFile; fileRef = 8C6D375A1DC42F0A0052202C /* CloudsTables.swift */; };
		8C6D379A1DC42F0A0052202C /* HitoriDocument.swift in Sources */ = {isa = PBXBuildFile; fileRef = 8C6D375C1DC42F0A0052202C /* HitoriDocument.swift */; };
		8C6D379B1DC42F0A0052202C /* HitoriGame.swift in Sources */ = {isa = PBXBuildFile; fileRef = 8C6D375D1DC42F0A0052202C /* HitoriGame.swift */; };
		8C6D379C1DC42F0A0052202C /* HitoriGameScene.swift in Sources */ = {isa = PBXBuildFile; fileRef = 8C6D375E1DC42F0A0052202C /* HitoriGameScene.swift */; };
		8C6D379D1DC42F0A0052202C /* HitoriGameState.swift in Sources */ = {isa = PBXBuildFile; fileRef = 8C6D375F1DC42F0A0052202C /* HitoriGameState.swift */; };
		8C6D379E1DC42F0A0052202C /* HitoriGameViewController.swift in Sources */ = {isa = PBXBuildFile; fileRef = 8C6D37601DC42F0A0052202C /* HitoriGameViewController.swift */; };
		8C6D379F1DC42F0A0052202C /* HitoriGridNode.swift in Sources */ = {isa = PBXBuildFile; fileRef = 8C6D37611DC42F0A0052202C /* HitoriGridNode.swift */; };
		8C6D37A01DC42F0A0052202C /* HitoriLevels.xml in Resources */ = {isa = PBXBuildFile; fileRef = 8C6D37621DC42F0A0052202C /* HitoriLevels.xml */; };
		8C6D37A11DC42F0A0052202C /* HitoriMainViewController.swift in Sources */ = {isa = PBXBuildFile; fileRef = 8C6D37631DC42F0A0052202C /* HitoriMainViewController.swift */; };
		8C6D37A21DC42F0A0052202C /* HitoriMixin.swift in Sources */ = {isa = PBXBuildFile; fileRef = 8C6D37641DC42F0A0052202C /* HitoriMixin.swift */; };
		8C6D37A31DC42F0A0052202C /* HitoriObject.swift in Sources */ = {isa = PBXBuildFile; fileRef = 8C6D37651DC42F0A0052202C /* HitoriObject.swift */; };
		8C6D37A41DC42F0A0052202C /* HitoriOptionsViewController.swift in Sources */ = {isa = PBXBuildFile; fileRef = 8C6D37661DC42F0A0052202C /* HitoriOptionsViewController.swift */; };
		8C6D37A51DC42F0A0052202C /* HitoriTables.swift in Sources */ = {isa = PBXBuildFile; fileRef = 8C6D37671DC42F0A0052202C /* HitoriTables.swift */; };
		8C6D37A61DC42F0A0052202C /* LightUpDocument.swift in Sources */ = {isa = PBXBuildFile; fileRef = 8C6D37691DC42F0A0052202C /* LightUpDocument.swift */; };
		8C6D37A71DC42F0A0052202C /* LightUpGame.swift in Sources */ = {isa = PBXBuildFile; fileRef = 8C6D376A1DC42F0A0052202C /* LightUpGame.swift */; };
		8C6D37A81DC42F0A0052202C /* LightUpGameScene.swift in Sources */ = {isa = PBXBuildFile; fileRef = 8C6D376B1DC42F0A0052202C /* LightUpGameScene.swift */; };
		8C6D37A91DC42F0A0052202C /* LightUpGameState.swift in Sources */ = {isa = PBXBuildFile; fileRef = 8C6D376C1DC42F0A0052202C /* LightUpGameState.swift */; };
		8C6D37AA1DC42F0A0052202C /* LightUpGameViewController.swift in Sources */ = {isa = PBXBuildFile; fileRef = 8C6D376D1DC42F0A0052202C /* LightUpGameViewController.swift */; };
		8C6D37AB1DC42F0A0052202C /* LightUpGridNode.swift in Sources */ = {isa = PBXBuildFile; fileRef = 8C6D376E1DC42F0A0052202C /* LightUpGridNode.swift */; };
		8C6D37AC1DC42F0A0052202C /* LightUpLevels.xml in Resources */ = {isa = PBXBuildFile; fileRef = 8C6D376F1DC42F0A0052202C /* LightUpLevels.xml */; };
		8C6D37AD1DC42F0A0052202C /* LightUpMainViewController.swift in Sources */ = {isa = PBXBuildFile; fileRef = 8C6D37701DC42F0A0052202C /* LightUpMainViewController.swift */; };
		8C6D37AE1DC42F0A0052202C /* LightUpMixin.swift in Sources */ = {isa = PBXBuildFile; fileRef = 8C6D37711DC42F0A0052202C /* LightUpMixin.swift */; };
		8C6D37AF1DC42F0A0052202C /* LightUpObject.swift in Sources */ = {isa = PBXBuildFile; fileRef = 8C6D37721DC42F0A0052202C /* LightUpObject.swift */; };
		8C6D37B01DC42F0A0052202C /* LightUpOptionsViewController.swift in Sources */ = {isa = PBXBuildFile; fileRef = 8C6D37731DC42F0A0052202C /* LightUpOptionsViewController.swift */; };
		8C6D37B11DC42F0A0052202C /* LightUpTables.swift in Sources */ = {isa = PBXBuildFile; fileRef = 8C6D37741DC42F0A0052202C /* LightUpTables.swift */; };
		8C6D37B21DC42F0A0052202C /* SlitherLinkDocument.swift in Sources */ = {isa = PBXBuildFile; fileRef = 8C6D37761DC42F0A0052202C /* SlitherLinkDocument.swift */; };
		8C6D37B31DC42F0A0052202C /* SlitherLinkGame.swift in Sources */ = {isa = PBXBuildFile; fileRef = 8C6D37771DC42F0A0052202C /* SlitherLinkGame.swift */; };
		8C6D37B41DC42F0A0052202C /* SlitherLinkGameScene.swift in Sources */ = {isa = PBXBuildFile; fileRef = 8C6D37781DC42F0A0052202C /* SlitherLinkGameScene.swift */; };
		8C6D37B51DC42F0A0052202C /* SlitherLinkGameState.swift in Sources */ = {isa = PBXBuildFile; fileRef = 8C6D37791DC42F0A0052202C /* SlitherLinkGameState.swift */; };
		8C6D37B61DC42F0A0052202C /* SlitherLinkGameViewController.swift in Sources */ = {isa = PBXBuildFile; fileRef = 8C6D377A1DC42F0A0052202C /* SlitherLinkGameViewController.swift */; };
		8C6D37B71DC42F0A0052202C /* SlitherLinkGridNode.swift in Sources */ = {isa = PBXBuildFile; fileRef = 8C6D377B1DC42F0A0052202C /* SlitherLinkGridNode.swift */; };
		8C6D37B81DC42F0A0052202C /* SlitherLinkLevels.xml in Resources */ = {isa = PBXBuildFile; fileRef = 8C6D377C1DC42F0A0052202C /* SlitherLinkLevels.xml */; };
		8C6D37B91DC42F0A0052202C /* SlitherLinkMainViewController.swift in Sources */ = {isa = PBXBuildFile; fileRef = 8C6D377D1DC42F0A0052202C /* SlitherLinkMainViewController.swift */; };
		8C6D37BA1DC42F0A0052202C /* SlitherLinkMixin.swift in Sources */ = {isa = PBXBuildFile; fileRef = 8C6D377E1DC42F0A0052202C /* SlitherLinkMixin.swift */; };
		8C6D37BB1DC42F0A0052202C /* SlitherLinkObject.swift in Sources */ = {isa = PBXBuildFile; fileRef = 8C6D377F1DC42F0A0052202C /* SlitherLinkObject.swift */; };
		8C6D37BC1DC42F0A0052202C /* SlitherLinkOptionsViewController.swift in Sources */ = {isa = PBXBuildFile; fileRef = 8C6D37801DC42F0A0052202C /* SlitherLinkOptionsViewController.swift */; };
		8C6D37BD1DC42F0A0052202C /* SlitherLinkTables.swift in Sources */ = {isa = PBXBuildFile; fileRef = 8C6D37811DC42F0A0052202C /* SlitherLinkTables.swift */; };
		8C6D37C01DC42F3B0052202C /* Bridges.storyboard in Resources */ = {isa = PBXBuildFile; fileRef = 8C6D37BE1DC42F3B0052202C /* Bridges.storyboard */; };
		8C6D37C31DC42F450052202C /* Clouds.storyboard in Resources */ = {isa = PBXBuildFile; fileRef = 8C6D37C11DC42F450052202C /* Clouds.storyboard */; };
		8C6D37C61DC42F540052202C /* Hitori.storyboard in Resources */ = {isa = PBXBuildFile; fileRef = 8C6D37C41DC42F540052202C /* Hitori.storyboard */; };
		8C6D37C91DC42F640052202C /* LightUp.storyboard in Resources */ = {isa = PBXBuildFile; fileRef = 8C6D37C71DC42F640052202C /* LightUp.storyboard */; };
		8C6D37CC1DC42F6D0052202C /* SlitherLink.storyboard in Resources */ = {isa = PBXBuildFile; fileRef = 8C6D37CA1DC42F6D0052202C /* SlitherLink.storyboard */; };
		8C6D37F31DC5AC310052202C /* SoundManager.swift in Sources */ = {isa = PBXBuildFile; fileRef = 8C6D37F21DC5AC310052202C /* SoundManager.swift */; };
		8C6D37F51DC5AC520052202C /* Position.swift in Sources */ = {isa = PBXBuildFile; fileRef = 8C6D37F41DC5AC520052202C /* Position.swift */; };
		8C6D37FA1DC5ACC90052202C /* OptionsViewController.swift in Sources */ = {isa = PBXBuildFile; fileRef = 8C6D37D91DC42FA40052202C /* OptionsViewController.swift */; };
		8C6D37FB1DC5ACDB0052202C /* Copyable.swift in Sources */ = {isa = PBXBuildFile; fileRef = 8C6D37EC1DC5A2F50052202C /* Copyable.swift */; };
		8C6D37FC1DC5B4DC0052202C /* Game.swift in Sources */ = {isa = PBXBuildFile; fileRef = 8C6D37D01DC42FA40052202C /* Game.swift */; };
		8C6D37FE1DC5B4EB0052202C /* GameState.swift in Sources */ = {isa = PBXBuildFile; fileRef = 8C6D37D21DC42FA40052202C /* GameState.swift */; };
		8C7EF0621DD297D100D1DE94 /* NurikabeDocument.swift in Sources */ = {isa = PBXBuildFile; fileRef = 8C7EF0561DD297D100D1DE94 /* NurikabeDocument.swift */; };
		8C7EF0631DD297D100D1DE94 /* NurikabeGame.swift in Sources */ = {isa = PBXBuildFile; fileRef = 8C7EF0571DD297D100D1DE94 /* NurikabeGame.swift */; };
		8C7EF0641DD297D100D1DE94 /* NurikabeGameScene.swift in Sources */ = {isa = PBXBuildFile; fileRef = 8C7EF0581DD297D100D1DE94 /* NurikabeGameScene.swift */; };
		8C7EF0651DD297D100D1DE94 /* NurikabeGameState.swift in Sources */ = {isa = PBXBuildFile; fileRef = 8C7EF0591DD297D100D1DE94 /* NurikabeGameState.swift */; };
		8C7EF0661DD297D100D1DE94 /* NurikabeGameViewController.swift in Sources */ = {isa = PBXBuildFile; fileRef = 8C7EF05A1DD297D100D1DE94 /* NurikabeGameViewController.swift */; };
		8C7EF0671DD297D100D1DE94 /* NurikabeGridNode.swift in Sources */ = {isa = PBXBuildFile; fileRef = 8C7EF05B1DD297D100D1DE94 /* NurikabeGridNode.swift */; };
		8C7EF0681DD297D100D1DE94 /* NurikabeLevels.xml in Resources */ = {isa = PBXBuildFile; fileRef = 8C7EF05C1DD297D100D1DE94 /* NurikabeLevels.xml */; };
		8C7EF0691DD297D100D1DE94 /* NurikabeMainViewController.swift in Sources */ = {isa = PBXBuildFile; fileRef = 8C7EF05D1DD297D100D1DE94 /* NurikabeMainViewController.swift */; };
		8C7EF06A1DD297D100D1DE94 /* NurikabeMixin.swift in Sources */ = {isa = PBXBuildFile; fileRef = 8C7EF05E1DD297D100D1DE94 /* NurikabeMixin.swift */; };
		8C7EF06B1DD297D100D1DE94 /* NurikabeObject.swift in Sources */ = {isa = PBXBuildFile; fileRef = 8C7EF05F1DD297D100D1DE94 /* NurikabeObject.swift */; };
		8C7EF06C1DD297D100D1DE94 /* NurikabeOptionsViewController.swift in Sources */ = {isa = PBXBuildFile; fileRef = 8C7EF0601DD297D100D1DE94 /* NurikabeOptionsViewController.swift */; };
		8C7EF06D1DD297D100D1DE94 /* NurikabeTables.swift in Sources */ = {isa = PBXBuildFile; fileRef = 8C7EF0611DD297D100D1DE94 /* NurikabeTables.swift */; };
		8C7EF0711DD297F000D1DE94 /* Nurikabe.storyboard in Resources */ = {isa = PBXBuildFile; fileRef = 8C7EF06F1DD297F000D1DE94 /* Nurikabe.storyboard */; };
		8C886C3C1D9E8AF1004A42BF /* AbstractActionSheetPicker.m in Sources */ = {isa = PBXBuildFile; fileRef = 8C886C291D9E8AF0004A42BF /* AbstractActionSheetPicker.m */; };
		8C886C3D1D9E8AF1004A42BF /* ActionSheetCustomPicker.m in Sources */ = {isa = PBXBuildFile; fileRef = 8C886C2B1D9E8AF0004A42BF /* ActionSheetCustomPicker.m */; };
		8C886C3E1D9E8AF1004A42BF /* ActionSheetDatePicker.m in Sources */ = {isa = PBXBuildFile; fileRef = 8C886C2E1D9E8AF0004A42BF /* ActionSheetDatePicker.m */; };
		8C886C3F1D9E8AF1004A42BF /* ActionSheetDistancePicker.m in Sources */ = {isa = PBXBuildFile; fileRef = 8C886C301D9E8AF0004A42BF /* ActionSheetDistancePicker.m */; };
		8C886C401D9E8AF1004A42BF /* ActionSheetLocalePicker.m in Sources */ = {isa = PBXBuildFile; fileRef = 8C886C321D9E8AF0004A42BF /* ActionSheetLocalePicker.m */; };
		8C886C411D9E8AF1004A42BF /* ActionSheetMultipleStringPicker.m in Sources */ = {isa = PBXBuildFile; fileRef = 8C886C341D9E8AF0004A42BF /* ActionSheetMultipleStringPicker.m */; };
		8C886C421D9E8AF1004A42BF /* ActionSheetStringPicker.m in Sources */ = {isa = PBXBuildFile; fileRef = 8C886C371D9E8AF1004A42BF /* ActionSheetStringPicker.m */; };
		8C886C431D9E8AF1004A42BF /* DistancePickerView.m in Sources */ = {isa = PBXBuildFile; fileRef = 8C886C391D9E8AF1004A42BF /* DistancePickerView.m */; };
		8C886C441D9E8AF1004A42BF /* SWActionSheet.m in Sources */ = {isa = PBXBuildFile; fileRef = 8C886C3B1D9E8AF1004A42BF /* SWActionSheet.m */; };
		8C916CBB1DAA5E9500D9E62B /* Document.swift in Sources */ = {isa = PBXBuildFile; fileRef = 8C916CB21DAA5E9500D9E62B /* Document.swift */; };
		8C916CBC1DAA5E9500D9E62B /* Element.swift in Sources */ = {isa = PBXBuildFile; fileRef = 8C916CB31DAA5E9500D9E62B /* Element.swift */; };
		8C916CBD1DAA5E9500D9E62B /* Error.swift in Sources */ = {isa = PBXBuildFile; fileRef = 8C916CB41DAA5E9500D9E62B /* Error.swift */; };
		8C916CBE1DAA5E9500D9E62B /* Helpers.swift in Sources */ = {isa = PBXBuildFile; fileRef = 8C916CB61DAA5E9500D9E62B /* Helpers.swift */; };
		8C916CC01DAA5E9500D9E62B /* Node.swift in Sources */ = {isa = PBXBuildFile; fileRef = 8C916CB81DAA5E9500D9E62B /* Node.swift */; };
		8C916CC11DAA5E9500D9E62B /* NodeSet.swift in Sources */ = {isa = PBXBuildFile; fileRef = 8C916CB91DAA5E9500D9E62B /* NodeSet.swift */; };
		8C916CC21DAA5E9500D9E62B /* Queryable.swift in Sources */ = {isa = PBXBuildFile; fileRef = 8C916CBA1DAA5E9500D9E62B /* Queryable.swift */; };
		8C916CC41DAA5FEB00D9E62B /* music.wav in Resources */ = {isa = PBXBuildFile; fileRef = 8C916CC31DAA5FEB00D9E62B /* music.wav */; };
		8C916CC61DAB1E6000D9E62B /* tap.wav in Resources */ = {isa = PBXBuildFile; fileRef = 8C916CC51DAB1E6000D9E62B /* tap.wav */; };
		8C916CCE1DAB35FC00D9E62B /* solved.wav in Resources */ = {isa = PBXBuildFile; fileRef = 8C916CCD1DAB35FC00D9E62B /* solved.wav */; };
		8C9F43DB1D771915000139FC /* AppDelegate.swift in Sources */ = {isa = PBXBuildFile; fileRef = 8C9F43DA1D771915000139FC /* AppDelegate.swift */; };
		8C9F43E41D771915000139FC /* Assets.xcassets in Resources */ = {isa = PBXBuildFile; fileRef = 8C9F43E31D771915000139FC /* Assets.xcassets */; };
		8C9F43E71D771915000139FC /* LaunchScreen.storyboard in Resources */ = {isa = PBXBuildFile; fileRef = 8C9F43E51D771915000139FC /* LaunchScreen.storyboard */; };
		8C9F43F21D771915000139FC /* LogicPuzzlesSwiftTests.swift in Sources */ = {isa = PBXBuildFile; fileRef = 8C9F43F11D771915000139FC /* LogicPuzzlesSwiftTests.swift */; };
		8C9F43FD1D771915000139FC /* LogicPuzzlesSwiftUITests.swift in Sources */ = {isa = PBXBuildFile; fileRef = 8C9F43FC1D771915000139FC /* LogicPuzzlesSwiftUITests.swift */; };
		8CCF1C021D8E1DB100AB6594 /* lightbulb.png in Resources */ = {isa = PBXBuildFile; fileRef = 8CCF1C011D8E1DB000AB6594 /* lightbulb.png */; };
/* End PBXBuildFile section */

/* Begin PBXContainerItemProxy section */
		8C1D16B91DB8DE940056D407 /* PBXContainerItemProxy */ = {
			isa = PBXContainerItemProxy;
			containerPortal = 8C1D16AA1DB8DE930056D407 /* Tests.xcodeproj */;
			proxyType = 2;
			remoteGlobalIDString = 7B2BBC801C779D720067B71D;
			remoteInfo = Tests;
		};
		8C9F43EE1D771915000139FC /* PBXContainerItemProxy */ = {
			isa = PBXContainerItemProxy;
			containerPortal = 8C9F43CF1D771915000139FC /* Project object */;
			proxyType = 1;
			remoteGlobalIDString = 8C9F43D61D771915000139FC;
			remoteInfo = LogicPuzzlesSwift;
		};
		8C9F43F91D771915000139FC /* PBXContainerItemProxy */ = {
			isa = PBXContainerItemProxy;
			containerPortal = 8C9F43CF1D771915000139FC /* Project object */;
			proxyType = 1;
			remoteGlobalIDString = 8C9F43D61D771915000139FC;
			remoteInfo = LogicPuzzlesSwift;
		};
/* End PBXContainerItemProxy section */

/* Begin PBXCopyFilesBuildPhase section */
		8C21641F1D8FBE9F00A39B47 /* Embed Frameworks */ = {
			isa = PBXCopyFilesBuildPhase;
			buildActionMask = 2147483647;
			dstPath = "";
			dstSubfolderSpec = 10;
			files = (
				8C31FE6F1D90E415008793BF /* SharkORM.framework in Embed Frameworks */,
			);
			name = "Embed Frameworks";
			runOnlyForDeploymentPostprocessing = 0;
		};
/* End PBXCopyFilesBuildPhase section */

/* Begin PBXFileReference section */
		8C1D169C1DB8DE930056D407 /* BreadthFirstSearch.playground */ = {isa = PBXFileReference; lastKnownFileType = file.playground; path = BreadthFirstSearch.playground; sourceTree = "<group>"; };
		8C1D169D1DB8DE930056D407 /* BreadthFirstSearch.swift */ = {isa = PBXFileReference; fileEncoding = 4; lastKnownFileType = sourcecode.swift; path = BreadthFirstSearch.swift; sourceTree = "<group>"; };
		8C1D169F1DB8DE930056D407 /* AnimatedExample.gif */ = {isa = PBXFileReference; lastKnownFileType = image.gif; path = AnimatedExample.gif; sourceTree = "<group>"; };
		8C1D16A01DB8DE930056D407 /* AnimatedExample.graffle */ = {isa = PBXFileReference; lastKnownFileType = file; path = AnimatedExample.graffle; sourceTree = "<group>"; };
		8C1D16A11DB8DE930056D407 /* AnimatedExample.psd */ = {isa = PBXFileReference; lastKnownFileType = file; path = AnimatedExample.psd; sourceTree = "<group>"; };
		8C1D16A21DB8DE930056D407 /* TraversalTree.graffle */ = {isa = PBXFileReference; lastKnownFileType = file; path = TraversalTree.graffle; sourceTree = "<group>"; };
		8C1D16A31DB8DE930056D407 /* TraversalTree.png */ = {isa = PBXFileReference; lastKnownFileType = image.png; path = TraversalTree.png; sourceTree = "<group>"; };
		8C1D16A41DB8DE930056D407 /* README.markdown */ = {isa = PBXFileReference; fileEncoding = 4; lastKnownFileType = net.daringfireball.markdown; path = README.markdown; sourceTree = "<group>"; };
		8C1D16A61DB8DE930056D407 /* BreadthFirstSearchTests.swift */ = {isa = PBXFileReference; fileEncoding = 4; lastKnownFileType = sourcecode.swift; path = BreadthFirstSearchTests.swift; sourceTree = "<group>"; };
		8C1D16A71DB8DE930056D407 /* Graph.swift */ = {isa = PBXFileReference; fileEncoding = 4; lastKnownFileType = sourcecode.swift; path = Graph.swift; sourceTree = "<group>"; };
		8C1D16A81DB8DE930056D407 /* Info.plist */ = {isa = PBXFileReference; fileEncoding = 4; lastKnownFileType = text.plist.xml; path = Info.plist; sourceTree = "<group>"; };
		8C1D16A91DB8DE930056D407 /* Queue.swift */ = {isa = PBXFileReference; fileEncoding = 4; lastKnownFileType = sourcecode.swift; path = Queue.swift; sourceTree = "<group>"; };
		8C1D16AA1DB8DE930056D407 /* Tests.xcodeproj */ = {isa = PBXFileReference; lastKnownFileType = "wrapper.pb-project"; path = Tests.xcodeproj; sourceTree = "<group>"; };
		8C31FE6D1D90E415008793BF /* SharkORM.framework */ = {isa = PBXFileReference; explicitFileType = wrapper.framework; path = SharkORM.framework; sourceTree = BUILT_PRODUCTS_DIR; };
		8C6ACC181DD204420075F32C /* GameObject.swift */ = {isa = PBXFileReference; fileEncoding = 4; lastKnownFileType = sourcecode.swift; path = GameObject.swift; sourceTree = "<group>"; };
		8C6D37331DC421180052202C /* HomeDocument.swift */ = {isa = PBXFileReference; fileEncoding = 4; lastKnownFileType = sourcecode.swift; path = HomeDocument.swift; sourceTree = "<group>"; };
		8C6D37341DC421180052202C /* HomeMainViewController.swift */ = {isa = PBXFileReference; fileEncoding = 4; lastKnownFileType = sourcecode.swift; path = HomeMainViewController.swift; sourceTree = "<group>"; };
		8C6D37351DC421180052202C /* HomeMixin.swift */ = {isa = PBXFileReference; fileEncoding = 4; lastKnownFileType = sourcecode.swift; path = HomeMixin.swift; sourceTree = "<group>"; };
		8C6D37361DC421180052202C /* HomeOptionsViewController.swift */ = {isa = PBXFileReference; fileEncoding = 4; lastKnownFileType = sourcecode.swift; path = HomeOptionsViewController.swift; sourceTree = "<group>"; };
		8C6D37371DC421180052202C /* HomeTables.swift */ = {isa = PBXFileReference; fileEncoding = 4; lastKnownFileType = sourcecode.swift; path = HomeTables.swift; sourceTree = "<group>"; };
		8C6D373E1DC421980052202C /* Base */ = {isa = PBXFileReference; lastKnownFileType = file.storyboard; name = Base; path = LogicPuzzlesSwift/Base.lproj/Home.storyboard; sourceTree = SOURCE_ROOT; };
		8C6D37421DC42F0A0052202C /* BridgesDocument.swift */ = {isa = PBXFileReference; fileEncoding = 4; lastKnownFileType = sourcecode.swift; path = BridgesDocument.swift; sourceTree = "<group>"; };
		8C6D37431DC42F0A0052202C /* BridgesGame.swift */ = {isa = PBXFileReference; fileEncoding = 4; lastKnownFileType = sourcecode.swift; path = BridgesGame.swift; sourceTree = "<group>"; };
		8C6D37441DC42F0A0052202C /* BridgesGameScene.swift */ = {isa = PBXFileReference; fileEncoding = 4; lastKnownFileType = sourcecode.swift; path = BridgesGameScene.swift; sourceTree = "<group>"; };
		8C6D37451DC42F0A0052202C /* BridgesGameState.swift */ = {isa = PBXFileReference; fileEncoding = 4; lastKnownFileType = sourcecode.swift; path = BridgesGameState.swift; sourceTree = "<group>"; };
		8C6D37461DC42F0A0052202C /* BridgesGameViewController.swift */ = {isa = PBXFileReference; fileEncoding = 4; lastKnownFileType = sourcecode.swift; path = BridgesGameViewController.swift; sourceTree = "<group>"; };
		8C6D37471DC42F0A0052202C /* BridgesGridNode.swift */ = {isa = PBXFileReference; fileEncoding = 4; lastKnownFileType = sourcecode.swift; path = BridgesGridNode.swift; sourceTree = "<group>"; };
		8C6D37481DC42F0A0052202C /* BridgesLevels.xml */ = {isa = PBXFileReference; fileEncoding = 4; lastKnownFileType = text.xml; path = BridgesLevels.xml; sourceTree = "<group>"; };
		8C6D37491DC42F0A0052202C /* BridgesMainViewController.swift */ = {isa = PBXFileReference; fileEncoding = 4; lastKnownFileType = sourcecode.swift; path = BridgesMainViewController.swift; sourceTree = "<group>"; };
		8C6D374A1DC42F0A0052202C /* BridgesMixin.swift */ = {isa = PBXFileReference; fileEncoding = 4; lastKnownFileType = sourcecode.swift; path = BridgesMixin.swift; sourceTree = "<group>"; };
		8C6D374B1DC42F0A0052202C /* BridgesObject.swift */ = {isa = PBXFileReference; fileEncoding = 4; lastKnownFileType = sourcecode.swift; path = BridgesObject.swift; sourceTree = "<group>"; };
		8C6D374C1DC42F0A0052202C /* BridgesOptionsViewController.swift */ = {isa = PBXFileReference; fileEncoding = 4; lastKnownFileType = sourcecode.swift; path = BridgesOptionsViewController.swift; sourceTree = "<group>"; };
		8C6D374D1DC42F0A0052202C /* BridgesTables.swift */ = {isa = PBXFileReference; fileEncoding = 4; lastKnownFileType = sourcecode.swift; path = BridgesTables.swift; sourceTree = "<group>"; };
		8C6D374F1DC42F0A0052202C /* CloudsDocument.swift */ = {isa = PBXFileReference; fileEncoding = 4; lastKnownFileType = sourcecode.swift; path = CloudsDocument.swift; sourceTree = "<group>"; };
		8C6D37501DC42F0A0052202C /* CloudsGame.swift */ = {isa = PBXFileReference; fileEncoding = 4; lastKnownFileType = sourcecode.swift; path = CloudsGame.swift; sourceTree = "<group>"; };
		8C6D37511DC42F0A0052202C /* CloudsGameScene.swift */ = {isa = PBXFileReference; fileEncoding = 4; lastKnownFileType = sourcecode.swift; path = CloudsGameScene.swift; sourceTree = "<group>"; };
		8C6D37521DC42F0A0052202C /* CloudsGameState.swift */ = {isa = PBXFileReference; fileEncoding = 4; lastKnownFileType = sourcecode.swift; path = CloudsGameState.swift; sourceTree = "<group>"; };
		8C6D37531DC42F0A0052202C /* CloudsGameViewController.swift */ = {isa = PBXFileReference; fileEncoding = 4; lastKnownFileType = sourcecode.swift; path = CloudsGameViewController.swift; sourceTree = "<group>"; };
		8C6D37541DC42F0A0052202C /* CloudsGridNode.swift */ = {isa = PBXFileReference; fileEncoding = 4; lastKnownFileType = sourcecode.swift; path = CloudsGridNode.swift; sourceTree = "<group>"; };
		8C6D37551DC42F0A0052202C /* CloudsLevels.xml */ = {isa = PBXFileReference; fileEncoding = 4; lastKnownFileType = text.xml; path = CloudsLevels.xml; sourceTree = "<group>"; };
		8C6D37561DC42F0A0052202C /* CloudsMainViewController.swift */ = {isa = PBXFileReference; fileEncoding = 4; lastKnownFileType = sourcecode.swift; path = CloudsMainViewController.swift; sourceTree = "<group>"; };
		8C6D37571DC42F0A0052202C /* CloudsMixin.swift */ = {isa = PBXFileReference; fileEncoding = 4; lastKnownFileType = sourcecode.swift; path = CloudsMixin.swift; sourceTree = "<group>"; };
		8C6D37581DC42F0A0052202C /* CloudsObject.swift */ = {isa = PBXFileReference; fileEncoding = 4; lastKnownFileType = sourcecode.swift; path = CloudsObject.swift; sourceTree = "<group>"; };
		8C6D37591DC42F0A0052202C /* CloudsOptionsViewController.swift */ = {isa = PBXFileReference; fileEncoding = 4; lastKnownFileType = sourcecode.swift; path = CloudsOptionsViewController.swift; sourceTree = "<group>"; };
		8C6D375A1DC42F0A0052202C /* CloudsTables.swift */ = {isa = PBXFileReference; fileEncoding = 4; lastKnownFileType = sourcecode.swift; path = CloudsTables.swift; sourceTree = "<group>"; };
		8C6D375C1DC42F0A0052202C /* HitoriDocument.swift */ = {isa = PBXFileReference; fileEncoding = 4; lastKnownFileType = sourcecode.swift; path = HitoriDocument.swift; sourceTree = "<group>"; };
		8C6D375D1DC42F0A0052202C /* HitoriGame.swift */ = {isa = PBXFileReference; fileEncoding = 4; lastKnownFileType = sourcecode.swift; path = HitoriGame.swift; sourceTree = "<group>"; };
		8C6D375E1DC42F0A0052202C /* HitoriGameScene.swift */ = {isa = PBXFileReference; fileEncoding = 4; lastKnownFileType = sourcecode.swift; path = HitoriGameScene.swift; sourceTree = "<group>"; };
		8C6D375F1DC42F0A0052202C /* HitoriGameState.swift */ = {isa = PBXFileReference; fileEncoding = 4; lastKnownFileType = sourcecode.swift; path = HitoriGameState.swift; sourceTree = "<group>"; };
		8C6D37601DC42F0A0052202C /* HitoriGameViewController.swift */ = {isa = PBXFileReference; fileEncoding = 4; lastKnownFileType = sourcecode.swift; path = HitoriGameViewController.swift; sourceTree = "<group>"; };
		8C6D37611DC42F0A0052202C /* HitoriGridNode.swift */ = {isa = PBXFileReference; fileEncoding = 4; lastKnownFileType = sourcecode.swift; path = HitoriGridNode.swift; sourceTree = "<group>"; };
		8C6D37621DC42F0A0052202C /* HitoriLevels.xml */ = {isa = PBXFileReference; fileEncoding = 4; lastKnownFileType = text.xml; path = HitoriLevels.xml; sourceTree = "<group>"; };
		8C6D37631DC42F0A0052202C /* HitoriMainViewController.swift */ = {isa = PBXFileReference; fileEncoding = 4; lastKnownFileType = sourcecode.swift; path = HitoriMainViewController.swift; sourceTree = "<group>"; };
		8C6D37641DC42F0A0052202C /* HitoriMixin.swift */ = {isa = PBXFileReference; fileEncoding = 4; lastKnownFileType = sourcecode.swift; path = HitoriMixin.swift; sourceTree = "<group>"; };
		8C6D37651DC42F0A0052202C /* HitoriObject.swift */ = {isa = PBXFileReference; fileEncoding = 4; lastKnownFileType = sourcecode.swift; path = HitoriObject.swift; sourceTree = "<group>"; };
		8C6D37661DC42F0A0052202C /* HitoriOptionsViewController.swift */ = {isa = PBXFileReference; fileEncoding = 4; lastKnownFileType = sourcecode.swift; path = HitoriOptionsViewController.swift; sourceTree = "<group>"; };
		8C6D37671DC42F0A0052202C /* HitoriTables.swift */ = {isa = PBXFileReference; fileEncoding = 4; lastKnownFileType = sourcecode.swift; path = HitoriTables.swift; sourceTree = "<group>"; };
		8C6D37691DC42F0A0052202C /* LightUpDocument.swift */ = {isa = PBXFileReference; fileEncoding = 4; lastKnownFileType = sourcecode.swift; path = LightUpDocument.swift; sourceTree = "<group>"; };
		8C6D376A1DC42F0A0052202C /* LightUpGame.swift */ = {isa = PBXFileReference; fileEncoding = 4; lastKnownFileType = sourcecode.swift; path = LightUpGame.swift; sourceTree = "<group>"; };
		8C6D376B1DC42F0A0052202C /* LightUpGameScene.swift */ = {isa = PBXFileReference; fileEncoding = 4; lastKnownFileType = sourcecode.swift; path = LightUpGameScene.swift; sourceTree = "<group>"; };
		8C6D376C1DC42F0A0052202C /* LightUpGameState.swift */ = {isa = PBXFileReference; fileEncoding = 4; lastKnownFileType = sourcecode.swift; path = LightUpGameState.swift; sourceTree = "<group>"; };
		8C6D376D1DC42F0A0052202C /* LightUpGameViewController.swift */ = {isa = PBXFileReference; fileEncoding = 4; lastKnownFileType = sourcecode.swift; path = LightUpGameViewController.swift; sourceTree = "<group>"; };
		8C6D376E1DC42F0A0052202C /* LightUpGridNode.swift */ = {isa = PBXFileReference; fileEncoding = 4; lastKnownFileType = sourcecode.swift; path = LightUpGridNode.swift; sourceTree = "<group>"; };
		8C6D376F1DC42F0A0052202C /* LightUpLevels.xml */ = {isa = PBXFileReference; fileEncoding = 4; lastKnownFileType = text.xml; path = LightUpLevels.xml; sourceTree = "<group>"; };
		8C6D37701DC42F0A0052202C /* LightUpMainViewController.swift */ = {isa = PBXFileReference; fileEncoding = 4; lastKnownFileType = sourcecode.swift; path = LightUpMainViewController.swift; sourceTree = "<group>"; };
		8C6D37711DC42F0A0052202C /* LightUpMixin.swift */ = {isa = PBXFileReference; fileEncoding = 4; lastKnownFileType = sourcecode.swift; path = LightUpMixin.swift; sourceTree = "<group>"; };
		8C6D37721DC42F0A0052202C /* LightUpObject.swift */ = {isa = PBXFileReference; fileEncoding = 4; lastKnownFileType = sourcecode.swift; path = LightUpObject.swift; sourceTree = "<group>"; };
		8C6D37731DC42F0A0052202C /* LightUpOptionsViewController.swift */ = {isa = PBXFileReference; fileEncoding = 4; lastKnownFileType = sourcecode.swift; path = LightUpOptionsViewController.swift; sourceTree = "<group>"; };
		8C6D37741DC42F0A0052202C /* LightUpTables.swift */ = {isa = PBXFileReference; fileEncoding = 4; lastKnownFileType = sourcecode.swift; path = LightUpTables.swift; sourceTree = "<group>"; };
		8C6D37761DC42F0A0052202C /* SlitherLinkDocument.swift */ = {isa = PBXFileReference; fileEncoding = 4; lastKnownFileType = sourcecode.swift; path = SlitherLinkDocument.swift; sourceTree = "<group>"; };
		8C6D37771DC42F0A0052202C /* SlitherLinkGame.swift */ = {isa = PBXFileReference; fileEncoding = 4; lastKnownFileType = sourcecode.swift; path = SlitherLinkGame.swift; sourceTree = "<group>"; };
		8C6D37781DC42F0A0052202C /* SlitherLinkGameScene.swift */ = {isa = PBXFileReference; fileEncoding = 4; lastKnownFileType = sourcecode.swift; path = SlitherLinkGameScene.swift; sourceTree = "<group>"; };
		8C6D37791DC42F0A0052202C /* SlitherLinkGameState.swift */ = {isa = PBXFileReference; fileEncoding = 4; lastKnownFileType = sourcecode.swift; path = SlitherLinkGameState.swift; sourceTree = "<group>"; };
		8C6D377A1DC42F0A0052202C /* SlitherLinkGameViewController.swift */ = {isa = PBXFileReference; fileEncoding = 4; lastKnownFileType = sourcecode.swift; path = SlitherLinkGameViewController.swift; sourceTree = "<group>"; };
		8C6D377B1DC42F0A0052202C /* SlitherLinkGridNode.swift */ = {isa = PBXFileReference; fileEncoding = 4; lastKnownFileType = sourcecode.swift; path = SlitherLinkGridNode.swift; sourceTree = "<group>"; };
		8C6D377C1DC42F0A0052202C /* SlitherLinkLevels.xml */ = {isa = PBXFileReference; fileEncoding = 4; lastKnownFileType = text.xml; path = SlitherLinkLevels.xml; sourceTree = "<group>"; };
		8C6D377D1DC42F0A0052202C /* SlitherLinkMainViewController.swift */ = {isa = PBXFileReference; fileEncoding = 4; lastKnownFileType = sourcecode.swift; path = SlitherLinkMainViewController.swift; sourceTree = "<group>"; };
		8C6D377E1DC42F0A0052202C /* SlitherLinkMixin.swift */ = {isa = PBXFileReference; fileEncoding = 4; lastKnownFileType = sourcecode.swift; path = SlitherLinkMixin.swift; sourceTree = "<group>"; };
		8C6D377F1DC42F0A0052202C /* SlitherLinkObject.swift */ = {isa = PBXFileReference; fileEncoding = 4; lastKnownFileType = sourcecode.swift; path = SlitherLinkObject.swift; sourceTree = "<group>"; };
		8C6D37801DC42F0A0052202C /* SlitherLinkOptionsViewController.swift */ = {isa = PBXFileReference; fileEncoding = 4; lastKnownFileType = sourcecode.swift; path = SlitherLinkOptionsViewController.swift; sourceTree = "<group>"; };
		8C6D37811DC42F0A0052202C /* SlitherLinkTables.swift */ = {isa = PBXFileReference; fileEncoding = 4; lastKnownFileType = sourcecode.swift; path = SlitherLinkTables.swift; sourceTree = "<group>"; };
		8C6D37BF1DC42F3B0052202C /* Base */ = {isa = PBXFileReference; lastKnownFileType = file.storyboard; name = Base; path = LogicPuzzlesSwift/Base.lproj/Bridges.storyboard; sourceTree = SOURCE_ROOT; };
		8C6D37C21DC42F450052202C /* Base */ = {isa = PBXFileReference; lastKnownFileType = file.storyboard; name = Base; path = LogicPuzzlesSwift/Base.lproj/Clouds.storyboard; sourceTree = SOURCE_ROOT; };
		8C6D37C51DC42F540052202C /* Base */ = {isa = PBXFileReference; lastKnownFileType = file.storyboard; name = Base; path = LogicPuzzlesSwift/Base.lproj/Hitori.storyboard; sourceTree = SOURCE_ROOT; };
		8C6D37C81DC42F640052202C /* Base */ = {isa = PBXFileReference; lastKnownFileType = file.storyboard; name = Base; path = LogicPuzzlesSwift/Base.lproj/LightUp.storyboard; sourceTree = SOURCE_ROOT; };
		8C6D37CB1DC42F6D0052202C /* Base */ = {isa = PBXFileReference; lastKnownFileType = file.storyboard; name = Base; path = LogicPuzzlesSwift/Base.lproj/SlitherLink.storyboard; sourceTree = SOURCE_ROOT; };
		8C6D37CF1DC42FA40052202C /* GameDocument.swift */ = {isa = PBXFileReference; fileEncoding = 4; lastKnownFileType = sourcecode.swift; path = GameDocument.swift; sourceTree = "<group>"; };
		8C6D37D01DC42FA40052202C /* Game.swift */ = {isa = PBXFileReference; fileEncoding = 4; lastKnownFileType = sourcecode.swift; path = Game.swift; sourceTree = "<group>"; };
		8C6D37D21DC42FA40052202C /* GameState.swift */ = {isa = PBXFileReference; fileEncoding = 4; lastKnownFileType = sourcecode.swift; path = GameState.swift; sourceTree = "<group>"; };
		8C6D37D31DC42FA40052202C /* GameViewController.swift */ = {isa = PBXFileReference; fileEncoding = 4; lastKnownFileType = sourcecode.swift; path = GameViewController.swift; sourceTree = "<group>"; };
		8C6D37D41DC42FA40052202C /* GridNode.swift */ = {isa = PBXFileReference; fileEncoding = 4; lastKnownFileType = sourcecode.swift; path = GridNode.swift; sourceTree = "<group>"; };
		8C6D37D61DC42FA40052202C /* MainViewController.swift */ = {isa = PBXFileReference; fileEncoding = 4; lastKnownFileType = sourcecode.swift; path = MainViewController.swift; sourceTree = "<group>"; };
		8C6D37D71DC42FA40052202C /* GameMixin.swift */ = {isa = PBXFileReference; fileEncoding = 4; lastKnownFileType = sourcecode.swift; path = GameMixin.swift; sourceTree = "<group>"; };
		8C6D37D91DC42FA40052202C /* OptionsViewController.swift */ = {isa = PBXFileReference; fileEncoding = 4; lastKnownFileType = sourcecode.swift; path = OptionsViewController.swift; sourceTree = "<group>"; };
		8C6D37E91DC59EE50052202C /* GameScene.swift */ = {isa = PBXFileReference; fileEncoding = 4; lastKnownFileType = sourcecode.swift; path = GameScene.swift; sourceTree = "<group>"; };
		8C6D37EC1DC5A2F50052202C /* Copyable.swift */ = {isa = PBXFileReference; fileEncoding = 4; lastKnownFileType = sourcecode.swift; path = Copyable.swift; sourceTree = "<group>"; };
		8C6D37F21DC5AC310052202C /* SoundManager.swift */ = {isa = PBXFileReference; fileEncoding = 4; lastKnownFileType = sourcecode.swift; path = SoundManager.swift; sourceTree = "<group>"; };
		8C6D37F41DC5AC520052202C /* Position.swift */ = {isa = PBXFileReference; fileEncoding = 4; lastKnownFileType = sourcecode.swift; path = Position.swift; sourceTree = "<group>"; };
		8C7EF0561DD297D100D1DE94 /* NurikabeDocument.swift */ = {isa = PBXFileReference; fileEncoding = 4; lastKnownFileType = sourcecode.swift; path = NurikabeDocument.swift; sourceTree = "<group>"; };
		8C7EF0571DD297D100D1DE94 /* NurikabeGame.swift */ = {isa = PBXFileReference; fileEncoding = 4; lastKnownFileType = sourcecode.swift; path = NurikabeGame.swift; sourceTree = "<group>"; };
		8C7EF0581DD297D100D1DE94 /* NurikabeGameScene.swift */ = {isa = PBXFileReference; fileEncoding = 4; lastKnownFileType = sourcecode.swift; path = NurikabeGameScene.swift; sourceTree = "<group>"; };
		8C7EF0591DD297D100D1DE94 /* NurikabeGameState.swift */ = {isa = PBXFileReference; fileEncoding = 4; lastKnownFileType = sourcecode.swift; path = NurikabeGameState.swift; sourceTree = "<group>"; };
		8C7EF05A1DD297D100D1DE94 /* NurikabeGameViewController.swift */ = {isa = PBXFileReference; fileEncoding = 4; lastKnownFileType = sourcecode.swift; path = NurikabeGameViewController.swift; sourceTree = "<group>"; };
		8C7EF05B1DD297D100D1DE94 /* NurikabeGridNode.swift */ = {isa = PBXFileReference; fileEncoding = 4; lastKnownFileType = sourcecode.swift; path = NurikabeGridNode.swift; sourceTree = "<group>"; };
		8C7EF05C1DD297D100D1DE94 /* NurikabeLevels.xml */ = {isa = PBXFileReference; fileEncoding = 4; lastKnownFileType = text.xml; path = NurikabeLevels.xml; sourceTree = "<group>"; };
		8C7EF05D1DD297D100D1DE94 /* NurikabeMainViewController.swift */ = {isa = PBXFileReference; fileEncoding = 4; lastKnownFileType = sourcecode.swift; path = NurikabeMainViewController.swift; sourceTree = "<group>"; };
		8C7EF05E1DD297D100D1DE94 /* NurikabeMixin.swift */ = {isa = PBXFileReference; fileEncoding = 4; lastKnownFileType = sourcecode.swift; path = NurikabeMixin.swift; sourceTree = "<group>"; };
		8C7EF05F1DD297D100D1DE94 /* NurikabeObject.swift */ = {isa = PBXFileReference; fileEncoding = 4; lastKnownFileType = sourcecode.swift; path = NurikabeObject.swift; sourceTree = "<group>"; };
		8C7EF0601DD297D100D1DE94 /* NurikabeOptionsViewController.swift */ = {isa = PBXFileReference; fileEncoding = 4; lastKnownFileType = sourcecode.swift; path = NurikabeOptionsViewController.swift; sourceTree = "<group>"; };
		8C7EF0611DD297D100D1DE94 /* NurikabeTables.swift */ = {isa = PBXFileReference; fileEncoding = 4; lastKnownFileType = sourcecode.swift; path = NurikabeTables.swift; sourceTree = "<group>"; };
		8C7EF0701DD297F000D1DE94 /* Base */ = {isa = PBXFileReference; lastKnownFileType = file.storyboard; name = Base; path = LogicPuzzlesSwift/Base.lproj/Nurikabe.storyboard; sourceTree = SOURCE_ROOT; };
		8C886C281D9E8AF0004A42BF /* AbstractActionSheetPicker.h */ = {isa = PBXFileReference; fileEncoding = 4; lastKnownFileType = sourcecode.c.h; path = AbstractActionSheetPicker.h; sourceTree = "<group>"; };
		8C886C291D9E8AF0004A42BF /* AbstractActionSheetPicker.m */ = {isa = PBXFileReference; fileEncoding = 4; lastKnownFileType = sourcecode.c.objc; path = AbstractActionSheetPicker.m; sourceTree = "<group>"; };
		8C886C2A1D9E8AF0004A42BF /* ActionSheetCustomPicker.h */ = {isa = PBXFileReference; fileEncoding = 4; lastKnownFileType = sourcecode.c.h; path = ActionSheetCustomPicker.h; sourceTree = "<group>"; };
		8C886C2B1D9E8AF0004A42BF /* ActionSheetCustomPicker.m */ = {isa = PBXFileReference; fileEncoding = 4; lastKnownFileType = sourcecode.c.objc; path = ActionSheetCustomPicker.m; sourceTree = "<group>"; };
		8C886C2C1D9E8AF0004A42BF /* ActionSheetCustomPickerDelegate.h */ = {isa = PBXFileReference; fileEncoding = 4; lastKnownFileType = sourcecode.c.h; path = ActionSheetCustomPickerDelegate.h; sourceTree = "<group>"; };
		8C886C2D1D9E8AF0004A42BF /* ActionSheetDatePicker.h */ = {isa = PBXFileReference; fileEncoding = 4; lastKnownFileType = sourcecode.c.h; path = ActionSheetDatePicker.h; sourceTree = "<group>"; };
		8C886C2E1D9E8AF0004A42BF /* ActionSheetDatePicker.m */ = {isa = PBXFileReference; fileEncoding = 4; lastKnownFileType = sourcecode.c.objc; path = ActionSheetDatePicker.m; sourceTree = "<group>"; };
		8C886C2F1D9E8AF0004A42BF /* ActionSheetDistancePicker.h */ = {isa = PBXFileReference; fileEncoding = 4; lastKnownFileType = sourcecode.c.h; path = ActionSheetDistancePicker.h; sourceTree = "<group>"; };
		8C886C301D9E8AF0004A42BF /* ActionSheetDistancePicker.m */ = {isa = PBXFileReference; fileEncoding = 4; lastKnownFileType = sourcecode.c.objc; path = ActionSheetDistancePicker.m; sourceTree = "<group>"; };
		8C886C311D9E8AF0004A42BF /* ActionSheetLocalePicker.h */ = {isa = PBXFileReference; fileEncoding = 4; lastKnownFileType = sourcecode.c.h; path = ActionSheetLocalePicker.h; sourceTree = "<group>"; };
		8C886C321D9E8AF0004A42BF /* ActionSheetLocalePicker.m */ = {isa = PBXFileReference; fileEncoding = 4; lastKnownFileType = sourcecode.c.objc; path = ActionSheetLocalePicker.m; sourceTree = "<group>"; };
		8C886C331D9E8AF0004A42BF /* ActionSheetMultipleStringPicker.h */ = {isa = PBXFileReference; fileEncoding = 4; lastKnownFileType = sourcecode.c.h; path = ActionSheetMultipleStringPicker.h; sourceTree = "<group>"; };
		8C886C341D9E8AF0004A42BF /* ActionSheetMultipleStringPicker.m */ = {isa = PBXFileReference; fileEncoding = 4; lastKnownFileType = sourcecode.c.objc; path = ActionSheetMultipleStringPicker.m; sourceTree = "<group>"; };
		8C886C351D9E8AF1004A42BF /* ActionSheetPicker.h */ = {isa = PBXFileReference; fileEncoding = 4; lastKnownFileType = sourcecode.c.h; path = ActionSheetPicker.h; sourceTree = "<group>"; };
		8C886C361D9E8AF1004A42BF /* ActionSheetStringPicker.h */ = {isa = PBXFileReference; fileEncoding = 4; lastKnownFileType = sourcecode.c.h; path = ActionSheetStringPicker.h; sourceTree = "<group>"; };
		8C886C371D9E8AF1004A42BF /* ActionSheetStringPicker.m */ = {isa = PBXFileReference; fileEncoding = 4; lastKnownFileType = sourcecode.c.objc; path = ActionSheetStringPicker.m; sourceTree = "<group>"; };
		8C886C381D9E8AF1004A42BF /* DistancePickerView.h */ = {isa = PBXFileReference; fileEncoding = 4; lastKnownFileType = sourcecode.c.h; path = DistancePickerView.h; sourceTree = "<group>"; };
		8C886C391D9E8AF1004A42BF /* DistancePickerView.m */ = {isa = PBXFileReference; fileEncoding = 4; lastKnownFileType = sourcecode.c.objc; path = DistancePickerView.m; sourceTree = "<group>"; };
		8C886C3A1D9E8AF1004A42BF /* SWActionSheet.h */ = {isa = PBXFileReference; fileEncoding = 4; lastKnownFileType = sourcecode.c.h; path = SWActionSheet.h; sourceTree = "<group>"; };
		8C886C3B1D9E8AF1004A42BF /* SWActionSheet.m */ = {isa = PBXFileReference; fileEncoding = 4; lastKnownFileType = sourcecode.c.objc; path = SWActionSheet.m; sourceTree = "<group>"; };
		8C886C451D9E8B72004A42BF /* LogicPuzzlesSwift-Bridging-Header.h */ = {isa = PBXFileReference; lastKnownFileType = sourcecode.c.h; path = "LogicPuzzlesSwift-Bridging-Header.h"; sourceTree = SOURCE_ROOT; };
		8C916CB21DAA5E9500D9E62B /* Document.swift */ = {isa = PBXFileReference; fileEncoding = 4; lastKnownFileType = sourcecode.swift; path = Document.swift; sourceTree = "<group>"; };
		8C916CB31DAA5E9500D9E62B /* Element.swift */ = {isa = PBXFileReference; fileEncoding = 4; lastKnownFileType = sourcecode.swift; path = Element.swift; sourceTree = "<group>"; };
		8C916CB41DAA5E9500D9E62B /* Error.swift */ = {isa = PBXFileReference; fileEncoding = 4; lastKnownFileType = sourcecode.swift; path = Error.swift; sourceTree = "<group>"; };
		8C916CB51DAA5E9500D9E62B /* Fuzi.h */ = {isa = PBXFileReference; fileEncoding = 4; lastKnownFileType = sourcecode.c.h; path = Fuzi.h; sourceTree = "<group>"; };
		8C916CB61DAA5E9500D9E62B /* Helpers.swift */ = {isa = PBXFileReference; fileEncoding = 4; lastKnownFileType = sourcecode.swift; path = Helpers.swift; sourceTree = "<group>"; };
		8C916CB71DAA5E9500D9E62B /* Info.plist */ = {isa = PBXFileReference; fileEncoding = 4; lastKnownFileType = text.plist.xml; path = Info.plist; sourceTree = "<group>"; };
		8C916CB81DAA5E9500D9E62B /* Node.swift */ = {isa = PBXFileReference; fileEncoding = 4; lastKnownFileType = sourcecode.swift; path = Node.swift; sourceTree = "<group>"; };
		8C916CB91DAA5E9500D9E62B /* NodeSet.swift */ = {isa = PBXFileReference; fileEncoding = 4; lastKnownFileType = sourcecode.swift; path = NodeSet.swift; sourceTree = "<group>"; };
		8C916CBA1DAA5E9500D9E62B /* Queryable.swift */ = {isa = PBXFileReference; fileEncoding = 4; lastKnownFileType = sourcecode.swift; path = Queryable.swift; sourceTree = "<group>"; };
		8C916CC31DAA5FEB00D9E62B /* music.wav */ = {isa = PBXFileReference; lastKnownFileType = audio.wav; path = music.wav; sourceTree = "<group>"; };
		8C916CC51DAB1E6000D9E62B /* tap.wav */ = {isa = PBXFileReference; lastKnownFileType = audio.wav; path = tap.wav; sourceTree = "<group>"; };
		8C916CCD1DAB35FC00D9E62B /* solved.wav */ = {isa = PBXFileReference; lastKnownFileType = audio.wav; path = solved.wav; sourceTree = "<group>"; };
		8C9F43D71D771915000139FC /* LogicPuzzlesSwift.app */ = {isa = PBXFileReference; explicitFileType = wrapper.application; includeInIndex = 0; path = LogicPuzzlesSwift.app; sourceTree = BUILT_PRODUCTS_DIR; };
		8C9F43DA1D771915000139FC /* AppDelegate.swift */ = {isa = PBXFileReference; lastKnownFileType = sourcecode.swift; path = AppDelegate.swift; sourceTree = "<group>"; };
		8C9F43E31D771915000139FC /* Assets.xcassets */ = {isa = PBXFileReference; lastKnownFileType = folder.assetcatalog; path = Assets.xcassets; sourceTree = "<group>"; };
		8C9F43E61D771915000139FC /* Base */ = {isa = PBXFileReference; lastKnownFileType = file.storyboard; name = Base; path = Base.lproj/LaunchScreen.storyboard; sourceTree = "<group>"; };
		8C9F43E81D771915000139FC /* Info.plist */ = {isa = PBXFileReference; lastKnownFileType = text.plist.xml; path = Info.plist; sourceTree = "<group>"; };
		8C9F43ED1D771915000139FC /* LogicPuzzlesSwiftTests.xctest */ = {isa = PBXFileReference; explicitFileType = wrapper.cfbundle; includeInIndex = 0; path = LogicPuzzlesSwiftTests.xctest; sourceTree = BUILT_PRODUCTS_DIR; };
		8C9F43F11D771915000139FC /* LogicPuzzlesSwiftTests.swift */ = {isa = PBXFileReference; lastKnownFileType = sourcecode.swift; path = LogicPuzzlesSwiftTests.swift; sourceTree = "<group>"; };
		8C9F43F31D771915000139FC /* Info.plist */ = {isa = PBXFileReference; lastKnownFileType = text.plist.xml; path = Info.plist; sourceTree = "<group>"; };
		8C9F43F81D771915000139FC /* LogicPuzzlesSwiftUITests.xctest */ = {isa = PBXFileReference; explicitFileType = wrapper.cfbundle; includeInIndex = 0; path = LogicPuzzlesSwiftUITests.xctest; sourceTree = BUILT_PRODUCTS_DIR; };
		8C9F43FC1D771915000139FC /* LogicPuzzlesSwiftUITests.swift */ = {isa = PBXFileReference; lastKnownFileType = sourcecode.swift; path = LogicPuzzlesSwiftUITests.swift; sourceTree = "<group>"; };
		8C9F43FE1D771915000139FC /* Info.plist */ = {isa = PBXFileReference; lastKnownFileType = text.plist.xml; path = Info.plist; sourceTree = "<group>"; };
		8CCF1C011D8E1DB000AB6594 /* lightbulb.png */ = {isa = PBXFileReference; lastKnownFileType = image.png; path = lightbulb.png; sourceTree = "<group>"; };
/* End PBXFileReference section */

/* Begin PBXFrameworksBuildPhase section */
		8C9F43D41D771915000139FC /* Frameworks */ = {
			isa = PBXFrameworksBuildPhase;
			buildActionMask = 2147483647;
			files = (
				8C31FE6E1D90E415008793BF /* SharkORM.framework in Frameworks */,
			);
			runOnlyForDeploymentPostprocessing = 0;
		};
		8C9F43EA1D771915000139FC /* Frameworks */ = {
			isa = PBXFrameworksBuildPhase;
			buildActionMask = 2147483647;
			files = (
			);
			runOnlyForDeploymentPostprocessing = 0;
		};
		8C9F43F51D771915000139FC /* Frameworks */ = {
			isa = PBXFrameworksBuildPhase;
			buildActionMask = 2147483647;
			files = (
			);
			runOnlyForDeploymentPostprocessing = 0;
		};
/* End PBXFrameworksBuildPhase section */

/* Begin PBXGroup section */
		8C1D169B1DB8DE930056D407 /* Breadth-First Search */ = {
			isa = PBXGroup;
			children = (
				8C1D169C1DB8DE930056D407 /* BreadthFirstSearch.playground */,
				8C1D169D1DB8DE930056D407 /* BreadthFirstSearch.swift */,
				8C1D169E1DB8DE930056D407 /* Images */,
				8C1D16A41DB8DE930056D407 /* README.markdown */,
				8C1D16A51DB8DE930056D407 /* Tests */,
			);
			name = "Breadth-First Search";
			path = "../../OSS/swift-algorithm-club/Breadth-First Search";
			sourceTree = "<group>";
		};
		8C1D169E1DB8DE930056D407 /* Images */ = {
			isa = PBXGroup;
			children = (
				8C1D169F1DB8DE930056D407 /* AnimatedExample.gif */,
				8C1D16A01DB8DE930056D407 /* AnimatedExample.graffle */,
				8C1D16A11DB8DE930056D407 /* AnimatedExample.psd */,
				8C1D16A21DB8DE930056D407 /* TraversalTree.graffle */,
				8C1D16A31DB8DE930056D407 /* TraversalTree.png */,
			);
			path = Images;
			sourceTree = "<group>";
		};
		8C1D16A51DB8DE930056D407 /* Tests */ = {
			isa = PBXGroup;
			children = (
				8C1D16A61DB8DE930056D407 /* BreadthFirstSearchTests.swift */,
				8C1D16A71DB8DE930056D407 /* Graph.swift */,
				8C1D16A81DB8DE930056D407 /* Info.plist */,
				8C1D16A91DB8DE930056D407 /* Queue.swift */,
				8C1D16AA1DB8DE930056D407 /* Tests.xcodeproj */,
			);
			path = Tests;
			sourceTree = "<group>";
		};
		8C1D16AB1DB8DE930056D407 /* Products */ = {
			isa = PBXGroup;
			children = (
				8C1D16BA1DB8DE940056D407 /* Tests.xctest */,
			);
			name = Products;
			sourceTree = "<group>";
		};
		8C2164131D8FB32600A39B47 /* Frameworks */ = {
			isa = PBXGroup;
			children = (
				8C31FE6D1D90E415008793BF /* SharkORM.framework */,
			);
			name = Frameworks;
			sourceTree = "<group>";
		};
		8C6D37321DC421180052202C /* Home */ = {
			isa = PBXGroup;
			children = (
				8C6D373D1DC421980052202C /* Home.storyboard */,
				8C6D37331DC421180052202C /* HomeDocument.swift */,
				8C6D37341DC421180052202C /* HomeMainViewController.swift */,
				8C6D37351DC421180052202C /* HomeMixin.swift */,
				8C6D37361DC421180052202C /* HomeOptionsViewController.swift */,
				8C6D37371DC421180052202C /* HomeTables.swift */,
				8C6D37F21DC5AC310052202C /* SoundManager.swift */,
			);
			name = Home;
			path = LogicPuzzlesSwift/Home;
			sourceTree = SOURCE_ROOT;
		};
		8C6D37401DC42F0A0052202C /* Puzzles */ = {
			isa = PBXGroup;
			children = (
				8C6D37411DC42F0A0052202C /* Bridges */,
				8C6D374E1DC42F0A0052202C /* Clouds */,
				8C6D375B1DC42F0A0052202C /* Hitori */,
				8C6D37681DC42F0A0052202C /* LightUp */,
				8C7EF0551DD297D100D1DE94 /* Nurikabe */,
				8C6D37751DC42F0A0052202C /* SlitherLink */,
			);
			path = Puzzles;
			sourceTree = "<group>";
		};
		8C6D37411DC42F0A0052202C /* Bridges */ = {
			isa = PBXGroup;
			children = (
				8C6D37BE1DC42F3B0052202C /* Bridges.storyboard */,
				8C6D37421DC42F0A0052202C /* BridgesDocument.swift */,
				8C6D37431DC42F0A0052202C /* BridgesGame.swift */,
				8C6D37441DC42F0A0052202C /* BridgesGameScene.swift */,
				8C6D37451DC42F0A0052202C /* BridgesGameState.swift */,
				8C6D37461DC42F0A0052202C /* BridgesGameViewController.swift */,
				8C6D37471DC42F0A0052202C /* BridgesGridNode.swift */,
				8C6D37481DC42F0A0052202C /* BridgesLevels.xml */,
				8C6D37491DC42F0A0052202C /* BridgesMainViewController.swift */,
				8C6D374A1DC42F0A0052202C /* BridgesMixin.swift */,
				8C6D374B1DC42F0A0052202C /* BridgesObject.swift */,
				8C6D374C1DC42F0A0052202C /* BridgesOptionsViewController.swift */,
				8C6D374D1DC42F0A0052202C /* BridgesTables.swift */,
			);
			path = Bridges;
			sourceTree = "<group>";
		};
		8C6D374E1DC42F0A0052202C /* Clouds */ = {
			isa = PBXGroup;
			children = (
				8C6D37C11DC42F450052202C /* Clouds.storyboard */,
				8C6D374F1DC42F0A0052202C /* CloudsDocument.swift */,
				8C6D37501DC42F0A0052202C /* CloudsGame.swift */,
				8C6D37511DC42F0A0052202C /* CloudsGameScene.swift */,
				8C6D37521DC42F0A0052202C /* CloudsGameState.swift */,
				8C6D37531DC42F0A0052202C /* CloudsGameViewController.swift */,
				8C6D37541DC42F0A0052202C /* CloudsGridNode.swift */,
				8C6D37551DC42F0A0052202C /* CloudsLevels.xml */,
				8C6D37561DC42F0A0052202C /* CloudsMainViewController.swift */,
				8C6D37571DC42F0A0052202C /* CloudsMixin.swift */,
				8C6D37581DC42F0A0052202C /* CloudsObject.swift */,
				8C6D37591DC42F0A0052202C /* CloudsOptionsViewController.swift */,
				8C6D375A1DC42F0A0052202C /* CloudsTables.swift */,
			);
			path = Clouds;
			sourceTree = "<group>";
		};
		8C6D375B1DC42F0A0052202C /* Hitori */ = {
			isa = PBXGroup;
			children = (
				8C6D37C41DC42F540052202C /* Hitori.storyboard */,
				8C6D375C1DC42F0A0052202C /* HitoriDocument.swift */,
				8C6D375D1DC42F0A0052202C /* HitoriGame.swift */,
				8C6D375E1DC42F0A0052202C /* HitoriGameScene.swift */,
				8C6D375F1DC42F0A0052202C /* HitoriGameState.swift */,
				8C6D37601DC42F0A0052202C /* HitoriGameViewController.swift */,
				8C6D37611DC42F0A0052202C /* HitoriGridNode.swift */,
				8C6D37621DC42F0A0052202C /* HitoriLevels.xml */,
				8C6D37631DC42F0A0052202C /* HitoriMainViewController.swift */,
				8C6D37641DC42F0A0052202C /* HitoriMixin.swift */,
				8C6D37651DC42F0A0052202C /* HitoriObject.swift */,
				8C6D37661DC42F0A0052202C /* HitoriOptionsViewController.swift */,
				8C6D37671DC42F0A0052202C /* HitoriTables.swift */,
			);
			path = Hitori;
			sourceTree = "<group>";
		};
		8C6D37681DC42F0A0052202C /* LightUp */ = {
			isa = PBXGroup;
			children = (
				8C6D37C71DC42F640052202C /* LightUp.storyboard */,
				8C6D37691DC42F0A0052202C /* LightUpDocument.swift */,
				8C6D376A1DC42F0A0052202C /* LightUpGame.swift */,
				8C6D376B1DC42F0A0052202C /* LightUpGameScene.swift */,
				8C6D376C1DC42F0A0052202C /* LightUpGameState.swift */,
				8C6D376D1DC42F0A0052202C /* LightUpGameViewController.swift */,
				8C6D376E1DC42F0A0052202C /* LightUpGridNode.swift */,
				8C6D376F1DC42F0A0052202C /* LightUpLevels.xml */,
				8C6D37701DC42F0A0052202C /* LightUpMainViewController.swift */,
				8C6D37711DC42F0A0052202C /* LightUpMixin.swift */,
				8C6D37721DC42F0A0052202C /* LightUpObject.swift */,
				8C6D37731DC42F0A0052202C /* LightUpOptionsViewController.swift */,
				8C6D37741DC42F0A0052202C /* LightUpTables.swift */,
			);
			path = LightUp;
			sourceTree = "<group>";
		};
		8C6D37751DC42F0A0052202C /* SlitherLink */ = {
			isa = PBXGroup;
			children = (
				8C6D37CA1DC42F6D0052202C /* SlitherLink.storyboard */,
				8C6D37761DC42F0A0052202C /* SlitherLinkDocument.swift */,
				8C6D37771DC42F0A0052202C /* SlitherLinkGame.swift */,
				8C6D37781DC42F0A0052202C /* SlitherLinkGameScene.swift */,
				8C6D37791DC42F0A0052202C /* SlitherLinkGameState.swift */,
				8C6D377A1DC42F0A0052202C /* SlitherLinkGameViewController.swift */,
				8C6D377B1DC42F0A0052202C /* SlitherLinkGridNode.swift */,
				8C6D377C1DC42F0A0052202C /* SlitherLinkLevels.xml */,
				8C6D377D1DC42F0A0052202C /* SlitherLinkMainViewController.swift */,
				8C6D377E1DC42F0A0052202C /* SlitherLinkMixin.swift */,
				8C6D377F1DC42F0A0052202C /* SlitherLinkObject.swift */,
				8C6D37801DC42F0A0052202C /* SlitherLinkOptionsViewController.swift */,
				8C6D37811DC42F0A0052202C /* SlitherLinkTables.swift */,
			);
			path = SlitherLink;
			sourceTree = "<group>";
		};
		8C6D37CE1DC42FA40052202C /* Common */ = {
			isa = PBXGroup;
			children = (
				8C6D37EC1DC5A2F50052202C /* Copyable.swift */,
				8C6D37D01DC42FA40052202C /* Game.swift */,
				8C6D37CF1DC42FA40052202C /* GameDocument.swift */,
				8C6D37D71DC42FA40052202C /* GameMixin.swift */,
				8C6ACC181DD204420075F32C /* GameObject.swift */,
				8C6D37E91DC59EE50052202C /* GameScene.swift */,
				8C6D37D21DC42FA40052202C /* GameState.swift */,
				8C6D37D31DC42FA40052202C /* GameViewController.swift */,
				8C6D37D41DC42FA40052202C /* GridNode.swift */,
				8C6D37D61DC42FA40052202C /* MainViewController.swift */,
				8C6D37D91DC42FA40052202C /* OptionsViewController.swift */,
				8C6D37F41DC5AC520052202C /* Position.swift */,
			);
			path = Common;
			sourceTree = "<group>";
		};
		8C7EF0551DD297D100D1DE94 /* Nurikabe */ = {
			isa = PBXGroup;
			children = (
				8C7EF06F1DD297F000D1DE94 /* Nurikabe.storyboard */,
				8C7EF0561DD297D100D1DE94 /* NurikabeDocument.swift */,
				8C7EF0571DD297D100D1DE94 /* NurikabeGame.swift */,
				8C7EF0581DD297D100D1DE94 /* NurikabeGameScene.swift */,
				8C7EF0591DD297D100D1DE94 /* NurikabeGameState.swift */,
				8C7EF05A1DD297D100D1DE94 /* NurikabeGameViewController.swift */,
				8C7EF05B1DD297D100D1DE94 /* NurikabeGridNode.swift */,
				8C7EF05C1DD297D100D1DE94 /* NurikabeLevels.xml */,
				8C7EF05D1DD297D100D1DE94 /* NurikabeMainViewController.swift */,
				8C7EF05E1DD297D100D1DE94 /* NurikabeMixin.swift */,
				8C7EF05F1DD297D100D1DE94 /* NurikabeObject.swift */,
				8C7EF0601DD297D100D1DE94 /* NurikabeOptionsViewController.swift */,
				8C7EF0611DD297D100D1DE94 /* NurikabeTables.swift */,
			);
			name = Nurikabe;
			path = LogicPuzzlesSwift/Puzzles/Nurikabe;
			sourceTree = SOURCE_ROOT;
		};
		8C886C271D9E8AF0004A42BF /* Pickers */ = {
			isa = PBXGroup;
			children = (
				8C886C281D9E8AF0004A42BF /* AbstractActionSheetPicker.h */,
				8C886C291D9E8AF0004A42BF /* AbstractActionSheetPicker.m */,
				8C886C2A1D9E8AF0004A42BF /* ActionSheetCustomPicker.h */,
				8C886C2B1D9E8AF0004A42BF /* ActionSheetCustomPicker.m */,
				8C886C2C1D9E8AF0004A42BF /* ActionSheetCustomPickerDelegate.h */,
				8C886C2D1D9E8AF0004A42BF /* ActionSheetDatePicker.h */,
				8C886C2E1D9E8AF0004A42BF /* ActionSheetDatePicker.m */,
				8C886C2F1D9E8AF0004A42BF /* ActionSheetDistancePicker.h */,
				8C886C301D9E8AF0004A42BF /* ActionSheetDistancePicker.m */,
				8C886C311D9E8AF0004A42BF /* ActionSheetLocalePicker.h */,
				8C886C321D9E8AF0004A42BF /* ActionSheetLocalePicker.m */,
				8C886C331D9E8AF0004A42BF /* ActionSheetMultipleStringPicker.h */,
				8C886C341D9E8AF0004A42BF /* ActionSheetMultipleStringPicker.m */,
				8C886C351D9E8AF1004A42BF /* ActionSheetPicker.h */,
				8C886C361D9E8AF1004A42BF /* ActionSheetStringPicker.h */,
				8C886C371D9E8AF1004A42BF /* ActionSheetStringPicker.m */,
				8C886C381D9E8AF1004A42BF /* DistancePickerView.h */,
				8C886C391D9E8AF1004A42BF /* DistancePickerView.m */,
				8C886C3A1D9E8AF1004A42BF /* SWActionSheet.h */,
				8C886C3B1D9E8AF1004A42BF /* SWActionSheet.m */,
			);
			name = Pickers;
			path = "../../OSS/ActionSheetPicker-3.0/Pickers";
			sourceTree = "<group>";
		};
		8C916CB11DAA5E9500D9E62B /* Sources */ = {
			isa = PBXGroup;
			children = (
				8C916CB21DAA5E9500D9E62B /* Document.swift */,
				8C916CB31DAA5E9500D9E62B /* Element.swift */,
				8C916CB41DAA5E9500D9E62B /* Error.swift */,
				8C916CB51DAA5E9500D9E62B /* Fuzi.h */,
				8C916CB61DAA5E9500D9E62B /* Helpers.swift */,
				8C916CB71DAA5E9500D9E62B /* Info.plist */,
				8C916CB81DAA5E9500D9E62B /* Node.swift */,
				8C916CB91DAA5E9500D9E62B /* NodeSet.swift */,
				8C916CBA1DAA5E9500D9E62B /* Queryable.swift */,
			);
			name = Sources;
			path = ../../OSS/Fuzi/Sources;
			sourceTree = "<group>";
		};
		8C916CC81DAB297A00D9E62B /* Supporting Files */ = {
			isa = PBXGroup;
			children = (
				8C9F43E81D771915000139FC /* Info.plist */,
				8C9F43E51D771915000139FC /* LaunchScreen.storyboard */,
				8CCF1C011D8E1DB000AB6594 /* lightbulb.png */,
				8C886C451D9E8B72004A42BF /* LogicPuzzlesSwift-Bridging-Header.h */,
				8C916CC31DAA5FEB00D9E62B /* music.wav */,
				8C916CCD1DAB35FC00D9E62B /* solved.wav */,
				8C916CC51DAB1E6000D9E62B /* tap.wav */,
			);
			name = "Supporting Files";
			sourceTree = "<group>";
		};
		8C9F43CE1D771915000139FC = {
			isa = PBXGroup;
			children = (
				8C1D169B1DB8DE930056D407 /* Breadth-First Search */,
				8C916CB11DAA5E9500D9E62B /* Sources */,
				8C886C271D9E8AF0004A42BF /* Pickers */,
				8C9F43D91D771915000139FC /* LogicPuzzlesSwift */,
				8C9F43F01D771915000139FC /* LogicPuzzlesSwiftTests */,
				8C9F43FB1D771915000139FC /* LogicPuzzlesSwiftUITests */,
				8C9F43D81D771915000139FC /* Products */,
				8C2164131D8FB32600A39B47 /* Frameworks */,
			);
			sourceTree = "<group>";
		};
		8C9F43D81D771915000139FC /* Products */ = {
			isa = PBXGroup;
			children = (
				8C9F43D71D771915000139FC /* LogicPuzzlesSwift.app */,
				8C9F43ED1D771915000139FC /* LogicPuzzlesSwiftTests.xctest */,
				8C9F43F81D771915000139FC /* LogicPuzzlesSwiftUITests.xctest */,
			);
			name = Products;
			sourceTree = "<group>";
		};
		8C9F43D91D771915000139FC /* LogicPuzzlesSwift */ = {
			isa = PBXGroup;
			children = (
				8C9F43DA1D771915000139FC /* AppDelegate.swift */,
				8C9F43E31D771915000139FC /* Assets.xcassets */,
				8C6D37CE1DC42FA40052202C /* Common */,
				8C6D37321DC421180052202C /* Home */,
				8C6D37401DC42F0A0052202C /* Puzzles */,
				8C916CC81DAB297A00D9E62B /* Supporting Files */,
			);
			path = LogicPuzzlesSwift;
			sourceTree = "<group>";
		};
		8C9F43F01D771915000139FC /* LogicPuzzlesSwiftTests */ = {
			isa = PBXGroup;
			children = (
				8C9F43F11D771915000139FC /* LogicPuzzlesSwiftTests.swift */,
				8C9F43F31D771915000139FC /* Info.plist */,
			);
			path = LogicPuzzlesSwiftTests;
			sourceTree = "<group>";
		};
		8C9F43FB1D771915000139FC /* LogicPuzzlesSwiftUITests */ = {
			isa = PBXGroup;
			children = (
				8C9F43FC1D771915000139FC /* LogicPuzzlesSwiftUITests.swift */,
				8C9F43FE1D771915000139FC /* Info.plist */,
			);
			path = LogicPuzzlesSwiftUITests;
			sourceTree = "<group>";
		};
/* End PBXGroup section */

/* Begin PBXNativeTarget section */
		8C9F43D61D771915000139FC /* LogicPuzzlesSwift */ = {
			isa = PBXNativeTarget;
			buildConfigurationList = 8C9F44011D771915000139FC /* Build configuration list for PBXNativeTarget "LogicPuzzlesSwift" */;
			buildPhases = (
				8C9F43D31D771915000139FC /* Sources */,
				8C9F43D41D771915000139FC /* Frameworks */,
				8C9F43D51D771915000139FC /* Resources */,
				8C21641F1D8FBE9F00A39B47 /* Embed Frameworks */,
			);
			buildRules = (
			);
			dependencies = (
			);
			name = LogicPuzzlesSwift;
			productName = LogicPuzzlesSwift;
			productReference = 8C9F43D71D771915000139FC /* LogicPuzzlesSwift.app */;
			productType = "com.apple.product-type.application";
		};
		8C9F43EC1D771915000139FC /* LogicPuzzlesSwiftTests */ = {
			isa = PBXNativeTarget;
			buildConfigurationList = 8C9F44041D771915000139FC /* Build configuration list for PBXNativeTarget "LogicPuzzlesSwiftTests" */;
			buildPhases = (
				8C9F43E91D771915000139FC /* Sources */,
				8C9F43EA1D771915000139FC /* Frameworks */,
				8C9F43EB1D771915000139FC /* Resources */,
			);
			buildRules = (
			);
			dependencies = (
				8C9F43EF1D771915000139FC /* PBXTargetDependency */,
			);
			name = LogicPuzzlesSwiftTests;
			productName = LogicPuzzlesSwiftTests;
			productReference = 8C9F43ED1D771915000139FC /* LogicPuzzlesSwiftTests.xctest */;
			productType = "com.apple.product-type.bundle.unit-test";
		};
		8C9F43F71D771915000139FC /* LogicPuzzlesSwiftUITests */ = {
			isa = PBXNativeTarget;
			buildConfigurationList = 8C9F44071D771915000139FC /* Build configuration list for PBXNativeTarget "LogicPuzzlesSwiftUITests" */;
			buildPhases = (
				8C9F43F41D771915000139FC /* Sources */,
				8C9F43F51D771915000139FC /* Frameworks */,
				8C9F43F61D771915000139FC /* Resources */,
			);
			buildRules = (
			);
			dependencies = (
				8C9F43FA1D771915000139FC /* PBXTargetDependency */,
			);
			name = LogicPuzzlesSwiftUITests;
			productName = LogicPuzzlesSwiftUITests;
			productReference = 8C9F43F81D771915000139FC /* LogicPuzzlesSwiftUITests.xctest */;
			productType = "com.apple.product-type.bundle.ui-testing";
		};
/* End PBXNativeTarget section */

/* Begin PBXProject section */
		8C9F43CF1D771915000139FC /* Project object */ = {
			isa = PBXProject;
			attributes = {
				LastSwiftUpdateCheck = 0730;
				LastUpgradeCheck = 0800;
				ORGANIZATIONNAME = "趙偉";
				TargetAttributes = {
					8C9F43D61D771915000139FC = {
						CreatedOnToolsVersion = 7.3.1;
						DevelopmentTeam = U259NHMY78;
						LastSwiftMigration = 0800;
					};
					8C9F43EC1D771915000139FC = {
						CreatedOnToolsVersion = 7.3.1;
						LastSwiftMigration = 0800;
						TestTargetID = 8C9F43D61D771915000139FC;
					};
					8C9F43F71D771915000139FC = {
						CreatedOnToolsVersion = 7.3.1;
						LastSwiftMigration = 0800;
						TestTargetID = 8C9F43D61D771915000139FC;
					};
				};
			};
			buildConfigurationList = 8C9F43D21D771915000139FC /* Build configuration list for PBXProject "LogicPuzzlesSwift" */;
			compatibilityVersion = "Xcode 3.2";
			developmentRegion = English;
			hasScannedForEncodings = 0;
			knownRegions = (
				en,
				Base,
			);
			mainGroup = 8C9F43CE1D771915000139FC;
			productRefGroup = 8C9F43D81D771915000139FC /* Products */;
			projectDirPath = "";
			projectReferences = (
				{
					ProductGroup = 8C1D16AB1DB8DE930056D407 /* Products */;
					ProjectRef = 8C1D16AA1DB8DE930056D407 /* Tests.xcodeproj */;
				},
			);
			projectRoot = "";
			targets = (
				8C9F43D61D771915000139FC /* LogicPuzzlesSwift */,
				8C9F43EC1D771915000139FC /* LogicPuzzlesSwiftTests */,
				8C9F43F71D771915000139FC /* LogicPuzzlesSwiftUITests */,
			);
		};
/* End PBXProject section */

/* Begin PBXReferenceProxy section */
		8C1D16BA1DB8DE940056D407 /* Tests.xctest */ = {
			isa = PBXReferenceProxy;
			fileType = wrapper.cfbundle;
			path = Tests.xctest;
			remoteRef = 8C1D16B91DB8DE940056D407 /* PBXContainerItemProxy */;
			sourceTree = BUILT_PRODUCTS_DIR;
		};
/* End PBXReferenceProxy section */

/* Begin PBXResourcesBuildPhase section */
		8C9F43D51D771915000139FC /* Resources */ = {
			isa = PBXResourcesBuildPhase;
			buildActionMask = 2147483647;
			files = (
				8C916CCE1DAB35FC00D9E62B /* solved.wav in Resources */,
				8C1D16B21DB8DE930056D407 /* TraversalTree.png in Resources */,
				8C6D37C31DC42F450052202C /* Clouds.storyboard in Resources */,
				8C1D16AE1DB8DE930056D407 /* AnimatedExample.gif in Resources */,
				8C6D37AC1DC42F0A0052202C /* LightUpLevels.xml in Resources */,
				8C7EF0681DD297D100D1DE94 /* NurikabeLevels.xml in Resources */,
				8C9F43E71D771915000139FC /* LaunchScreen.storyboard in Resources */,
				8C916CC61DAB1E6000D9E62B /* tap.wav in Resources */,
				8C7EF0711DD297F000D1DE94 /* Nurikabe.storyboard in Resources */,
				8C1D16B11DB8DE930056D407 /* TraversalTree.graffle in Resources */,
				8C9F43E41D771915000139FC /* Assets.xcassets in Resources */,
				8C6D37C01DC42F3B0052202C /* Bridges.storyboard in Resources */,
				8C1D16B61DB8DE930056D407 /* Info.plist in Resources */,
				8C6D37A01DC42F0A0052202C /* HitoriLevels.xml in Resources */,
				8C1D16B01DB8DE930056D407 /* AnimatedExample.psd in Resources */,
				8C6D37B81DC42F0A0052202C /* SlitherLinkLevels.xml in Resources */,
				8C1D16AF1DB8DE930056D407 /* AnimatedExample.graffle in Resources */,
				8C6D37C91DC42F640052202C /* LightUp.storyboard in Resources */,
				8CCF1C021D8E1DB100AB6594 /* lightbulb.png in Resources */,
				8C6D37881DC42F0A0052202C /* BridgesLevels.xml in Resources */,
				8C6D373F1DC421980052202C /* Home.storyboard in Resources */,
				8C6D37CC1DC42F6D0052202C /* SlitherLink.storyboard in Resources */,
				8C6D37941DC42F0A0052202C /* CloudsLevels.xml in Resources */,
				8C916CC41DAA5FEB00D9E62B /* music.wav in Resources */,
				8C6D37C61DC42F540052202C /* Hitori.storyboard in Resources */,
			);
			runOnlyForDeploymentPostprocessing = 0;
		};
		8C9F43EB1D771915000139FC /* Resources */ = {
			isa = PBXResourcesBuildPhase;
			buildActionMask = 2147483647;
			files = (
			);
			runOnlyForDeploymentPostprocessing = 0;
		};
		8C9F43F61D771915000139FC /* Resources */ = {
			isa = PBXResourcesBuildPhase;
			buildActionMask = 2147483647;
			files = (
			);
			runOnlyForDeploymentPostprocessing = 0;
		};
/* End PBXResourcesBuildPhase section */

/* Begin PBXSourcesBuildPhase section */
		8C9F43D31D771915000139FC /* Sources */ = {
			isa = PBXSourcesBuildPhase;
			buildActionMask = 2147483647;
			files = (
				8C6D37FB1DC5ACDB0052202C /* Copyable.swift in Sources */,
				8C6D373B1DC421180052202C /* HomeOptionsViewController.swift in Sources */,
				8C6D37FA1DC5ACC90052202C /* OptionsViewController.swift in Sources */,
				8C6D37A11DC42F0A0052202C /* HitoriMainViewController.swift in Sources */,
				8C6D37831DC42F0A0052202C /* BridgesGame.swift in Sources */,
				8C6D37821DC42F0A0052202C /* BridgesDocument.swift in Sources */,
				8C1D16B31DB8DE930056D407 /* README.markdown in Sources */,
				8C6D37B11DC42F0A0052202C /* LightUpTables.swift in Sources */,
				8C916CBB1DAA5E9500D9E62B /* Document.swift in Sources */,
				8C6ACBFF1DCAF8BA0075F32C /* GameMixin.swift in Sources */,
				8C6D37901DC42F0A0052202C /* CloudsGameScene.swift in Sources */,
				8C6D37A51DC42F0A0052202C /* HitoriTables.swift in Sources */,
				8C6D37981DC42F0A0052202C /* CloudsOptionsViewController.swift in Sources */,
				8C6D37891DC42F0A0052202C /* BridgesMainViewController.swift in Sources */,
				8C7EF0631DD297D100D1DE94 /* NurikabeGame.swift in Sources */,
				8C6D37BB1DC42F0A0052202C /* SlitherLinkObject.swift in Sources */,
				8C6D37A21DC42F0A0052202C /* HitoriMixin.swift in Sources */,
				8C6D373A1DC421180052202C /* HomeMixin.swift in Sources */,
				8C6D37F51DC5AC520052202C /* Position.swift in Sources */,
				8C6D379C1DC42F0A0052202C /* HitoriGameScene.swift in Sources */,
				8C6D373C1DC421180052202C /* HomeTables.swift in Sources */,
				8C6D37A41DC42F0A0052202C /* HitoriOptionsViewController.swift in Sources */,
				8C7EF06C1DD297D100D1DE94 /* NurikabeOptionsViewController.swift in Sources */,
				8C6ACBFD1DCAF8AC0075F32C /* GameViewController.swift in Sources */,
				8C916CC01DAA5E9500D9E62B /* Node.swift in Sources */,
				8C7EF0691DD297D100D1DE94 /* NurikabeMainViewController.swift in Sources */,
				8C6D37961DC42F0A0052202C /* CloudsMixin.swift in Sources */,
				8C1D16B51DB8DE930056D407 /* Graph.swift in Sources */,
				8C6D37921DC42F0A0052202C /* CloudsGameViewController.swift in Sources */,
				8C886C441D9E8AF1004A42BF /* SWActionSheet.m in Sources */,
				8C6D379A1DC42F0A0052202C /* HitoriDocument.swift in Sources */,
				8C6D37A81DC42F0A0052202C /* LightUpGameScene.swift in Sources */,
				8C886C401D9E8AF1004A42BF /* ActionSheetLocalePicker.m in Sources */,
				8C6D37851DC42F0A0052202C /* BridgesGameState.swift in Sources */,
				8C7EF0661DD297D100D1DE94 /* NurikabeGameViewController.swift in Sources */,
				8C6ACBFE1DCAF8BA0075F32C /* GameDocument.swift in Sources */,
				8C6D37A31DC42F0A0052202C /* HitoriObject.swift in Sources */,
				8C6D37AD1DC42F0A0052202C /* LightUpMainViewController.swift in Sources */,
				8C6D37B31DC42F0A0052202C /* SlitherLinkGame.swift in Sources */,
				8C7EF06A1DD297D100D1DE94 /* NurikabeMixin.swift in Sources */,
				8C7EF0651DD297D100D1DE94 /* NurikabeGameState.swift in Sources */,
				8C6D37931DC42F0A0052202C /* CloudsGridNode.swift in Sources */,
				8C9F43DB1D771915000139FC /* AppDelegate.swift in Sources */,
				8C7EF06D1DD297D100D1DE94 /* NurikabeTables.swift in Sources */,
				8C6D378E1DC42F0A0052202C /* CloudsDocument.swift in Sources */,
				8C886C3C1D9E8AF1004A42BF /* AbstractActionSheetPicker.m in Sources */,
				8C916CBE1DAA5E9500D9E62B /* Helpers.swift in Sources */,
				8C886C3E1D9E8AF1004A42BF /* ActionSheetDatePicker.m in Sources */,
				8C6D379E1DC42F0A0052202C /* HitoriGameViewController.swift in Sources */,
				8C6D37FE1DC5B4EB0052202C /* GameState.swift in Sources */,
				8C6D37B51DC42F0A0052202C /* SlitherLinkGameState.swift in Sources */,
				8C886C431D9E8AF1004A42BF /* DistancePickerView.m in Sources */,
				8C6D37A71DC42F0A0052202C /* LightUpGame.swift in Sources */,
				8C6D37391DC421180052202C /* HomeMainViewController.swift in Sources */,
				8C6ACC001DCAF8C20075F32C /* GameScene.swift in Sources */,
				8C6ACC1A1DD206AD0075F32C /* MainViewController.swift in Sources */,
				8C6D37AF1DC42F0A0052202C /* LightUpObject.swift in Sources */,
				8C6D37AB1DC42F0A0052202C /* LightUpGridNode.swift in Sources */,
				8C6D37BD1DC42F0A0052202C /* SlitherLinkTables.swift in Sources */,
				8C6D37B01DC42F0A0052202C /* LightUpOptionsViewController.swift in Sources */,
				8C6D37381DC421180052202C /* HomeDocument.swift in Sources */,
				8C6D378F1DC42F0A0052202C /* CloudsGame.swift in Sources */,
				8C886C421D9E8AF1004A42BF /* ActionSheetStringPicker.m in Sources */,
				8C6D37B61DC42F0A0052202C /* SlitherLinkGameViewController.swift in Sources */,
				8C6D379D1DC42F0A0052202C /* HitoriGameState.swift in Sources */,
				8C6D37B91DC42F0A0052202C /* SlitherLinkMainViewController.swift in Sources */,
				8C6ACC191DD204420075F32C /* GameObject.swift in Sources */,
				8C6D37B21DC42F0A0052202C /* SlitherLinkDocument.swift in Sources */,
				8C6D37871DC42F0A0052202C /* BridgesGridNode.swift in Sources */,
				8C6D379B1DC42F0A0052202C /* HitoriGame.swift in Sources */,
				8C6D37971DC42F0A0052202C /* CloudsObject.swift in Sources */,
				8C7EF06B1DD297D100D1DE94 /* NurikabeObject.swift in Sources */,
				8C6D378D1DC42F0A0052202C /* BridgesTables.swift in Sources */,
				8C6D378C1DC42F0A0052202C /* BridgesOptionsViewController.swift in Sources */,
				8C6D37AA1DC42F0A0052202C /* LightUpGameViewController.swift in Sources */,
				8C916CBD1DAA5E9500D9E62B /* Error.swift in Sources */,
				8C6D37911DC42F0A0052202C /* CloudsGameState.swift in Sources */,
				8C6D37F31DC5AC310052202C /* SoundManager.swift in Sources */,
				8C6D37A61DC42F0A0052202C /* LightUpDocument.swift in Sources */,
				8C916CC21DAA5E9500D9E62B /* Queryable.swift in Sources */,
				8C6D379F1DC42F0A0052202C /* HitoriGridNode.swift in Sources */,
				8C6D37A91DC42F0A0052202C /* LightUpGameState.swift in Sources */,
				8C7EF0641DD297D100D1DE94 /* NurikabeGameScene.swift in Sources */,
				8C916CC11DAA5E9500D9E62B /* NodeSet.swift in Sources */,
				8C6D37B71DC42F0A0052202C /* SlitherLinkGridNode.swift in Sources */,
				8C6D37861DC42F0A0052202C /* BridgesGameViewController.swift in Sources */,
				8C886C3F1D9E8AF1004A42BF /* ActionSheetDistancePicker.m in Sources */,
				8C6D37951DC42F0A0052202C /* CloudsMainViewController.swift in Sources */,
				8C1D16B71DB8DE930056D407 /* Queue.swift in Sources */,
				8C6D37991DC42F0A0052202C /* CloudsTables.swift in Sources */,
				8C1D16AD1DB8DE930056D407 /* BreadthFirstSearch.swift in Sources */,
				8C6D37841DC42F0A0052202C /* BridgesGameScene.swift in Sources */,
				8C6D37BC1DC42F0A0052202C /* SlitherLinkOptionsViewController.swift in Sources */,
				8C886C3D1D9E8AF1004A42BF /* ActionSheetCustomPicker.m in Sources */,
				8C916CBC1DAA5E9500D9E62B /* Element.swift in Sources */,
				8C6D378B1DC42F0A0052202C /* BridgesObject.swift in Sources */,
				8C6D37B41DC42F0A0052202C /* SlitherLinkGameScene.swift in Sources */,
				8C6D378A1DC42F0A0052202C /* BridgesMixin.swift in Sources */,
				8C886C411D9E8AF1004A42BF /* ActionSheetMultipleStringPicker.m in Sources */,
				8C7EF0671DD297D100D1DE94 /* NurikabeGridNode.swift in Sources */,
				8C6D37FC1DC5B4DC0052202C /* Game.swift in Sources */,
				8C7EF0621DD297D100D1DE94 /* NurikabeDocument.swift in Sources */,
				8C6D37AE1DC42F0A0052202C /* LightUpMixin.swift in Sources */,
				8C6D37BA1DC42F0A0052202C /* SlitherLinkMixin.swift in Sources */,
			);
			runOnlyForDeploymentPostprocessing = 0;
		};
		8C9F43E91D771915000139FC /* Sources */ = {
			isa = PBXSourcesBuildPhase;
			buildActionMask = 2147483647;
			files = (
				8C9F43F21D771915000139FC /* LogicPuzzlesSwiftTests.swift in Sources */,
			);
			runOnlyForDeploymentPostprocessing = 0;
		};
		8C9F43F41D771915000139FC /* Sources */ = {
			isa = PBXSourcesBuildPhase;
			buildActionMask = 2147483647;
			files = (
				8C9F43FD1D771915000139FC /* LogicPuzzlesSwiftUITests.swift in Sources */,
			);
			runOnlyForDeploymentPostprocessing = 0;
		};
/* End PBXSourcesBuildPhase section */

/* Begin PBXTargetDependency section */
		8C9F43EF1D771915000139FC /* PBXTargetDependency */ = {
			isa = PBXTargetDependency;
			target = 8C9F43D61D771915000139FC /* LogicPuzzlesSwift */;
			targetProxy = 8C9F43EE1D771915000139FC /* PBXContainerItemProxy */;
		};
		8C9F43FA1D771915000139FC /* PBXTargetDependency */ = {
			isa = PBXTargetDependency;
			target = 8C9F43D61D771915000139FC /* LogicPuzzlesSwift */;
			targetProxy = 8C9F43F91D771915000139FC /* PBXContainerItemProxy */;
		};
/* End PBXTargetDependency section */

/* Begin PBXVariantGroup section */
		8C6D373D1DC421980052202C /* Home.storyboard */ = {
			isa = PBXVariantGroup;
			children = (
				8C6D373E1DC421980052202C /* Base */,
			);
			name = Home.storyboard;
			sourceTree = "<group>";
		};
		8C6D37BE1DC42F3B0052202C /* Bridges.storyboard */ = {
			isa = PBXVariantGroup;
			children = (
				8C6D37BF1DC42F3B0052202C /* Base */,
			);
			name = Bridges.storyboard;
			sourceTree = "<group>";
		};
		8C6D37C11DC42F450052202C /* Clouds.storyboard */ = {
			isa = PBXVariantGroup;
			children = (
				8C6D37C21DC42F450052202C /* Base */,
			);
			name = Clouds.storyboard;
			sourceTree = "<group>";
		};
		8C6D37C41DC42F540052202C /* Hitori.storyboard */ = {
			isa = PBXVariantGroup;
			children = (
				8C6D37C51DC42F540052202C /* Base */,
			);
			name = Hitori.storyboard;
			sourceTree = "<group>";
		};
		8C6D37C71DC42F640052202C /* LightUp.storyboard */ = {
			isa = PBXVariantGroup;
			children = (
				8C6D37C81DC42F640052202C /* Base */,
			);
			name = LightUp.storyboard;
			sourceTree = "<group>";
		};
		8C6D37CA1DC42F6D0052202C /* SlitherLink.storyboard */ = {
			isa = PBXVariantGroup;
			children = (
				8C6D37CB1DC42F6D0052202C /* Base */,
			);
			name = SlitherLink.storyboard;
			sourceTree = "<group>";
		};
		8C7EF06F1DD297F000D1DE94 /* Nurikabe.storyboard */ = {
			isa = PBXVariantGroup;
			children = (
				8C7EF0701DD297F000D1DE94 /* Base */,
			);
			name = Nurikabe.storyboard;
			sourceTree = "<group>";
		};
		8C9F43E51D771915000139FC /* LaunchScreen.storyboard */ = {
			isa = PBXVariantGroup;
			children = (
				8C9F43E61D771915000139FC /* Base */,
			);
			name = LaunchScreen.storyboard;
			sourceTree = "<group>";
		};
/* End PBXVariantGroup section */

/* Begin XCBuildConfiguration section */
		8C9F43FF1D771915000139FC /* Debug */ = {
			isa = XCBuildConfiguration;
			buildSettings = {
				ALWAYS_SEARCH_USER_PATHS = NO;
				CLANG_ANALYZER_NONNULL = YES;
				CLANG_CXX_LANGUAGE_STANDARD = "gnu++0x";
				CLANG_CXX_LIBRARY = "libc++";
				CLANG_ENABLE_MODULES = YES;
				CLANG_ENABLE_OBJC_ARC = YES;
				CLANG_WARN_BOOL_CONVERSION = YES;
				CLANG_WARN_CONSTANT_CONVERSION = YES;
				CLANG_WARN_DIRECT_OBJC_ISA_USAGE = YES_ERROR;
				CLANG_WARN_EMPTY_BODY = YES;
				CLANG_WARN_ENUM_CONVERSION = YES;
				CLANG_WARN_INFINITE_RECURSION = YES;
				CLANG_WARN_INT_CONVERSION = YES;
				CLANG_WARN_OBJC_ROOT_CLASS = YES_ERROR;
				CLANG_WARN_SUSPICIOUS_MOVE = YES;
				CLANG_WARN_UNREACHABLE_CODE = YES;
				CLANG_WARN__DUPLICATE_METHOD_MATCH = YES;
				"CODE_SIGN_IDENTITY[sdk=iphoneos*]" = "iPhone Developer";
				COPY_PHASE_STRIP = NO;
				DEBUG_INFORMATION_FORMAT = "dwarf-with-dsym";
				ENABLE_STRICT_OBJC_MSGSEND = YES;
				ENABLE_TESTABILITY = YES;
				GCC_C_LANGUAGE_STANDARD = gnu99;
				GCC_DYNAMIC_NO_PIC = NO;
				GCC_NO_COMMON_BLOCKS = YES;
				GCC_OPTIMIZATION_LEVEL = 0;
				GCC_PREPROCESSOR_DEFINITIONS = (
					"DEBUG=1",
					"$(inherited)",
				);
				GCC_WARN_64_TO_32_BIT_CONVERSION = YES;
				GCC_WARN_ABOUT_RETURN_TYPE = YES_ERROR;
				GCC_WARN_UNDECLARED_SELECTOR = YES;
				GCC_WARN_UNINITIALIZED_AUTOS = YES_AGGRESSIVE;
				GCC_WARN_UNUSED_FUNCTION = YES;
				GCC_WARN_UNUSED_VARIABLE = YES;
				IPHONEOS_DEPLOYMENT_TARGET = 8.0;
				MTL_ENABLE_DEBUG_INFO = YES;
				ONLY_ACTIVE_ARCH = YES;
				SDKROOT = iphoneos;
				SWIFT_OPTIMIZATION_LEVEL = "-Onone";
				TARGETED_DEVICE_FAMILY = "1,2";
			};
			name = Debug;
		};
		8C9F44001D771915000139FC /* Release */ = {
			isa = XCBuildConfiguration;
			buildSettings = {
				ALWAYS_SEARCH_USER_PATHS = NO;
				CLANG_ANALYZER_NONNULL = YES;
				CLANG_CXX_LANGUAGE_STANDARD = "gnu++0x";
				CLANG_CXX_LIBRARY = "libc++";
				CLANG_ENABLE_MODULES = YES;
				CLANG_ENABLE_OBJC_ARC = YES;
				CLANG_WARN_BOOL_CONVERSION = YES;
				CLANG_WARN_CONSTANT_CONVERSION = YES;
				CLANG_WARN_DIRECT_OBJC_ISA_USAGE = YES_ERROR;
				CLANG_WARN_EMPTY_BODY = YES;
				CLANG_WARN_ENUM_CONVERSION = YES;
				CLANG_WARN_INFINITE_RECURSION = YES;
				CLANG_WARN_INT_CONVERSION = YES;
				CLANG_WARN_OBJC_ROOT_CLASS = YES_ERROR;
				CLANG_WARN_SUSPICIOUS_MOVE = YES;
				CLANG_WARN_UNREACHABLE_CODE = YES;
				CLANG_WARN__DUPLICATE_METHOD_MATCH = YES;
				"CODE_SIGN_IDENTITY[sdk=iphoneos*]" = "iPhone Developer";
				COPY_PHASE_STRIP = NO;
				DEBUG_INFORMATION_FORMAT = "dwarf-with-dsym";
				ENABLE_NS_ASSERTIONS = NO;
				ENABLE_STRICT_OBJC_MSGSEND = YES;
				GCC_C_LANGUAGE_STANDARD = gnu99;
				GCC_NO_COMMON_BLOCKS = YES;
				GCC_WARN_64_TO_32_BIT_CONVERSION = YES;
				GCC_WARN_ABOUT_RETURN_TYPE = YES_ERROR;
				GCC_WARN_UNDECLARED_SELECTOR = YES;
				GCC_WARN_UNINITIALIZED_AUTOS = YES_AGGRESSIVE;
				GCC_WARN_UNUSED_FUNCTION = YES;
				GCC_WARN_UNUSED_VARIABLE = YES;
				IPHONEOS_DEPLOYMENT_TARGET = 8.0;
				MTL_ENABLE_DEBUG_INFO = NO;
				SDKROOT = iphoneos;
				SWIFT_OPTIMIZATION_LEVEL = "-Owholemodule";
				TARGETED_DEVICE_FAMILY = "1,2";
				VALIDATE_PRODUCT = YES;
			};
			name = Release;
		};
		8C9F44021D771915000139FC /* Debug */ = {
			isa = XCBuildConfiguration;
			buildSettings = {
				ASSETCATALOG_COMPILER_APPICON_NAME = AppIcon;
				CODE_SIGN_IDENTITY = "iPhone Developer";
				"CODE_SIGN_IDENTITY[sdk=iphoneos*]" = "iPhone Developer";
				FRAMEWORK_SEARCH_PATHS = "";
				HEADER_SEARCH_PATHS = "$(SDKROOT)/usr/include/libxml2";
				INFOPLIST_FILE = LogicPuzzlesSwift/Info.plist;
				LD_RUNPATH_SEARCH_PATHS = "$(inherited) @executable_path/Frameworks";
				ONLY_ACTIVE_ARCH = YES;
				OTHER_LDFLAGS = "-lxml2";
				PRODUCT_BUNDLE_IDENTIFIER = com.zwstudio.LogicPuzzlesSwift;
				PRODUCT_NAME = "$(TARGET_NAME)";
				PROVISIONING_PROFILE = "";
				SWIFT_INCLUDE_PATHS = ../../OSS/Fuzi/libxml2;
				SWIFT_OBJC_BRIDGING_HEADER = "LogicPuzzlesSwift-Bridging-Header.h";
				SWIFT_VERSION = 3.0;
			};
			name = Debug;
		};
		8C9F44031D771915000139FC /* Release */ = {
			isa = XCBuildConfiguration;
			buildSettings = {
				ASSETCATALOG_COMPILER_APPICON_NAME = AppIcon;
				CODE_SIGN_IDENTITY = "iPhone Developer";
				"CODE_SIGN_IDENTITY[sdk=iphoneos*]" = "iPhone Developer";
				FRAMEWORK_SEARCH_PATHS = "";
				HEADER_SEARCH_PATHS = "$(SDKROOT)/usr/include/libxml2";
				INFOPLIST_FILE = LogicPuzzlesSwift/Info.plist;
				LD_RUNPATH_SEARCH_PATHS = "$(inherited) @executable_path/Frameworks";
				OTHER_LDFLAGS = "-lxml2";
				PRODUCT_BUNDLE_IDENTIFIER = com.zwstudio.LogicPuzzlesSwift;
				PRODUCT_NAME = "$(TARGET_NAME)";
				PROVISIONING_PROFILE = "";
				SWIFT_INCLUDE_PATHS = ../../OSS/Fuzi/libxml2;
				SWIFT_OBJC_BRIDGING_HEADER = "LogicPuzzlesSwift-Bridging-Header.h";
				SWIFT_VERSION = 3.0;
			};
			name = Release;
		};
		8C9F44051D771915000139FC /* Debug */ = {
			isa = XCBuildConfiguration;
			buildSettings = {
				BUNDLE_LOADER = "$(TEST_HOST)";
				DEBUG_INFORMATION_FORMAT = dwarf;
				INFOPLIST_FILE = LogicPuzzlesSwiftTests/Info.plist;
				LD_RUNPATH_SEARCH_PATHS = "$(inherited) @executable_path/Frameworks @loader_path/Frameworks";
				PRODUCT_BUNDLE_IDENTIFIER = com.zwstudio.LogicPuzzlesSwiftTests;
				PRODUCT_NAME = "$(TARGET_NAME)";
				SWIFT_VERSION = 3.0;
				TEST_HOST = "$(BUILT_PRODUCTS_DIR)/LogicPuzzlesSwift.app/LogicPuzzlesSwift";
			};
			name = Debug;
		};
		8C9F44061D771915000139FC /* Release */ = {
			isa = XCBuildConfiguration;
			buildSettings = {
				BUNDLE_LOADER = "$(TEST_HOST)";
				INFOPLIST_FILE = LogicPuzzlesSwiftTests/Info.plist;
				LD_RUNPATH_SEARCH_PATHS = "$(inherited) @executable_path/Frameworks @loader_path/Frameworks";
				PRODUCT_BUNDLE_IDENTIFIER = com.zwstudio.LogicPuzzlesSwiftTests;
				PRODUCT_NAME = "$(TARGET_NAME)";
				SWIFT_VERSION = 3.0;
				TEST_HOST = "$(BUILT_PRODUCTS_DIR)/LogicPuzzlesSwift.app/LogicPuzzlesSwift";
			};
			name = Release;
		};
		8C9F44081D771915000139FC /* Debug */ = {
			isa = XCBuildConfiguration;
			buildSettings = {
				DEBUG_INFORMATION_FORMAT = dwarf;
				DEVELOPMENT_TEAM = "";
				INFOPLIST_FILE = LogicPuzzlesSwiftUITests/Info.plist;
				LD_RUNPATH_SEARCH_PATHS = "$(inherited) @executable_path/Frameworks @loader_path/Frameworks";
				PRODUCT_BUNDLE_IDENTIFIER = com.zwstudio.LogicPuzzlesSwiftUITests;
				PRODUCT_NAME = "$(TARGET_NAME)";
				SWIFT_VERSION = 3.0;
				TEST_TARGET_NAME = LogicPuzzlesSwift;
			};
			name = Debug;
		};
		8C9F44091D771915000139FC /* Release */ = {
			isa = XCBuildConfiguration;
			buildSettings = {
				DEVELOPMENT_TEAM = "";
				INFOPLIST_FILE = LogicPuzzlesSwiftUITests/Info.plist;
				LD_RUNPATH_SEARCH_PATHS = "$(inherited) @executable_path/Frameworks @loader_path/Frameworks";
				PRODUCT_BUNDLE_IDENTIFIER = com.zwstudio.LogicPuzzlesSwiftUITests;
				PRODUCT_NAME = "$(TARGET_NAME)";
				SWIFT_VERSION = 3.0;
				TEST_TARGET_NAME = LogicPuzzlesSwift;
			};
			name = Release;
		};
/* End XCBuildConfiguration section */

/* Begin XCConfigurationList section */
		8C9F43D21D771915000139FC /* Build configuration list for PBXProject "LogicPuzzlesSwift" */ = {
			isa = XCConfigurationList;
			buildConfigurations = (
				8C9F43FF1D771915000139FC /* Debug */,
				8C9F44001D771915000139FC /* Release */,
			);
			defaultConfigurationIsVisible = 0;
			defaultConfigurationName = Release;
		};
		8C9F44011D771915000139FC /* Build configuration list for PBXNativeTarget "LogicPuzzlesSwift" */ = {
			isa = XCConfigurationList;
			buildConfigurations = (
				8C9F44021D771915000139FC /* Debug */,
				8C9F44031D771915000139FC /* Release */,
			);
			defaultConfigurationIsVisible = 0;
			defaultConfigurationName = Release;
		};
		8C9F44041D771915000139FC /* Build configuration list for PBXNativeTarget "LogicPuzzlesSwiftTests" */ = {
			isa = XCConfigurationList;
			buildConfigurations = (
				8C9F44051D771915000139FC /* Debug */,
				8C9F44061D771915000139FC /* Release */,
			);
			defaultConfigurationIsVisible = 0;
			defaultConfigurationName = Release;
		};
		8C9F44071D771915000139FC /* Build configuration list for PBXNativeTarget "LogicPuzzlesSwiftUITests" */ = {
			isa = XCConfigurationList;
			buildConfigurations = (
				8C9F44081D771915000139FC /* Debug */,
				8C9F44091D771915000139FC /* Release */,
			);
			defaultConfigurationIsVisible = 0;
			defaultConfigurationName = Release;
		};
/* End XCConfigurationList section */
	};
	rootObject = 8C9F43CF1D771915000139FC /* Project object */;
}
