// !$*UTF8*$!
{
	archiveVersion = 1;
	classes = {
	};
	objectVersion = 46;
	objects = {

/* Begin PBXBuildFile section */
		8C0940901DC0D95100294662 /* HitoriDocument.swift in Sources */ = {isa = PBXBuildFile; fileRef = 8C0940841DC0D95100294662 /* HitoriDocument.swift */; };
		8C0940911DC0D95100294662 /* HitoriGame.swift in Sources */ = {isa = PBXBuildFile; fileRef = 8C0940851DC0D95100294662 /* HitoriGame.swift */; };
		8C0940921DC0D95100294662 /* HitoriGameScene.swift in Sources */ = {isa = PBXBuildFile; fileRef = 8C0940861DC0D95100294662 /* HitoriGameScene.swift */; };
		8C0940931DC0D95100294662 /* HitoriGameState.swift in Sources */ = {isa = PBXBuildFile; fileRef = 8C0940871DC0D95100294662 /* HitoriGameState.swift */; };
		8C0940941DC0D95100294662 /* HitoriGameViewController.swift in Sources */ = {isa = PBXBuildFile; fileRef = 8C0940881DC0D95100294662 /* HitoriGameViewController.swift */; };
		8C0940951DC0D95100294662 /* HitoriGridNode.swift in Sources */ = {isa = PBXBuildFile; fileRef = 8C0940891DC0D95100294662 /* HitoriGridNode.swift */; };
		8C0940961DC0D95100294662 /* HitoriLevels.xml in Resources */ = {isa = PBXBuildFile; fileRef = 8C09408A1DC0D95100294662 /* HitoriLevels.xml */; };
		8C0940971DC0D95100294662 /* HitoriMainViewController.swift in Sources */ = {isa = PBXBuildFile; fileRef = 8C09408B1DC0D95100294662 /* HitoriMainViewController.swift */; };
		8C0940981DC0D95100294662 /* HitoriMixin.swift in Sources */ = {isa = PBXBuildFile; fileRef = 8C09408C1DC0D95100294662 /* HitoriMixin.swift */; };
		8C0940991DC0D95100294662 /* HitoriObject.swift in Sources */ = {isa = PBXBuildFile; fileRef = 8C09408D1DC0D95100294662 /* HitoriObject.swift */; };
		8C09409A1DC0D95100294662 /* HitoriOptionsViewController.swift in Sources */ = {isa = PBXBuildFile; fileRef = 8C09408E1DC0D95100294662 /* HitoriOptionsViewController.swift */; };
		8C09409B1DC0D95100294662 /* HitoriTables.swift in Sources */ = {isa = PBXBuildFile; fileRef = 8C09408F1DC0D95100294662 /* HitoriTables.swift */; };
		8C09409F1DC0DC3E00294662 /* Hitori.storyboard in Resources */ = {isa = PBXBuildFile; fileRef = 8C09409D1DC0DC3E00294662 /* Hitori.storyboard */; };
		8C0A580D1DB37A6A00BFCE16 /* SlitherLinkDocument.swift in Sources */ = {isa = PBXBuildFile; fileRef = 8C0A58011DB37A6A00BFCE16 /* SlitherLinkDocument.swift */; };
		8C0A580E1DB37A6A00BFCE16 /* SlitherLinkGame.swift in Sources */ = {isa = PBXBuildFile; fileRef = 8C0A58021DB37A6A00BFCE16 /* SlitherLinkGame.swift */; };
		8C0A580F1DB37A6A00BFCE16 /* SlitherLinkGameScene.swift in Sources */ = {isa = PBXBuildFile; fileRef = 8C0A58031DB37A6A00BFCE16 /* SlitherLinkGameScene.swift */; };
		8C0A58101DB37A6A00BFCE16 /* SlitherLinkGameState.swift in Sources */ = {isa = PBXBuildFile; fileRef = 8C0A58041DB37A6A00BFCE16 /* SlitherLinkGameState.swift */; };
		8C0A58111DB37A6A00BFCE16 /* SlitherLinkGameViewController.swift in Sources */ = {isa = PBXBuildFile; fileRef = 8C0A58051DB37A6A00BFCE16 /* SlitherLinkGameViewController.swift */; };
		8C0A58121DB37A6A00BFCE16 /* SlitherLinkGridNode.swift in Sources */ = {isa = PBXBuildFile; fileRef = 8C0A58061DB37A6A00BFCE16 /* SlitherLinkGridNode.swift */; };
		8C0A58131DB37A6A00BFCE16 /* SlitherLinkLevels.xml in Resources */ = {isa = PBXBuildFile; fileRef = 8C0A58071DB37A6A00BFCE16 /* SlitherLinkLevels.xml */; };
		8C0A58141DB37A6A00BFCE16 /* SlitherLinkMainViewController.swift in Sources */ = {isa = PBXBuildFile; fileRef = 8C0A58081DB37A6A00BFCE16 /* SlitherLinkMainViewController.swift */; };
		8C0A58151DB37A6A00BFCE16 /* SlitherLinkMixin.swift in Sources */ = {isa = PBXBuildFile; fileRef = 8C0A58091DB37A6A00BFCE16 /* SlitherLinkMixin.swift */; };
		8C0A58161DB37A6A00BFCE16 /* SlitherLinkObject.swift in Sources */ = {isa = PBXBuildFile; fileRef = 8C0A580A1DB37A6A00BFCE16 /* SlitherLinkObject.swift */; };
		8C0A58171DB37A6A00BFCE16 /* SlitherLinkOptionsViewController.swift in Sources */ = {isa = PBXBuildFile; fileRef = 8C0A580B1DB37A6A00BFCE16 /* SlitherLinkOptionsViewController.swift */; };
		8C0A58181DB37A6A00BFCE16 /* SlitherLinkTables.swift in Sources */ = {isa = PBXBuildFile; fileRef = 8C0A580C1DB37A6A00BFCE16 /* SlitherLinkTables.swift */; };
		8C0A581B1DB37A8600BFCE16 /* SlitherLink.storyboard in Resources */ = {isa = PBXBuildFile; fileRef = 8C0A58191DB37A8600BFCE16 /* SlitherLink.storyboard */; };
		8C1D16AD1DB8DE930056D407 /* BreadthFirstSearch.swift in Sources */ = {isa = PBXBuildFile; fileRef = 8C1D169D1DB8DE930056D407 /* BreadthFirstSearch.swift */; };
		8C1D16AE1DB8DE930056D407 /* AnimatedExample.gif in Resources */ = {isa = PBXBuildFile; fileRef = 8C1D169F1DB8DE930056D407 /* AnimatedExample.gif */; };
		8C1D16AF1DB8DE930056D407 /* AnimatedExample.graffle in Resources */ = {isa = PBXBuildFile; fileRef = 8C1D16A01DB8DE930056D407 /* AnimatedExample.graffle */; };
		8C1D16B01DB8DE930056D407 /* AnimatedExample.psd in Resources */ = {isa = PBXBuildFile; fileRef = 8C1D16A11DB8DE930056D407 /* AnimatedExample.psd */; };
		8C1D16B11DB8DE930056D407 /* TraversalTree.graffle in Resources */ = {isa = PBXBuildFile; fileRef = 8C1D16A21DB8DE930056D407 /* TraversalTree.graffle */; };
		8C1D16B21DB8DE930056D407 /* TraversalTree.png in Resources */ = {isa = PBXBuildFile; fileRef = 8C1D16A31DB8DE930056D407 /* TraversalTree.png */; };
		8C1D16B31DB8DE930056D407 /* README.markdown in Sources */ = {isa = PBXBuildFile; fileRef = 8C1D16A41DB8DE930056D407 /* README.markdown */; };
		8C1D16B51DB8DE930056D407 /* Graph.swift in Sources */ = {isa = PBXBuildFile; fileRef = 8C1D16A71DB8DE930056D407 /* Graph.swift */; };
		8C1D16B61DB8DE930056D407 /* Info.plist in Resources */ = {isa = PBXBuildFile; fileRef = 8C1D16A81DB8DE930056D407 /* Info.plist */; };
		8C1D16B71DB8DE930056D407 /* Queue.swift in Sources */ = {isa = PBXBuildFile; fileRef = 8C1D16A91DB8DE930056D407 /* Queue.swift */; };
		8C31FE6E1D90E415008793BF /* SharkORM.framework in Frameworks */ = {isa = PBXBuildFile; fileRef = 8C31FE6D1D90E415008793BF /* SharkORM.framework */; };
		8C31FE6F1D90E415008793BF /* SharkORM.framework in Embed Frameworks */ = {isa = PBXBuildFile; fileRef = 8C31FE6D1D90E415008793BF /* SharkORM.framework */; settings = {ATTRIBUTES = (CodeSignOnCopy, RemoveHeadersOnCopy, ); }; };
		8C6140021DBF647F00512393 /* CloudsDocument.swift in Sources */ = {isa = PBXBuildFile; fileRef = 8C613FF61DBF647F00512393 /* CloudsDocument.swift */; };
		8C6140031DBF647F00512393 /* CloudsGame.swift in Sources */ = {isa = PBXBuildFile; fileRef = 8C613FF71DBF647F00512393 /* CloudsGame.swift */; };
		8C6140041DBF647F00512393 /* CloudsGameScene.swift in Sources */ = {isa = PBXBuildFile; fileRef = 8C613FF81DBF647F00512393 /* CloudsGameScene.swift */; };
		8C6140051DBF647F00512393 /* CloudsGameState.swift in Sources */ = {isa = PBXBuildFile; fileRef = 8C613FF91DBF647F00512393 /* CloudsGameState.swift */; };
		8C6140061DBF647F00512393 /* CloudsGameViewController.swift in Sources */ = {isa = PBXBuildFile; fileRef = 8C613FFA1DBF647F00512393 /* CloudsGameViewController.swift */; };
		8C6140071DBF647F00512393 /* CloudsGridNode.swift in Sources */ = {isa = PBXBuildFile; fileRef = 8C613FFB1DBF647F00512393 /* CloudsGridNode.swift */; };
		8C6140081DBF647F00512393 /* CloudsLevels.xml in Resources */ = {isa = PBXBuildFile; fileRef = 8C613FFC1DBF647F00512393 /* CloudsLevels.xml */; };
		8C6140091DBF647F00512393 /* CloudsMainViewController.swift in Sources */ = {isa = PBXBuildFile; fileRef = 8C613FFD1DBF647F00512393 /* CloudsMainViewController.swift */; };
		8C61400A1DBF647F00512393 /* CloudsMixin.swift in Sources */ = {isa = PBXBuildFile; fileRef = 8C613FFE1DBF647F00512393 /* CloudsMixin.swift */; };
		8C61400B1DBF647F00512393 /* CloudsObject.swift in Sources */ = {isa = PBXBuildFile; fileRef = 8C613FFF1DBF647F00512393 /* CloudsObject.swift */; };
		8C61400C1DBF647F00512393 /* CloudsOptionsViewController.swift in Sources */ = {isa = PBXBuildFile; fileRef = 8C6140001DBF647F00512393 /* CloudsOptionsViewController.swift */; };
		8C61400D1DBF647F00512393 /* CloudsTables.swift in Sources */ = {isa = PBXBuildFile; fileRef = 8C6140011DBF647F00512393 /* CloudsTables.swift */; };
		8C6140111DBFAFB200512393 /* Clouds.storyboard in Resources */ = {isa = PBXBuildFile; fileRef = 8C61400F1DBFAFB200512393 /* Clouds.storyboard */; };
		8C835D651D84BCDC0067BC3E /* Position.swift in Sources */ = {isa = PBXBuildFile; fileRef = 8C835D641D84BCDC0067BC3E /* Position.swift */; };
		8C886C3C1D9E8AF1004A42BF /* AbstractActionSheetPicker.m in Sources */ = {isa = PBXBuildFile; fileRef = 8C886C291D9E8AF0004A42BF /* AbstractActionSheetPicker.m */; };
		8C886C3D1D9E8AF1004A42BF /* ActionSheetCustomPicker.m in Sources */ = {isa = PBXBuildFile; fileRef = 8C886C2B1D9E8AF0004A42BF /* ActionSheetCustomPicker.m */; };
		8C886C3E1D9E8AF1004A42BF /* ActionSheetDatePicker.m in Sources */ = {isa = PBXBuildFile; fileRef = 8C886C2E1D9E8AF0004A42BF /* ActionSheetDatePicker.m */; };
		8C886C3F1D9E8AF1004A42BF /* ActionSheetDistancePicker.m in Sources */ = {isa = PBXBuildFile; fileRef = 8C886C301D9E8AF0004A42BF /* ActionSheetDistancePicker.m */; };
		8C886C401D9E8AF1004A42BF /* ActionSheetLocalePicker.m in Sources */ = {isa = PBXBuildFile; fileRef = 8C886C321D9E8AF0004A42BF /* ActionSheetLocalePicker.m */; };
		8C886C411D9E8AF1004A42BF /* ActionSheetMultipleStringPicker.m in Sources */ = {isa = PBXBuildFile; fileRef = 8C886C341D9E8AF0004A42BF /* ActionSheetMultipleStringPicker.m */; };
		8C886C421D9E8AF1004A42BF /* ActionSheetStringPicker.m in Sources */ = {isa = PBXBuildFile; fileRef = 8C886C371D9E8AF1004A42BF /* ActionSheetStringPicker.m */; };
		8C886C431D9E8AF1004A42BF /* DistancePickerView.m in Sources */ = {isa = PBXBuildFile; fileRef = 8C886C391D9E8AF1004A42BF /* DistancePickerView.m */; };
		8C886C441D9E8AF1004A42BF /* SWActionSheet.m in Sources */ = {isa = PBXBuildFile; fileRef = 8C886C3B1D9E8AF1004A42BF /* SWActionSheet.m */; };
		8C916CBB1DAA5E9500D9E62B /* Document.swift in Sources */ = {isa = PBXBuildFile; fileRef = 8C916CB21DAA5E9500D9E62B /* Document.swift */; };
		8C916CBC1DAA5E9500D9E62B /* Element.swift in Sources */ = {isa = PBXBuildFile; fileRef = 8C916CB31DAA5E9500D9E62B /* Element.swift */; };
		8C916CBD1DAA5E9500D9E62B /* Error.swift in Sources */ = {isa = PBXBuildFile; fileRef = 8C916CB41DAA5E9500D9E62B /* Error.swift */; };
		8C916CBE1DAA5E9500D9E62B /* Helpers.swift in Sources */ = {isa = PBXBuildFile; fileRef = 8C916CB61DAA5E9500D9E62B /* Helpers.swift */; };
		8C916CC01DAA5E9500D9E62B /* Node.swift in Sources */ = {isa = PBXBuildFile; fileRef = 8C916CB81DAA5E9500D9E62B /* Node.swift */; };
		8C916CC11DAA5E9500D9E62B /* NodeSet.swift in Sources */ = {isa = PBXBuildFile; fileRef = 8C916CB91DAA5E9500D9E62B /* NodeSet.swift */; };
		8C916CC21DAA5E9500D9E62B /* Queryable.swift in Sources */ = {isa = PBXBuildFile; fileRef = 8C916CBA1DAA5E9500D9E62B /* Queryable.swift */; };
		8C916CC41DAA5FEB00D9E62B /* music.wav in Resources */ = {isa = PBXBuildFile; fileRef = 8C916CC31DAA5FEB00D9E62B /* music.wav */; };
		8C916CC61DAB1E6000D9E62B /* tap.wav in Resources */ = {isa = PBXBuildFile; fileRef = 8C916CC51DAB1E6000D9E62B /* tap.wav */; };
		8C916CCA1DAB2E8E00D9E62B /* SoundManager.swift in Sources */ = {isa = PBXBuildFile; fileRef = 8C916CC91DAB2E8E00D9E62B /* SoundManager.swift */; };
		8C916CCE1DAB35FC00D9E62B /* solved.wav in Resources */ = {isa = PBXBuildFile; fileRef = 8C916CCD1DAB35FC00D9E62B /* solved.wav */; };
		8C9F43DB1D771915000139FC /* AppDelegate.swift in Sources */ = {isa = PBXBuildFile; fileRef = 8C9F43DA1D771915000139FC /* AppDelegate.swift */; };
		8C9F43E21D771915000139FC /* LogicPuzzles.storyboard in Resources */ = {isa = PBXBuildFile; fileRef = 8C9F43E01D771915000139FC /* LogicPuzzles.storyboard */; };
		8C9F43E41D771915000139FC /* Assets.xcassets in Resources */ = {isa = PBXBuildFile; fileRef = 8C9F43E31D771915000139FC /* Assets.xcassets */; };
		8C9F43E71D771915000139FC /* LaunchScreen.storyboard in Resources */ = {isa = PBXBuildFile; fileRef = 8C9F43E51D771915000139FC /* LaunchScreen.storyboard */; };
		8C9F43F21D771915000139FC /* LogicPuzzlesSwiftTests.swift in Sources */ = {isa = PBXBuildFile; fileRef = 8C9F43F11D771915000139FC /* LogicPuzzlesSwiftTests.swift */; };
		8C9F43FD1D771915000139FC /* LogicPuzzlesSwiftUITests.swift in Sources */ = {isa = PBXBuildFile; fileRef = 8C9F43FC1D771915000139FC /* LogicPuzzlesSwiftUITests.swift */; };
		8CCF1C021D8E1DB100AB6594 /* lightbulb.png in Resources */ = {isa = PBXBuildFile; fileRef = 8CCF1C011D8E1DB000AB6594 /* lightbulb.png */; };
		8CE6BC9C1DB110D50087BC15 /* LightUpDocument.swift in Sources */ = {isa = PBXBuildFile; fileRef = 8CE6BC921DB110D50087BC15 /* LightUpDocument.swift */; };
		8CE6BC9D1DB110D50087BC15 /* LightUpGame.swift in Sources */ = {isa = PBXBuildFile; fileRef = 8CE6BC931DB110D50087BC15 /* LightUpGame.swift */; };
		8CE6BC9E1DB110D50087BC15 /* LightUpMixin.swift in Sources */ = {isa = PBXBuildFile; fileRef = 8CE6BC941DB110D50087BC15 /* LightUpMixin.swift */; };
		8CE6BC9F1DB110D50087BC15 /* LightUpObject.swift in Sources */ = {isa = PBXBuildFile; fileRef = 8CE6BC951DB110D50087BC15 /* LightUpObject.swift */; };
		8CE6BCA01DB110D50087BC15 /* LightUpTables.swift in Sources */ = {isa = PBXBuildFile; fileRef = 8CE6BC961DB110D50087BC15 /* LightUpTables.swift */; };
		8CE6BCA11DB110D50087BC15 /* LightUpGameScene.swift in Sources */ = {isa = PBXBuildFile; fileRef = 8CE6BC971DB110D50087BC15 /* LightUpGameScene.swift */; };
		8CE6BCA21DB110D50087BC15 /* LightUpGameState.swift in Sources */ = {isa = PBXBuildFile; fileRef = 8CE6BC981DB110D50087BC15 /* LightUpGameState.swift */; };
		8CE6BCA31DB110D50087BC15 /* LightUpGameViewController.swift in Sources */ = {isa = PBXBuildFile; fileRef = 8CE6BC991DB110D50087BC15 /* LightUpGameViewController.swift */; };
		8CE6BCA41DB110D50087BC15 /* LightUpGridNode.swift in Sources */ = {isa = PBXBuildFile; fileRef = 8CE6BC9A1DB110D50087BC15 /* LightUpGridNode.swift */; };
		8CE6BCA51DB110D50087BC15 /* LightUpLevels.xml in Resources */ = {isa = PBXBuildFile; fileRef = 8CE6BC9B1DB110D50087BC15 /* LightUpLevels.xml */; };
		8CE6BCA71DB110F30087BC15 /* LightUpMainViewController.swift in Sources */ = {isa = PBXBuildFile; fileRef = 8CE6BCA61DB110F30087BC15 /* LightUpMainViewController.swift */; };
		8CFD4B561DB1205500DEBBAF /* LightUp.storyboard in Resources */ = {isa = PBXBuildFile; fileRef = 8CFD4B541DB1205500DEBBAF /* LightUp.storyboard */; };
		8CFD4B581DB1213200DEBBAF /* LightUpOptionsViewController.swift in Sources */ = {isa = PBXBuildFile; fileRef = 8CFD4B571DB1213200DEBBAF /* LightUpOptionsViewController.swift */; };
		8CFD4B671DB12F3C00DEBBAF /* LogicPuzzlesDocument.swift in Sources */ = {isa = PBXBuildFile; fileRef = 8CFD4B621DB12F3C00DEBBAF /* LogicPuzzlesDocument.swift */; };
		8CFD4B681DB12F3C00DEBBAF /* LogicPuzzlesMixin.swift in Sources */ = {isa = PBXBuildFile; fileRef = 8CFD4B631DB12F3C00DEBBAF /* LogicPuzzlesMixin.swift */; };
		8CFD4B691DB12F3C00DEBBAF /* LogicPuzzlesTables.swift in Sources */ = {isa = PBXBuildFile; fileRef = 8CFD4B641DB12F3C00DEBBAF /* LogicPuzzlesTables.swift */; };
		8CFD4B6A1DB12F3C00DEBBAF /* LogicPuzzlesMainViewController.swift in Sources */ = {isa = PBXBuildFile; fileRef = 8CFD4B651DB12F3C00DEBBAF /* LogicPuzzlesMainViewController.swift */; };
		8CFD4B6B1DB12F3C00DEBBAF /* LogicPuzzlesOptionsViewController.swift in Sources */ = {isa = PBXBuildFile; fileRef = 8CFD4B661DB12F3C00DEBBAF /* LogicPuzzlesOptionsViewController.swift */; };
		8CFD4B791DB1A0CC00DEBBAF /* BridgesDocument.swift in Sources */ = {isa = PBXBuildFile; fileRef = 8CFD4B6D1DB1A0CC00DEBBAF /* BridgesDocument.swift */; };
		8CFD4B7A1DB1A0CC00DEBBAF /* BridgesGame.swift in Sources */ = {isa = PBXBuildFile; fileRef = 8CFD4B6E1DB1A0CC00DEBBAF /* BridgesGame.swift */; };
		8CFD4B7B1DB1A0CC00DEBBAF /* BridgesGameScene.swift in Sources */ = {isa = PBXBuildFile; fileRef = 8CFD4B6F1DB1A0CC00DEBBAF /* BridgesGameScene.swift */; };
		8CFD4B7C1DB1A0CC00DEBBAF /* BridgesGameState.swift in Sources */ = {isa = PBXBuildFile; fileRef = 8CFD4B701DB1A0CC00DEBBAF /* BridgesGameState.swift */; };
		8CFD4B7D1DB1A0CC00DEBBAF /* BridgesGameViewController.swift in Sources */ = {isa = PBXBuildFile; fileRef = 8CFD4B711DB1A0CC00DEBBAF /* BridgesGameViewController.swift */; };
		8CFD4B7E1DB1A0CC00DEBBAF /* BridgesGridNode.swift in Sources */ = {isa = PBXBuildFile; fileRef = 8CFD4B721DB1A0CC00DEBBAF /* BridgesGridNode.swift */; };
		8CFD4B7F1DB1A0CC00DEBBAF /* BridgesLevels.xml in Resources */ = {isa = PBXBuildFile; fileRef = 8CFD4B731DB1A0CC00DEBBAF /* BridgesLevels.xml */; };
		8CFD4B801DB1A0CC00DEBBAF /* BridgesMainViewController.swift in Sources */ = {isa = PBXBuildFile; fileRef = 8CFD4B741DB1A0CC00DEBBAF /* BridgesMainViewController.swift */; };
		8CFD4B811DB1A0CC00DEBBAF /* BridgesMixin.swift in Sources */ = {isa = PBXBuildFile; fileRef = 8CFD4B751DB1A0CC00DEBBAF /* BridgesMixin.swift */; };
		8CFD4B821DB1A0CC00DEBBAF /* BridgesObject.swift in Sources */ = {isa = PBXBuildFile; fileRef = 8CFD4B761DB1A0CC00DEBBAF /* BridgesObject.swift */; };
		8CFD4B831DB1A0CC00DEBBAF /* BridgesOptionsViewController.swift in Sources */ = {isa = PBXBuildFile; fileRef = 8CFD4B771DB1A0CC00DEBBAF /* BridgesOptionsViewController.swift */; };
		8CFD4B841DB1A0CC00DEBBAF /* BridgesTables.swift in Sources */ = {isa = PBXBuildFile; fileRef = 8CFD4B781DB1A0CC00DEBBAF /* BridgesTables.swift */; };
		8CFD4B871DB1A10200DEBBAF /* Bridges.storyboard in Resources */ = {isa = PBXBuildFile; fileRef = 8CFD4B851DB1A10200DEBBAF /* Bridges.storyboard */; };
/* End PBXBuildFile section */

/* Begin PBXContainerItemProxy section */
		8C1D16B91DB8DE940056D407 /* PBXContainerItemProxy */ = {
			isa = PBXContainerItemProxy;
			containerPortal = 8C1D16AA1DB8DE930056D407 /* Tests.xcodeproj */;
			proxyType = 2;
			remoteGlobalIDString = 7B2BBC801C779D720067B71D;
			remoteInfo = Tests;
		};
		8C9F43EE1D771915000139FC /* PBXContainerItemProxy */ = {
			isa = PBXContainerItemProxy;
			containerPortal = 8C9F43CF1D771915000139FC /* Project object */;
			proxyType = 1;
			remoteGlobalIDString = 8C9F43D61D771915000139FC;
			remoteInfo = LogicPuzzlesSwift;
		};
		8C9F43F91D771915000139FC /* PBXContainerItemProxy */ = {
			isa = PBXContainerItemProxy;
			containerPortal = 8C9F43CF1D771915000139FC /* Project object */;
			proxyType = 1;
			remoteGlobalIDString = 8C9F43D61D771915000139FC;
			remoteInfo = LogicPuzzlesSwift;
		};
/* End PBXContainerItemProxy section */

/* Begin PBXCopyFilesBuildPhase section */
		8C21641F1D8FBE9F00A39B47 /* Embed Frameworks */ = {
			isa = PBXCopyFilesBuildPhase;
			buildActionMask = 2147483647;
			dstPath = "";
			dstSubfolderSpec = 10;
			files = (
				8C31FE6F1D90E415008793BF /* SharkORM.framework in Embed Frameworks */,
			);
			name = "Embed Frameworks";
			runOnlyForDeploymentPostprocessing = 0;
		};
/* End PBXCopyFilesBuildPhase section */

/* Begin PBXFileReference section */
		8C0940841DC0D95100294662 /* HitoriDocument.swift */ = {isa = PBXFileReference; fileEncoding = 4; lastKnownFileType = sourcecode.swift; path = HitoriDocument.swift; sourceTree = "<group>"; };
		8C0940851DC0D95100294662 /* HitoriGame.swift */ = {isa = PBXFileReference; fileEncoding = 4; lastKnownFileType = sourcecode.swift; path = HitoriGame.swift; sourceTree = "<group>"; };
		8C0940861DC0D95100294662 /* HitoriGameScene.swift */ = {isa = PBXFileReference; fileEncoding = 4; lastKnownFileType = sourcecode.swift; path = HitoriGameScene.swift; sourceTree = "<group>"; };
		8C0940871DC0D95100294662 /* HitoriGameState.swift */ = {isa = PBXFileReference; fileEncoding = 4; lastKnownFileType = sourcecode.swift; path = HitoriGameState.swift; sourceTree = "<group>"; };
		8C0940881DC0D95100294662 /* HitoriGameViewController.swift */ = {isa = PBXFileReference; fileEncoding = 4; lastKnownFileType = sourcecode.swift; path = HitoriGameViewController.swift; sourceTree = "<group>"; };
		8C0940891DC0D95100294662 /* HitoriGridNode.swift */ = {isa = PBXFileReference; fileEncoding = 4; lastKnownFileType = sourcecode.swift; path = HitoriGridNode.swift; sourceTree = "<group>"; };
		8C09408A1DC0D95100294662 /* HitoriLevels.xml */ = {isa = PBXFileReference; fileEncoding = 4; lastKnownFileType = text.xml; path = HitoriLevels.xml; sourceTree = "<group>"; };
		8C09408B1DC0D95100294662 /* HitoriMainViewController.swift */ = {isa = PBXFileReference; fileEncoding = 4; lastKnownFileType = sourcecode.swift; path = HitoriMainViewController.swift; sourceTree = "<group>"; };
		8C09408C1DC0D95100294662 /* HitoriMixin.swift */ = {isa = PBXFileReference; fileEncoding = 4; lastKnownFileType = sourcecode.swift; path = HitoriMixin.swift; sourceTree = "<group>"; };
		8C09408D1DC0D95100294662 /* HitoriObject.swift */ = {isa = PBXFileReference; fileEncoding = 4; lastKnownFileType = sourcecode.swift; path = HitoriObject.swift; sourceTree = "<group>"; };
		8C09408E1DC0D95100294662 /* HitoriOptionsViewController.swift */ = {isa = PBXFileReference; fileEncoding = 4; lastKnownFileType = sourcecode.swift; path = HitoriOptionsViewController.swift; sourceTree = "<group>"; };
		8C09408F1DC0D95100294662 /* HitoriTables.swift */ = {isa = PBXFileReference; fileEncoding = 4; lastKnownFileType = sourcecode.swift; path = HitoriTables.swift; sourceTree = "<group>"; };
		8C09409E1DC0DC3E00294662 /* Base */ = {isa = PBXFileReference; lastKnownFileType = file.storyboard; name = Base; path = LogicPuzzlesSwift/Base.lproj/Hitori.storyboard; sourceTree = SOURCE_ROOT; };
		8C0A58011DB37A6A00BFCE16 /* SlitherLinkDocument.swift */ = {isa = PBXFileReference; fileEncoding = 4; lastKnownFileType = sourcecode.swift; path = SlitherLinkDocument.swift; sourceTree = "<group>"; };
		8C0A58021DB37A6A00BFCE16 /* SlitherLinkGame.swift */ = {isa = PBXFileReference; fileEncoding = 4; lastKnownFileType = sourcecode.swift; path = SlitherLinkGame.swift; sourceTree = "<group>"; };
		8C0A58031DB37A6A00BFCE16 /* SlitherLinkGameScene.swift */ = {isa = PBXFileReference; fileEncoding = 4; lastKnownFileType = sourcecode.swift; path = SlitherLinkGameScene.swift; sourceTree = "<group>"; };
		8C0A58041DB37A6A00BFCE16 /* SlitherLinkGameState.swift */ = {isa = PBXFileReference; fileEncoding = 4; lastKnownFileType = sourcecode.swift; path = SlitherLinkGameState.swift; sourceTree = "<group>"; };
		8C0A58051DB37A6A00BFCE16 /* SlitherLinkGameViewController.swift */ = {isa = PBXFileReference; fileEncoding = 4; lastKnownFileType = sourcecode.swift; path = SlitherLinkGameViewController.swift; sourceTree = "<group>"; };
		8C0A58061DB37A6A00BFCE16 /* SlitherLinkGridNode.swift */ = {isa = PBXFileReference; fileEncoding = 4; lastKnownFileType = sourcecode.swift; path = SlitherLinkGridNode.swift; sourceTree = "<group>"; };
		8C0A58071DB37A6A00BFCE16 /* SlitherLinkLevels.xml */ = {isa = PBXFileReference; fileEncoding = 4; lastKnownFileType = text.xml; name = SlitherLinkLevels.xml; path = SlitherLink/SlitherLinkLevels.xml; sourceTree = "<group>"; };
		8C0A58081DB37A6A00BFCE16 /* SlitherLinkMainViewController.swift */ = {isa = PBXFileReference; fileEncoding = 4; lastKnownFileType = sourcecode.swift; path = SlitherLinkMainViewController.swift; sourceTree = "<group>"; };
		8C0A58091DB37A6A00BFCE16 /* SlitherLinkMixin.swift */ = {isa = PBXFileReference; fileEncoding = 4; lastKnownFileType = sourcecode.swift; path = SlitherLinkMixin.swift; sourceTree = "<group>"; };
		8C0A580A1DB37A6A00BFCE16 /* SlitherLinkObject.swift */ = {isa = PBXFileReference; fileEncoding = 4; lastKnownFileType = sourcecode.swift; path = SlitherLinkObject.swift; sourceTree = "<group>"; };
		8C0A580B1DB37A6A00BFCE16 /* SlitherLinkOptionsViewController.swift */ = {isa = PBXFileReference; fileEncoding = 4; lastKnownFileType = sourcecode.swift; path = SlitherLinkOptionsViewController.swift; sourceTree = "<group>"; };
		8C0A580C1DB37A6A00BFCE16 /* SlitherLinkTables.swift */ = {isa = PBXFileReference; fileEncoding = 4; lastKnownFileType = sourcecode.swift; path = SlitherLinkTables.swift; sourceTree = "<group>"; };
		8C0A581A1DB37A8600BFCE16 /* Base */ = {isa = PBXFileReference; lastKnownFileType = file.storyboard; name = Base; path = LogicPuzzlesSwift/Base.lproj/SlitherLink.storyboard; sourceTree = SOURCE_ROOT; };
		8C1D169C1DB8DE930056D407 /* BreadthFirstSearch.playground */ = {isa = PBXFileReference; lastKnownFileType = file.playground; path = BreadthFirstSearch.playground; sourceTree = "<group>"; };
		8C1D169D1DB8DE930056D407 /* BreadthFirstSearch.swift */ = {isa = PBXFileReference; fileEncoding = 4; lastKnownFileType = sourcecode.swift; path = BreadthFirstSearch.swift; sourceTree = "<group>"; };
		8C1D169F1DB8DE930056D407 /* AnimatedExample.gif */ = {isa = PBXFileReference; lastKnownFileType = image.gif; path = AnimatedExample.gif; sourceTree = "<group>"; };
		8C1D16A01DB8DE930056D407 /* AnimatedExample.graffle */ = {isa = PBXFileReference; lastKnownFileType = file; path = AnimatedExample.graffle; sourceTree = "<group>"; };
		8C1D16A11DB8DE930056D407 /* AnimatedExample.psd */ = {isa = PBXFileReference; lastKnownFileType = file; path = AnimatedExample.psd; sourceTree = "<group>"; };
		8C1D16A21DB8DE930056D407 /* TraversalTree.graffle */ = {isa = PBXFileReference; lastKnownFileType = file; path = TraversalTree.graffle; sourceTree = "<group>"; };
		8C1D16A31DB8DE930056D407 /* TraversalTree.png */ = {isa = PBXFileReference; lastKnownFileType = image.png; path = TraversalTree.png; sourceTree = "<group>"; };
		8C1D16A41DB8DE930056D407 /* README.markdown */ = {isa = PBXFileReference; fileEncoding = 4; lastKnownFileType = net.daringfireball.markdown; path = README.markdown; sourceTree = "<group>"; };
		8C1D16A61DB8DE930056D407 /* BreadthFirstSearchTests.swift */ = {isa = PBXFileReference; fileEncoding = 4; lastKnownFileType = sourcecode.swift; path = BreadthFirstSearchTests.swift; sourceTree = "<group>"; };
		8C1D16A71DB8DE930056D407 /* Graph.swift */ = {isa = PBXFileReference; fileEncoding = 4; lastKnownFileType = sourcecode.swift; path = Graph.swift; sourceTree = "<group>"; };
		8C1D16A81DB8DE930056D407 /* Info.plist */ = {isa = PBXFileReference; fileEncoding = 4; lastKnownFileType = text.plist.xml; path = Info.plist; sourceTree = "<group>"; };
		8C1D16A91DB8DE930056D407 /* Queue.swift */ = {isa = PBXFileReference; fileEncoding = 4; lastKnownFileType = sourcecode.swift; path = Queue.swift; sourceTree = "<group>"; };
		8C1D16AA1DB8DE930056D407 /* Tests.xcodeproj */ = {isa = PBXFileReference; lastKnownFileType = "wrapper.pb-project"; path = Tests.xcodeproj; sourceTree = "<group>"; };
		8C31FE6D1D90E415008793BF /* SharkORM.framework */ = {isa = PBXFileReference; explicitFileType = wrapper.framework; path = SharkORM.framework; sourceTree = BUILT_PRODUCTS_DIR; };
		8C613FF61DBF647F00512393 /* CloudsDocument.swift */ = {isa = PBXFileReference; fileEncoding = 4; lastKnownFileType = sourcecode.swift; path = CloudsDocument.swift; sourceTree = "<group>"; };
		8C613FF71DBF647F00512393 /* CloudsGame.swift */ = {isa = PBXFileReference; fileEncoding = 4; lastKnownFileType = sourcecode.swift; path = CloudsGame.swift; sourceTree = "<group>"; };
		8C613FF81DBF647F00512393 /* CloudsGameScene.swift */ = {isa = PBXFileReference; fileEncoding = 4; lastKnownFileType = sourcecode.swift; path = CloudsGameScene.swift; sourceTree = "<group>"; };
		8C613FF91DBF647F00512393 /* CloudsGameState.swift */ = {isa = PBXFileReference; fileEncoding = 4; lastKnownFileType = sourcecode.swift; path = CloudsGameState.swift; sourceTree = "<group>"; };
		8C613FFA1DBF647F00512393 /* CloudsGameViewController.swift */ = {isa = PBXFileReference; fileEncoding = 4; lastKnownFileType = sourcecode.swift; path = CloudsGameViewController.swift; sourceTree = "<group>"; };
		8C613FFB1DBF647F00512393 /* CloudsGridNode.swift */ = {isa = PBXFileReference; fileEncoding = 4; lastKnownFileType = sourcecode.swift; path = CloudsGridNode.swift; sourceTree = "<group>"; };
		8C613FFC1DBF647F00512393 /* CloudsLevels.xml */ = {isa = PBXFileReference; fileEncoding = 4; lastKnownFileType = text.xml; path = CloudsLevels.xml; sourceTree = "<group>"; };
		8C613FFD1DBF647F00512393 /* CloudsMainViewController.swift */ = {isa = PBXFileReference; fileEncoding = 4; lastKnownFileType = sourcecode.swift; path = CloudsMainViewController.swift; sourceTree = "<group>"; };
		8C613FFE1DBF647F00512393 /* CloudsMixin.swift */ = {isa = PBXFileReference; fileEncoding = 4; lastKnownFileType = sourcecode.swift; path = CloudsMixin.swift; sourceTree = "<group>"; };
		8C613FFF1DBF647F00512393 /* CloudsObject.swift */ = {isa = PBXFileReference; fileEncoding = 4; lastKnownFileType = sourcecode.swift; path = CloudsObject.swift; sourceTree = "<group>"; };
		8C6140001DBF647F00512393 /* CloudsOptionsViewController.swift */ = {isa = PBXFileReference; fileEncoding = 4; lastKnownFileType = sourcecode.swift; path = CloudsOptionsViewController.swift; sourceTree = "<group>"; };
		8C6140011DBF647F00512393 /* CloudsTables.swift */ = {isa = PBXFileReference; fileEncoding = 4; lastKnownFileType = sourcecode.swift; path = CloudsTables.swift; sourceTree = "<group>"; };
		8C6140101DBFAFB200512393 /* Base */ = {isa = PBXFileReference; lastKnownFileType = file.storyboard; name = Base; path = LogicPuzzlesSwift/Base.lproj/Clouds.storyboard; sourceTree = SOURCE_ROOT; };
		8C835D641D84BCDC0067BC3E /* Position.swift */ = {isa = PBXFileReference; fileEncoding = 4; lastKnownFileType = sourcecode.swift; path = Position.swift; sourceTree = "<group>"; };
		8C886C281D9E8AF0004A42BF /* AbstractActionSheetPicker.h */ = {isa = PBXFileReference; fileEncoding = 4; lastKnownFileType = sourcecode.c.h; path = AbstractActionSheetPicker.h; sourceTree = "<group>"; };
		8C886C291D9E8AF0004A42BF /* AbstractActionSheetPicker.m */ = {isa = PBXFileReference; fileEncoding = 4; lastKnownFileType = sourcecode.c.objc; path = AbstractActionSheetPicker.m; sourceTree = "<group>"; };
		8C886C2A1D9E8AF0004A42BF /* ActionSheetCustomPicker.h */ = {isa = PBXFileReference; fileEncoding = 4; lastKnownFileType = sourcecode.c.h; path = ActionSheetCustomPicker.h; sourceTree = "<group>"; };
		8C886C2B1D9E8AF0004A42BF /* ActionSheetCustomPicker.m */ = {isa = PBXFileReference; fileEncoding = 4; lastKnownFileType = sourcecode.c.objc; path = ActionSheetCustomPicker.m; sourceTree = "<group>"; };
		8C886C2C1D9E8AF0004A42BF /* ActionSheetCustomPickerDelegate.h */ = {isa = PBXFileReference; fileEncoding = 4; lastKnownFileType = sourcecode.c.h; path = ActionSheetCustomPickerDelegate.h; sourceTree = "<group>"; };
		8C886C2D1D9E8AF0004A42BF /* ActionSheetDatePicker.h */ = {isa = PBXFileReference; fileEncoding = 4; lastKnownFileType = sourcecode.c.h; path = ActionSheetDatePicker.h; sourceTree = "<group>"; };
		8C886C2E1D9E8AF0004A42BF /* ActionSheetDatePicker.m */ = {isa = PBXFileReference; fileEncoding = 4; lastKnownFileType = sourcecode.c.objc; path = ActionSheetDatePicker.m; sourceTree = "<group>"; };
		8C886C2F1D9E8AF0004A42BF /* ActionSheetDistancePicker.h */ = {isa = PBXFileReference; fileEncoding = 4; lastKnownFileType = sourcecode.c.h; path = ActionSheetDistancePicker.h; sourceTree = "<group>"; };
		8C886C301D9E8AF0004A42BF /* ActionSheetDistancePicker.m */ = {isa = PBXFileReference; fileEncoding = 4; lastKnownFileType = sourcecode.c.objc; path = ActionSheetDistancePicker.m; sourceTree = "<group>"; };
		8C886C311D9E8AF0004A42BF /* ActionSheetLocalePicker.h */ = {isa = PBXFileReference; fileEncoding = 4; lastKnownFileType = sourcecode.c.h; path = ActionSheetLocalePicker.h; sourceTree = "<group>"; };
		8C886C321D9E8AF0004A42BF /* ActionSheetLocalePicker.m */ = {isa = PBXFileReference; fileEncoding = 4; lastKnownFileType = sourcecode.c.objc; path = ActionSheetLocalePicker.m; sourceTree = "<group>"; };
		8C886C331D9E8AF0004A42BF /* ActionSheetMultipleStringPicker.h */ = {isa = PBXFileReference; fileEncoding = 4; lastKnownFileType = sourcecode.c.h; path = ActionSheetMultipleStringPicker.h; sourceTree = "<group>"; };
		8C886C341D9E8AF0004A42BF /* ActionSheetMultipleStringPicker.m */ = {isa = PBXFileReference; fileEncoding = 4; lastKnownFileType = sourcecode.c.objc; path = ActionSheetMultipleStringPicker.m; sourceTree = "<group>"; };
		8C886C351D9E8AF1004A42BF /* ActionSheetPicker.h */ = {isa = PBXFileReference; fileEncoding = 4; lastKnownFileType = sourcecode.c.h; path = ActionSheetPicker.h; sourceTree = "<group>"; };
		8C886C361D9E8AF1004A42BF /* ActionSheetStringPicker.h */ = {isa = PBXFileReference; fileEncoding = 4; lastKnownFileType = sourcecode.c.h; path = ActionSheetStringPicker.h; sourceTree = "<group>"; };
		8C886C371D9E8AF1004A42BF /* ActionSheetStringPicker.m */ = {isa = PBXFileReference; fileEncoding = 4; lastKnownFileType = sourcecode.c.objc; path = ActionSheetStringPicker.m; sourceTree = "<group>"; };
		8C886C381D9E8AF1004A42BF /* DistancePickerView.h */ = {isa = PBXFileReference; fileEncoding = 4; lastKnownFileType = sourcecode.c.h; path = DistancePickerView.h; sourceTree = "<group>"; };
		8C886C391D9E8AF1004A42BF /* DistancePickerView.m */ = {isa = PBXFileReference; fileEncoding = 4; lastKnownFileType = sourcecode.c.objc; path = DistancePickerView.m; sourceTree = "<group>"; };
		8C886C3A1D9E8AF1004A42BF /* SWActionSheet.h */ = {isa = PBXFileReference; fileEncoding = 4; lastKnownFileType = sourcecode.c.h; path = SWActionSheet.h; sourceTree = "<group>"; };
		8C886C3B1D9E8AF1004A42BF /* SWActionSheet.m */ = {isa = PBXFileReference; fileEncoding = 4; lastKnownFileType = sourcecode.c.objc; path = SWActionSheet.m; sourceTree = "<group>"; };
		8C886C451D9E8B72004A42BF /* LogicPuzzlesSwift-Bridging-Header.h */ = {isa = PBXFileReference; lastKnownFileType = sourcecode.c.h; path = "LogicPuzzlesSwift-Bridging-Header.h"; sourceTree = SOURCE_ROOT; };
		8C916CB21DAA5E9500D9E62B /* Document.swift */ = {isa = PBXFileReference; fileEncoding = 4; lastKnownFileType = sourcecode.swift; path = Document.swift; sourceTree = "<group>"; };
		8C916CB31DAA5E9500D9E62B /* Element.swift */ = {isa = PBXFileReference; fileEncoding = 4; lastKnownFileType = sourcecode.swift; path = Element.swift; sourceTree = "<group>"; };
		8C916CB41DAA5E9500D9E62B /* Error.swift */ = {isa = PBXFileReference; fileEncoding = 4; lastKnownFileType = sourcecode.swift; path = Error.swift; sourceTree = "<group>"; };
		8C916CB51DAA5E9500D9E62B /* Fuzi.h */ = {isa = PBXFileReference; fileEncoding = 4; lastKnownFileType = sourcecode.c.h; path = Fuzi.h; sourceTree = "<group>"; };
		8C916CB61DAA5E9500D9E62B /* Helpers.swift */ = {isa = PBXFileReference; fileEncoding = 4; lastKnownFileType = sourcecode.swift; path = Helpers.swift; sourceTree = "<group>"; };
		8C916CB71DAA5E9500D9E62B /* Info.plist */ = {isa = PBXFileReference; fileEncoding = 4; lastKnownFileType = text.plist.xml; path = Info.plist; sourceTree = "<group>"; };
		8C916CB81DAA5E9500D9E62B /* Node.swift */ = {isa = PBXFileReference; fileEncoding = 4; lastKnownFileType = sourcecode.swift; path = Node.swift; sourceTree = "<group>"; };
		8C916CB91DAA5E9500D9E62B /* NodeSet.swift */ = {isa = PBXFileReference; fileEncoding = 4; lastKnownFileType = sourcecode.swift; path = NodeSet.swift; sourceTree = "<group>"; };
		8C916CBA1DAA5E9500D9E62B /* Queryable.swift */ = {isa = PBXFileReference; fileEncoding = 4; lastKnownFileType = sourcecode.swift; path = Queryable.swift; sourceTree = "<group>"; };
		8C916CC31DAA5FEB00D9E62B /* music.wav */ = {isa = PBXFileReference; lastKnownFileType = audio.wav; path = music.wav; sourceTree = "<group>"; };
		8C916CC51DAB1E6000D9E62B /* tap.wav */ = {isa = PBXFileReference; lastKnownFileType = audio.wav; path = tap.wav; sourceTree = "<group>"; };
		8C916CC91DAB2E8E00D9E62B /* SoundManager.swift */ = {isa = PBXFileReference; fileEncoding = 4; lastKnownFileType = sourcecode.swift; path = SoundManager.swift; sourceTree = "<group>"; };
		8C916CCD1DAB35FC00D9E62B /* solved.wav */ = {isa = PBXFileReference; lastKnownFileType = audio.wav; path = solved.wav; sourceTree = "<group>"; };
		8C9F43D71D771915000139FC /* LogicPuzzlesSwift.app */ = {isa = PBXFileReference; explicitFileType = wrapper.application; includeInIndex = 0; path = LogicPuzzlesSwift.app; sourceTree = BUILT_PRODUCTS_DIR; };
		8C9F43DA1D771915000139FC /* AppDelegate.swift */ = {isa = PBXFileReference; lastKnownFileType = sourcecode.swift; path = AppDelegate.swift; sourceTree = "<group>"; };
		8C9F43E11D771915000139FC /* Base */ = {isa = PBXFileReference; lastKnownFileType = file.storyboard; name = Base; path = Base.lproj/LogicPuzzles.storyboard; sourceTree = "<group>"; };
		8C9F43E31D771915000139FC /* Assets.xcassets */ = {isa = PBXFileReference; lastKnownFileType = folder.assetcatalog; path = Assets.xcassets; sourceTree = "<group>"; };
		8C9F43E61D771915000139FC /* Base */ = {isa = PBXFileReference; lastKnownFileType = file.storyboard; name = Base; path = Base.lproj/LaunchScreen.storyboard; sourceTree = "<group>"; };
		8C9F43E81D771915000139FC /* Info.plist */ = {isa = PBXFileReference; lastKnownFileType = text.plist.xml; path = Info.plist; sourceTree = "<group>"; };
		8C9F43ED1D771915000139FC /* LogicPuzzlesSwiftTests.xctest */ = {isa = PBXFileReference; explicitFileType = wrapper.cfbundle; includeInIndex = 0; path = LogicPuzzlesSwiftTests.xctest; sourceTree = BUILT_PRODUCTS_DIR; };
		8C9F43F11D771915000139FC /* LogicPuzzlesSwiftTests.swift */ = {isa = PBXFileReference; lastKnownFileType = sourcecode.swift; path = LogicPuzzlesSwiftTests.swift; sourceTree = "<group>"; };
		8C9F43F31D771915000139FC /* Info.plist */ = {isa = PBXFileReference; lastKnownFileType = text.plist.xml; path = Info.plist; sourceTree = "<group>"; };
		8C9F43F81D771915000139FC /* LogicPuzzlesSwiftUITests.xctest */ = {isa = PBXFileReference; explicitFileType = wrapper.cfbundle; includeInIndex = 0; path = LogicPuzzlesSwiftUITests.xctest; sourceTree = BUILT_PRODUCTS_DIR; };
		8C9F43FC1D771915000139FC /* LogicPuzzlesSwiftUITests.swift */ = {isa = PBXFileReference; lastKnownFileType = sourcecode.swift; path = LogicPuzzlesSwiftUITests.swift; sourceTree = "<group>"; };
		8C9F43FE1D771915000139FC /* Info.plist */ = {isa = PBXFileReference; lastKnownFileType = text.plist.xml; path = Info.plist; sourceTree = "<group>"; };
		8CCF1C011D8E1DB000AB6594 /* lightbulb.png */ = {isa = PBXFileReference; lastKnownFileType = image.png; path = lightbulb.png; sourceTree = "<group>"; };
		8CE6BC921DB110D50087BC15 /* LightUpDocument.swift */ = {isa = PBXFileReference; fileEncoding = 4; lastKnownFileType = sourcecode.swift; path = LightUpDocument.swift; sourceTree = "<group>"; };
		8CE6BC931DB110D50087BC15 /* LightUpGame.swift */ = {isa = PBXFileReference; fileEncoding = 4; lastKnownFileType = sourcecode.swift; path = LightUpGame.swift; sourceTree = "<group>"; };
		8CE6BC941DB110D50087BC15 /* LightUpMixin.swift */ = {isa = PBXFileReference; fileEncoding = 4; lastKnownFileType = sourcecode.swift; path = LightUpMixin.swift; sourceTree = "<group>"; };
		8CE6BC951DB110D50087BC15 /* LightUpObject.swift */ = {isa = PBXFileReference; fileEncoding = 4; lastKnownFileType = sourcecode.swift; path = LightUpObject.swift; sourceTree = "<group>"; };
		8CE6BC961DB110D50087BC15 /* LightUpTables.swift */ = {isa = PBXFileReference; fileEncoding = 4; lastKnownFileType = sourcecode.swift; path = LightUpTables.swift; sourceTree = "<group>"; };
		8CE6BC971DB110D50087BC15 /* LightUpGameScene.swift */ = {isa = PBXFileReference; fileEncoding = 4; lastKnownFileType = sourcecode.swift; path = LightUpGameScene.swift; sourceTree = "<group>"; };
		8CE6BC981DB110D50087BC15 /* LightUpGameState.swift */ = {isa = PBXFileReference; fileEncoding = 4; lastKnownFileType = sourcecode.swift; path = LightUpGameState.swift; sourceTree = "<group>"; };
		8CE6BC991DB110D50087BC15 /* LightUpGameViewController.swift */ = {isa = PBXFileReference; fileEncoding = 4; lastKnownFileType = sourcecode.swift; path = LightUpGameViewController.swift; sourceTree = "<group>"; };
		8CE6BC9A1DB110D50087BC15 /* LightUpGridNode.swift */ = {isa = PBXFileReference; fileEncoding = 4; lastKnownFileType = sourcecode.swift; path = LightUpGridNode.swift; sourceTree = "<group>"; };
		8CE6BC9B1DB110D50087BC15 /* LightUpLevels.xml */ = {isa = PBXFileReference; fileEncoding = 4; lastKnownFileType = text.xml; name = LightUpLevels.xml; path = LightUp/LightUpLevels.xml; sourceTree = "<group>"; };
		8CE6BCA61DB110F30087BC15 /* LightUpMainViewController.swift */ = {isa = PBXFileReference; fileEncoding = 4; lastKnownFileType = sourcecode.swift; path = LightUpMainViewController.swift; sourceTree = "<group>"; };
		8CFD4B551DB1205500DEBBAF /* Base */ = {isa = PBXFileReference; lastKnownFileType = file.storyboard; name = Base; path = LogicPuzzlesSwift/Base.lproj/LightUp.storyboard; sourceTree = SOURCE_ROOT; };
		8CFD4B571DB1213200DEBBAF /* LightUpOptionsViewController.swift */ = {isa = PBXFileReference; fileEncoding = 4; lastKnownFileType = sourcecode.swift; path = LightUpOptionsViewController.swift; sourceTree = "<group>"; };
		8CFD4B621DB12F3C00DEBBAF /* LogicPuzzlesDocument.swift */ = {isa = PBXFileReference; fileEncoding = 4; lastKnownFileType = sourcecode.swift; path = LogicPuzzlesDocument.swift; sourceTree = "<group>"; };
		8CFD4B631DB12F3C00DEBBAF /* LogicPuzzlesMixin.swift */ = {isa = PBXFileReference; fileEncoding = 4; lastKnownFileType = sourcecode.swift; path = LogicPuzzlesMixin.swift; sourceTree = "<group>"; };
		8CFD4B641DB12F3C00DEBBAF /* LogicPuzzlesTables.swift */ = {isa = PBXFileReference; fileEncoding = 4; lastKnownFileType = sourcecode.swift; path = LogicPuzzlesTables.swift; sourceTree = "<group>"; };
		8CFD4B651DB12F3C00DEBBAF /* LogicPuzzlesMainViewController.swift */ = {isa = PBXFileReference; fileEncoding = 4; lastKnownFileType = sourcecode.swift; path = LogicPuzzlesMainViewController.swift; sourceTree = "<group>"; };
		8CFD4B661DB12F3C00DEBBAF /* LogicPuzzlesOptionsViewController.swift */ = {isa = PBXFileReference; fileEncoding = 4; lastKnownFileType = sourcecode.swift; path = LogicPuzzlesOptionsViewController.swift; sourceTree = "<group>"; };
		8CFD4B6D1DB1A0CC00DEBBAF /* BridgesDocument.swift */ = {isa = PBXFileReference; fileEncoding = 4; lastKnownFileType = sourcecode.swift; path = BridgesDocument.swift; sourceTree = "<group>"; };
		8CFD4B6E1DB1A0CC00DEBBAF /* BridgesGame.swift */ = {isa = PBXFileReference; fileEncoding = 4; lastKnownFileType = sourcecode.swift; path = BridgesGame.swift; sourceTree = "<group>"; };
		8CFD4B6F1DB1A0CC00DEBBAF /* BridgesGameScene.swift */ = {isa = PBXFileReference; fileEncoding = 4; lastKnownFileType = sourcecode.swift; path = BridgesGameScene.swift; sourceTree = "<group>"; };
		8CFD4B701DB1A0CC00DEBBAF /* BridgesGameState.swift */ = {isa = PBXFileReference; fileEncoding = 4; lastKnownFileType = sourcecode.swift; path = BridgesGameState.swift; sourceTree = "<group>"; };
		8CFD4B711DB1A0CC00DEBBAF /* BridgesGameViewController.swift */ = {isa = PBXFileReference; fileEncoding = 4; lastKnownFileType = sourcecode.swift; path = BridgesGameViewController.swift; sourceTree = "<group>"; };
		8CFD4B721DB1A0CC00DEBBAF /* BridgesGridNode.swift */ = {isa = PBXFileReference; fileEncoding = 4; lastKnownFileType = sourcecode.swift; path = BridgesGridNode.swift; sourceTree = "<group>"; };
		8CFD4B731DB1A0CC00DEBBAF /* BridgesLevels.xml */ = {isa = PBXFileReference; fileEncoding = 4; lastKnownFileType = text.xml; name = BridgesLevels.xml; path = Bridges/BridgesLevels.xml; sourceTree = "<group>"; };
		8CFD4B741DB1A0CC00DEBBAF /* BridgesMainViewController.swift */ = {isa = PBXFileReference; fileEncoding = 4; lastKnownFileType = sourcecode.swift; path = BridgesMainViewController.swift; sourceTree = "<group>"; };
		8CFD4B751DB1A0CC00DEBBAF /* BridgesMixin.swift */ = {isa = PBXFileReference; fileEncoding = 4; lastKnownFileType = sourcecode.swift; path = BridgesMixin.swift; sourceTree = "<group>"; };
		8CFD4B761DB1A0CC00DEBBAF /* BridgesObject.swift */ = {isa = PBXFileReference; fileEncoding = 4; lastKnownFileType = sourcecode.swift; path = BridgesObject.swift; sourceTree = "<group>"; };
		8CFD4B771DB1A0CC00DEBBAF /* BridgesOptionsViewController.swift */ = {isa = PBXFileReference; fileEncoding = 4; lastKnownFileType = sourcecode.swift; path = BridgesOptionsViewController.swift; sourceTree = "<group>"; };
		8CFD4B781DB1A0CC00DEBBAF /* BridgesTables.swift */ = {isa = PBXFileReference; fileEncoding = 4; lastKnownFileType = sourcecode.swift; path = BridgesTables.swift; sourceTree = "<group>"; };
		8CFD4B861DB1A10200DEBBAF /* Base */ = {isa = PBXFileReference; lastKnownFileType = file.storyboard; name = Base; path = LogicPuzzlesSwift/Base.lproj/Bridges.storyboard; sourceTree = SOURCE_ROOT; };
/* End PBXFileReference section */

/* Begin PBXFrameworksBuildPhase section */
		8C9F43D41D771915000139FC /* Frameworks */ = {
			isa = PBXFrameworksBuildPhase;
			buildActionMask = 2147483647;
			files = (
				8C31FE6E1D90E415008793BF /* SharkORM.framework in Frameworks */,
			);
			runOnlyForDeploymentPostprocessing = 0;
		};
		8C9F43EA1D771915000139FC /* Frameworks */ = {
			isa = PBXFrameworksBuildPhase;
			buildActionMask = 2147483647;
			files = (
			);
			runOnlyForDeploymentPostprocessing = 0;
		};
		8C9F43F51D771915000139FC /* Frameworks */ = {
			isa = PBXFrameworksBuildPhase;
			buildActionMask = 2147483647;
			files = (
			);
			runOnlyForDeploymentPostprocessing = 0;
		};
/* End PBXFrameworksBuildPhase section */

/* Begin PBXGroup section */
		8C0940831DC0D95100294662 /* Hitori */ = {
			isa = PBXGroup;
			children = (
				8C09409D1DC0DC3E00294662 /* Hitori.storyboard */,
				8C0940841DC0D95100294662 /* HitoriDocument.swift */,
				8C0940851DC0D95100294662 /* HitoriGame.swift */,
				8C0940861DC0D95100294662 /* HitoriGameScene.swift */,
				8C0940871DC0D95100294662 /* HitoriGameState.swift */,
				8C0940881DC0D95100294662 /* HitoriGameViewController.swift */,
				8C0940891DC0D95100294662 /* HitoriGridNode.swift */,
				8C09408A1DC0D95100294662 /* HitoriLevels.xml */,
				8C09408B1DC0D95100294662 /* HitoriMainViewController.swift */,
				8C09408C1DC0D95100294662 /* HitoriMixin.swift */,
				8C09408D1DC0D95100294662 /* HitoriObject.swift */,
				8C09408E1DC0D95100294662 /* HitoriOptionsViewController.swift */,
				8C09408F1DC0D95100294662 /* HitoriTables.swift */,
			);
			name = Hitori;
			path = LogicPuzzlesSwift/Hitori;
			sourceTree = SOURCE_ROOT;
		};
		8C0A58001DB37A6A00BFCE16 /* SlitherLink */ = {
			isa = PBXGroup;
			children = (
				8C0A58191DB37A8600BFCE16 /* SlitherLink.storyboard */,
				8C0A58011DB37A6A00BFCE16 /* SlitherLinkDocument.swift */,
				8C0A58021DB37A6A00BFCE16 /* SlitherLinkGame.swift */,
				8C0A58031DB37A6A00BFCE16 /* SlitherLinkGameScene.swift */,
				8C0A58041DB37A6A00BFCE16 /* SlitherLinkGameState.swift */,
				8C0A58051DB37A6A00BFCE16 /* SlitherLinkGameViewController.swift */,
				8C0A58061DB37A6A00BFCE16 /* SlitherLinkGridNode.swift */,
				8C0A58081DB37A6A00BFCE16 /* SlitherLinkMainViewController.swift */,
				8C0A58091DB37A6A00BFCE16 /* SlitherLinkMixin.swift */,
				8C0A580A1DB37A6A00BFCE16 /* SlitherLinkObject.swift */,
				8C0A580B1DB37A6A00BFCE16 /* SlitherLinkOptionsViewController.swift */,
				8C0A580C1DB37A6A00BFCE16 /* SlitherLinkTables.swift */,
			);
			name = SlitherLink;
			path = LogicPuzzlesSwift/SlitherLink;
			sourceTree = SOURCE_ROOT;
		};
		8C1D169B1DB8DE930056D407 /* Breadth-First Search */ = {
			isa = PBXGroup;
			children = (
				8C1D169C1DB8DE930056D407 /* BreadthFirstSearch.playground */,
				8C1D169D1DB8DE930056D407 /* BreadthFirstSearch.swift */,
				8C1D169E1DB8DE930056D407 /* Images */,
				8C1D16A41DB8DE930056D407 /* README.markdown */,
				8C1D16A51DB8DE930056D407 /* Tests */,
			);
			name = "Breadth-First Search";
			path = "../../OSS/swift-algorithm-club/Breadth-First Search";
			sourceTree = "<group>";
		};
		8C1D169E1DB8DE930056D407 /* Images */ = {
			isa = PBXGroup;
			children = (
				8C1D169F1DB8DE930056D407 /* AnimatedExample.gif */,
				8C1D16A01DB8DE930056D407 /* AnimatedExample.graffle */,
				8C1D16A11DB8DE930056D407 /* AnimatedExample.psd */,
				8C1D16A21DB8DE930056D407 /* TraversalTree.graffle */,
				8C1D16A31DB8DE930056D407 /* TraversalTree.png */,
			);
			path = Images;
			sourceTree = "<group>";
		};
		8C1D16A51DB8DE930056D407 /* Tests */ = {
			isa = PBXGroup;
			children = (
				8C1D16A61DB8DE930056D407 /* BreadthFirstSearchTests.swift */,
				8C1D16A71DB8DE930056D407 /* Graph.swift */,
				8C1D16A81DB8DE930056D407 /* Info.plist */,
				8C1D16A91DB8DE930056D407 /* Queue.swift */,
				8C1D16AA1DB8DE930056D407 /* Tests.xcodeproj */,
			);
			path = Tests;
			sourceTree = "<group>";
		};
		8C1D16AB1DB8DE930056D407 /* Products */ = {
			isa = PBXGroup;
			children = (
				8C1D16BA1DB8DE940056D407 /* Tests.xctest */,
			);
			name = Products;
			sourceTree = "<group>";
		};
		8C2164131D8FB32600A39B47 /* Frameworks */ = {
			isa = PBXGroup;
			children = (
				8C31FE6D1D90E415008793BF /* SharkORM.framework */,
			);
			name = Frameworks;
			sourceTree = "<group>";
		};
		8C613FF51DBF647F00512393 /* Clouds */ = {
			isa = PBXGroup;
			children = (
				8C61400F1DBFAFB200512393 /* Clouds.storyboard */,
				8C613FF61DBF647F00512393 /* CloudsDocument.swift */,
				8C613FF71DBF647F00512393 /* CloudsGame.swift */,
				8C613FF81DBF647F00512393 /* CloudsGameScene.swift */,
				8C613FF91DBF647F00512393 /* CloudsGameState.swift */,
				8C613FFA1DBF647F00512393 /* CloudsGameViewController.swift */,
				8C613FFB1DBF647F00512393 /* CloudsGridNode.swift */,
				8C613FFC1DBF647F00512393 /* CloudsLevels.xml */,
				8C613FFD1DBF647F00512393 /* CloudsMainViewController.swift */,
				8C613FFE1DBF647F00512393 /* CloudsMixin.swift */,
				8C613FFF1DBF647F00512393 /* CloudsObject.swift */,
				8C6140001DBF647F00512393 /* CloudsOptionsViewController.swift */,
				8C6140011DBF647F00512393 /* CloudsTables.swift */,
			);
			path = Clouds;
			sourceTree = "<group>";
		};
		8C886C271D9E8AF0004A42BF /* Pickers */ = {
			isa = PBXGroup;
			children = (
				8C886C281D9E8AF0004A42BF /* AbstractActionSheetPicker.h */,
				8C886C291D9E8AF0004A42BF /* AbstractActionSheetPicker.m */,
				8C886C2A1D9E8AF0004A42BF /* ActionSheetCustomPicker.h */,
				8C886C2B1D9E8AF0004A42BF /* ActionSheetCustomPicker.m */,
				8C886C2C1D9E8AF0004A42BF /* ActionSheetCustomPickerDelegate.h */,
				8C886C2D1D9E8AF0004A42BF /* ActionSheetDatePicker.h */,
				8C886C2E1D9E8AF0004A42BF /* ActionSheetDatePicker.m */,
				8C886C2F1D9E8AF0004A42BF /* ActionSheetDistancePicker.h */,
				8C886C301D9E8AF0004A42BF /* ActionSheetDistancePicker.m */,
				8C886C311D9E8AF0004A42BF /* ActionSheetLocalePicker.h */,
				8C886C321D9E8AF0004A42BF /* ActionSheetLocalePicker.m */,
				8C886C331D9E8AF0004A42BF /* ActionSheetMultipleStringPicker.h */,
				8C886C341D9E8AF0004A42BF /* ActionSheetMultipleStringPicker.m */,
				8C886C351D9E8AF1004A42BF /* ActionSheetPicker.h */,
				8C886C361D9E8AF1004A42BF /* ActionSheetStringPicker.h */,
				8C886C371D9E8AF1004A42BF /* ActionSheetStringPicker.m */,
				8C886C381D9E8AF1004A42BF /* DistancePickerView.h */,
				8C886C391D9E8AF1004A42BF /* DistancePickerView.m */,
				8C886C3A1D9E8AF1004A42BF /* SWActionSheet.h */,
				8C886C3B1D9E8AF1004A42BF /* SWActionSheet.m */,
			);
			name = Pickers;
			path = "../../OSS/ActionSheetPicker-3.0/Pickers";
			sourceTree = "<group>";
		};
		8C916CB11DAA5E9500D9E62B /* Sources */ = {
			isa = PBXGroup;
			children = (
				8C916CB21DAA5E9500D9E62B /* Document.swift */,
				8C916CB31DAA5E9500D9E62B /* Element.swift */,
				8C916CB41DAA5E9500D9E62B /* Error.swift */,
				8C916CB51DAA5E9500D9E62B /* Fuzi.h */,
				8C916CB61DAA5E9500D9E62B /* Helpers.swift */,
				8C916CB71DAA5E9500D9E62B /* Info.plist */,
				8C916CB81DAA5E9500D9E62B /* Node.swift */,
				8C916CB91DAA5E9500D9E62B /* NodeSet.swift */,
				8C916CBA1DAA5E9500D9E62B /* Queryable.swift */,
			);
			name = Sources;
			path = ../../OSS/Fuzi/Sources;
			sourceTree = "<group>";
		};
		8C916CC81DAB297A00D9E62B /* Supporting Files */ = {
			isa = PBXGroup;
			children = (
				8CFD4B731DB1A0CC00DEBBAF /* BridgesLevels.xml */,
				8C9F43E81D771915000139FC /* Info.plist */,
				8C9F43E51D771915000139FC /* LaunchScreen.storyboard */,
				8CCF1C011D8E1DB000AB6594 /* lightbulb.png */,
				8CE6BC9B1DB110D50087BC15 /* LightUpLevels.xml */,
				8C886C451D9E8B72004A42BF /* LogicPuzzlesSwift-Bridging-Header.h */,
				8C916CC31DAA5FEB00D9E62B /* music.wav */,
				8C0A58071DB37A6A00BFCE16 /* SlitherLinkLevels.xml */,
				8C916CCD1DAB35FC00D9E62B /* solved.wav */,
				8C916CC51DAB1E6000D9E62B /* tap.wav */,
			);
			name = "Supporting Files";
			sourceTree = "<group>";
		};
		8C9F43CE1D771915000139FC = {
			isa = PBXGroup;
			children = (
				8C1D169B1DB8DE930056D407 /* Breadth-First Search */,
				8C916CB11DAA5E9500D9E62B /* Sources */,
				8C886C271D9E8AF0004A42BF /* Pickers */,
				8C9F43D91D771915000139FC /* LogicPuzzlesSwift */,
				8C9F43F01D771915000139FC /* LogicPuzzlesSwiftTests */,
				8C9F43FB1D771915000139FC /* LogicPuzzlesSwiftUITests */,
				8C9F43D81D771915000139FC /* Products */,
				8C2164131D8FB32600A39B47 /* Frameworks */,
			);
			sourceTree = "<group>";
		};
		8C9F43D81D771915000139FC /* Products */ = {
			isa = PBXGroup;
			children = (
				8C9F43D71D771915000139FC /* LogicPuzzlesSwift.app */,
				8C9F43ED1D771915000139FC /* LogicPuzzlesSwiftTests.xctest */,
				8C9F43F81D771915000139FC /* LogicPuzzlesSwiftUITests.xctest */,
			);
			name = Products;
			sourceTree = "<group>";
		};
		8C9F43D91D771915000139FC /* LogicPuzzlesSwift */ = {
			isa = PBXGroup;
			children = (
				8C9F43DA1D771915000139FC /* AppDelegate.swift */,
				8C9F43E31D771915000139FC /* Assets.xcassets */,
				8CFD4B6C1DB1A0CC00DEBBAF /* Bridges */,
				8C613FF51DBF647F00512393 /* Clouds */,
				8C0940831DC0D95100294662 /* Hitori */,
				8CE6BC911DB110D50087BC15 /* LightUp */,
				8CFD4B611DB12F3C00DEBBAF /* LogicPuzzles */,
				8C835D641D84BCDC0067BC3E /* Position.swift */,
				8C0A58001DB37A6A00BFCE16 /* SlitherLink */,
				8C916CC91DAB2E8E00D9E62B /* SoundManager.swift */,
				8C916CC81DAB297A00D9E62B /* Supporting Files */,
			);
			path = LogicPuzzlesSwift;
			sourceTree = "<group>";
		};
		8C9F43F01D771915000139FC /* LogicPuzzlesSwiftTests */ = {
			isa = PBXGroup;
			children = (
				8C9F43F11D771915000139FC /* LogicPuzzlesSwiftTests.swift */,
				8C9F43F31D771915000139FC /* Info.plist */,
			);
			path = LogicPuzzlesSwiftTests;
			sourceTree = "<group>";
		};
		8C9F43FB1D771915000139FC /* LogicPuzzlesSwiftUITests */ = {
			isa = PBXGroup;
			children = (
				8C9F43FC1D771915000139FC /* LogicPuzzlesSwiftUITests.swift */,
				8C9F43FE1D771915000139FC /* Info.plist */,
			);
			path = LogicPuzzlesSwiftUITests;
			sourceTree = "<group>";
		};
		8CE6BC911DB110D50087BC15 /* LightUp */ = {
			isa = PBXGroup;
			children = (
				8CFD4B541DB1205500DEBBAF /* LightUp.storyboard */,
				8CE6BC921DB110D50087BC15 /* LightUpDocument.swift */,
				8CE6BC931DB110D50087BC15 /* LightUpGame.swift */,
				8CE6BC971DB110D50087BC15 /* LightUpGameScene.swift */,
				8CE6BC981DB110D50087BC15 /* LightUpGameState.swift */,
				8CE6BC991DB110D50087BC15 /* LightUpGameViewController.swift */,
				8CE6BC9A1DB110D50087BC15 /* LightUpGridNode.swift */,
				8CE6BCA61DB110F30087BC15 /* LightUpMainViewController.swift */,
				8CE6BC941DB110D50087BC15 /* LightUpMixin.swift */,
				8CE6BC951DB110D50087BC15 /* LightUpObject.swift */,
				8CFD4B571DB1213200DEBBAF /* LightUpOptionsViewController.swift */,
				8CE6BC961DB110D50087BC15 /* LightUpTables.swift */,
			);
			path = LightUp;
			sourceTree = "<group>";
		};
		8CFD4B611DB12F3C00DEBBAF /* LogicPuzzles */ = {
			isa = PBXGroup;
			children = (
				8C9F43E01D771915000139FC /* LogicPuzzles.storyboard */,
				8CFD4B621DB12F3C00DEBBAF /* LogicPuzzlesDocument.swift */,
				8CFD4B651DB12F3C00DEBBAF /* LogicPuzzlesMainViewController.swift */,
				8CFD4B631DB12F3C00DEBBAF /* LogicPuzzlesMixin.swift */,
				8CFD4B661DB12F3C00DEBBAF /* LogicPuzzlesOptionsViewController.swift */,
				8CFD4B641DB12F3C00DEBBAF /* LogicPuzzlesTables.swift */,
			);
			name = LogicPuzzles;
			path = LogicPuzzlesSwift/LogicPuzzles;
			sourceTree = SOURCE_ROOT;
		};
		8CFD4B6C1DB1A0CC00DEBBAF /* Bridges */ = {
			isa = PBXGroup;
			children = (
				8CFD4B851DB1A10200DEBBAF /* Bridges.storyboard */,
				8CFD4B6D1DB1A0CC00DEBBAF /* BridgesDocument.swift */,
				8CFD4B6E1DB1A0CC00DEBBAF /* BridgesGame.swift */,
				8CFD4B6F1DB1A0CC00DEBBAF /* BridgesGameScene.swift */,
				8CFD4B701DB1A0CC00DEBBAF /* BridgesGameState.swift */,
				8CFD4B711DB1A0CC00DEBBAF /* BridgesGameViewController.swift */,
				8CFD4B721DB1A0CC00DEBBAF /* BridgesGridNode.swift */,
				8CFD4B741DB1A0CC00DEBBAF /* BridgesMainViewController.swift */,
				8CFD4B751DB1A0CC00DEBBAF /* BridgesMixin.swift */,
				8CFD4B761DB1A0CC00DEBBAF /* BridgesObject.swift */,
				8CFD4B771DB1A0CC00DEBBAF /* BridgesOptionsViewController.swift */,
				8CFD4B781DB1A0CC00DEBBAF /* BridgesTables.swift */,
			);
			path = Bridges;
			sourceTree = "<group>";
		};
/* End PBXGroup section */

/* Begin PBXNativeTarget section */
		8C9F43D61D771915000139FC /* LogicPuzzlesSwift */ = {
			isa = PBXNativeTarget;
			buildConfigurationList = 8C9F44011D771915000139FC /* Build configuration list for PBXNativeTarget "LogicPuzzlesSwift" */;
			buildPhases = (
				8C9F43D31D771915000139FC /* Sources */,
				8C9F43D41D771915000139FC /* Frameworks */,
				8C9F43D51D771915000139FC /* Resources */,
				8C21641F1D8FBE9F00A39B47 /* Embed Frameworks */,
			);
			buildRules = (
			);
			dependencies = (
			);
			name = LogicPuzzlesSwift;
			productName = LogicPuzzlesSwift;
			productReference = 8C9F43D71D771915000139FC /* LogicPuzzlesSwift.app */;
			productType = "com.apple.product-type.application";
		};
		8C9F43EC1D771915000139FC /* LogicPuzzlesSwiftTests */ = {
			isa = PBXNativeTarget;
			buildConfigurationList = 8C9F44041D771915000139FC /* Build configuration list for PBXNativeTarget "LogicPuzzlesSwiftTests" */;
			buildPhases = (
				8C9F43E91D771915000139FC /* Sources */,
				8C9F43EA1D771915000139FC /* Frameworks */,
				8C9F43EB1D771915000139FC /* Resources */,
			);
			buildRules = (
			);
			dependencies = (
				8C9F43EF1D771915000139FC /* PBXTargetDependency */,
			);
			name = LogicPuzzlesSwiftTests;
			productName = LogicPuzzlesSwiftTests;
			productReference = 8C9F43ED1D771915000139FC /* LogicPuzzlesSwiftTests.xctest */;
			productType = "com.apple.product-type.bundle.unit-test";
		};
		8C9F43F71D771915000139FC /* LogicPuzzlesSwiftUITests */ = {
			isa = PBXNativeTarget;
			buildConfigurationList = 8C9F44071D771915000139FC /* Build configuration list for PBXNativeTarget "LogicPuzzlesSwiftUITests" */;
			buildPhases = (
				8C9F43F41D771915000139FC /* Sources */,
				8C9F43F51D771915000139FC /* Frameworks */,
				8C9F43F61D771915000139FC /* Resources */,
			);
			buildRules = (
			);
			dependencies = (
				8C9F43FA1D771915000139FC /* PBXTargetDependency */,
			);
			name = LogicPuzzlesSwiftUITests;
			productName = LogicPuzzlesSwiftUITests;
			productReference = 8C9F43F81D771915000139FC /* LogicPuzzlesSwiftUITests.xctest */;
			productType = "com.apple.product-type.bundle.ui-testing";
		};
/* End PBXNativeTarget section */

/* Begin PBXProject section */
		8C9F43CF1D771915000139FC /* Project object */ = {
			isa = PBXProject;
			attributes = {
				LastSwiftUpdateCheck = 0730;
				LastUpgradeCheck = 0800;
				ORGANIZATIONNAME = "趙偉";
				TargetAttributes = {
					8C9F43D61D771915000139FC = {
						CreatedOnToolsVersion = 7.3.1;
						DevelopmentTeam = U259NHMY78;
						LastSwiftMigration = 0800;
					};
					8C9F43EC1D771915000139FC = {
						CreatedOnToolsVersion = 7.3.1;
						LastSwiftMigration = 0800;
						TestTargetID = 8C9F43D61D771915000139FC;
					};
					8C9F43F71D771915000139FC = {
						CreatedOnToolsVersion = 7.3.1;
						LastSwiftMigration = 0800;
						TestTargetID = 8C9F43D61D771915000139FC;
					};
				};
			};
			buildConfigurationList = 8C9F43D21D771915000139FC /* Build configuration list for PBXProject "LogicPuzzlesSwift" */;
			compatibilityVersion = "Xcode 3.2";
			developmentRegion = English;
			hasScannedForEncodings = 0;
			knownRegions = (
				en,
				Base,
			);
			mainGroup = 8C9F43CE1D771915000139FC;
			productRefGroup = 8C9F43D81D771915000139FC /* Products */;
			projectDirPath = "";
			projectReferences = (
				{
					ProductGroup = 8C1D16AB1DB8DE930056D407 /* Products */;
					ProjectRef = 8C1D16AA1DB8DE930056D407 /* Tests.xcodeproj */;
				},
			);
			projectRoot = "";
			targets = (
				8C9F43D61D771915000139FC /* LogicPuzzlesSwift */,
				8C9F43EC1D771915000139FC /* LogicPuzzlesSwiftTests */,
				8C9F43F71D771915000139FC /* LogicPuzzlesSwiftUITests */,
			);
		};
/* End PBXProject section */

/* Begin PBXReferenceProxy section */
		8C1D16BA1DB8DE940056D407 /* Tests.xctest */ = {
			isa = PBXReferenceProxy;
			fileType = wrapper.cfbundle;
			path = Tests.xctest;
			remoteRef = 8C1D16B91DB8DE940056D407 /* PBXContainerItemProxy */;
			sourceTree = BUILT_PRODUCTS_DIR;
		};
/* End PBXReferenceProxy section */

/* Begin PBXResourcesBuildPhase section */
		8C9F43D51D771915000139FC /* Resources */ = {
			isa = PBXResourcesBuildPhase;
			buildActionMask = 2147483647;
			files = (
				8C0A58131DB37A6A00BFCE16 /* SlitherLinkLevels.xml in Resources */,
				8C0940961DC0D95100294662 /* HitoriLevels.xml in Resources */,
				8C916CCE1DAB35FC00D9E62B /* solved.wav in Resources */,
				8C6140111DBFAFB200512393 /* Clouds.storyboard in Resources */,
				8C1D16B21DB8DE930056D407 /* TraversalTree.png in Resources */,
				8C1D16AE1DB8DE930056D407 /* AnimatedExample.gif in Resources */,
				8C6140081DBF647F00512393 /* CloudsLevels.xml in Resources */,
				8C9F43E71D771915000139FC /* LaunchScreen.storyboard in Resources */,
				8C916CC61DAB1E6000D9E62B /* tap.wav in Resources */,
				8C1D16B11DB8DE930056D407 /* TraversalTree.graffle in Resources */,
				8CFD4B561DB1205500DEBBAF /* LightUp.storyboard in Resources */,
				8C9F43E41D771915000139FC /* Assets.xcassets in Resources */,
				8C09409F1DC0DC3E00294662 /* Hitori.storyboard in Resources */,
				8C1D16B61DB8DE930056D407 /* Info.plist in Resources */,
				8C1D16B01DB8DE930056D407 /* AnimatedExample.psd in Resources */,
				8C1D16AF1DB8DE930056D407 /* AnimatedExample.graffle in Resources */,
				8CFD4B7F1DB1A0CC00DEBBAF /* BridgesLevels.xml in Resources */,
				8CE6BCA51DB110D50087BC15 /* LightUpLevels.xml in Resources */,
				8CCF1C021D8E1DB100AB6594 /* lightbulb.png in Resources */,
				8C0A581B1DB37A8600BFCE16 /* SlitherLink.storyboard in Resources */,
				8C9F43E21D771915000139FC /* LogicPuzzles.storyboard in Resources */,
				8CFD4B871DB1A10200DEBBAF /* Bridges.storyboard in Resources */,
				8C916CC41DAA5FEB00D9E62B /* music.wav in Resources */,
			);
			runOnlyForDeploymentPostprocessing = 0;
		};
		8C9F43EB1D771915000139FC /* Resources */ = {
			isa = PBXResourcesBuildPhase;
			buildActionMask = 2147483647;
			files = (
			);
			runOnlyForDeploymentPostprocessing = 0;
		};
		8C9F43F61D771915000139FC /* Resources */ = {
			isa = PBXResourcesBuildPhase;
			buildActionMask = 2147483647;
			files = (
			);
			runOnlyForDeploymentPostprocessing = 0;
		};
/* End PBXResourcesBuildPhase section */

/* Begin PBXSourcesBuildPhase section */
		8C9F43D31D771915000139FC /* Sources */ = {
			isa = PBXSourcesBuildPhase;
			buildActionMask = 2147483647;
			files = (
				8C6140021DBF647F00512393 /* CloudsDocument.swift in Sources */,
				8C0A580F1DB37A6A00BFCE16 /* SlitherLinkGameScene.swift in Sources */,
				8C0940921DC0D95100294662 /* HitoriGameScene.swift in Sources */,
				8C6140041DBF647F00512393 /* CloudsGameScene.swift in Sources */,
				8C916CCA1DAB2E8E00D9E62B /* SoundManager.swift in Sources */,
				8C1D16B31DB8DE930056D407 /* README.markdown in Sources */,
				8C0940951DC0D95100294662 /* HitoriGridNode.swift in Sources */,
				8CFD4B841DB1A0CC00DEBBAF /* BridgesTables.swift in Sources */,
				8C916CBB1DAA5E9500D9E62B /* Document.swift in Sources */,
				8C0A580E1DB37A6A00BFCE16 /* SlitherLinkGame.swift in Sources */,
				8C0A58171DB37A6A00BFCE16 /* SlitherLinkOptionsViewController.swift in Sources */,
				8C0A580D1DB37A6A00BFCE16 /* SlitherLinkDocument.swift in Sources */,
				8C916CC01DAA5E9500D9E62B /* Node.swift in Sources */,
				8CE6BCA11DB110D50087BC15 /* LightUpGameScene.swift in Sources */,
				8C6140061DBF647F00512393 /* CloudsGameViewController.swift in Sources */,
				8C0940901DC0D95100294662 /* HitoriDocument.swift in Sources */,
				8CFD4B811DB1A0CC00DEBBAF /* BridgesMixin.swift in Sources */,
				8C0940941DC0D95100294662 /* HitoriGameViewController.swift in Sources */,
				8C0A58101DB37A6A00BFCE16 /* SlitherLinkGameState.swift in Sources */,
				8C1D16B51DB8DE930056D407 /* Graph.swift in Sources */,
				8C886C441D9E8AF1004A42BF /* SWActionSheet.m in Sources */,
				8C6140051DBF647F00512393 /* CloudsGameState.swift in Sources */,
				8CE6BC9F1DB110D50087BC15 /* LightUpObject.swift in Sources */,
				8C6140091DBF647F00512393 /* CloudsMainViewController.swift in Sources */,
				8CE6BC9C1DB110D50087BC15 /* LightUpDocument.swift in Sources */,
				8CFD4B791DB1A0CC00DEBBAF /* BridgesDocument.swift in Sources */,
				8CFD4B7E1DB1A0CC00DEBBAF /* BridgesGridNode.swift in Sources */,
				8C61400C1DBF647F00512393 /* CloudsOptionsViewController.swift in Sources */,
				8C0940971DC0D95100294662 /* HitoriMainViewController.swift in Sources */,
				8CFD4B831DB1A0CC00DEBBAF /* BridgesOptionsViewController.swift in Sources */,
				8CFD4B6A1DB12F3C00DEBBAF /* LogicPuzzlesMainViewController.swift in Sources */,
				8C0940991DC0D95100294662 /* HitoriObject.swift in Sources */,
				8CE6BCA41DB110D50087BC15 /* LightUpGridNode.swift in Sources */,
				8C0A58161DB37A6A00BFCE16 /* SlitherLinkObject.swift in Sources */,
				8C886C401D9E8AF1004A42BF /* ActionSheetLocalePicker.m in Sources */,
				8C61400B1DBF647F00512393 /* CloudsObject.swift in Sources */,
				8C09409A1DC0D95100294662 /* HitoriOptionsViewController.swift in Sources */,
				8CE6BCA71DB110F30087BC15 /* LightUpMainViewController.swift in Sources */,
				8CE6BCA31DB110D50087BC15 /* LightUpGameViewController.swift in Sources */,
				8C835D651D84BCDC0067BC3E /* Position.swift in Sources */,
				8CE6BCA01DB110D50087BC15 /* LightUpTables.swift in Sources */,
				8CFD4B821DB1A0CC00DEBBAF /* BridgesObject.swift in Sources */,
				8C09409B1DC0D95100294662 /* HitoriTables.swift in Sources */,
				8CFD4B671DB12F3C00DEBBAF /* LogicPuzzlesDocument.swift in Sources */,
				8C9F43DB1D771915000139FC /* AppDelegate.swift in Sources */,
				8C886C3C1D9E8AF1004A42BF /* AbstractActionSheetPicker.m in Sources */,
				8CFD4B681DB12F3C00DEBBAF /* LogicPuzzlesMixin.swift in Sources */,
				8CFD4B801DB1A0CC00DEBBAF /* BridgesMainViewController.swift in Sources */,
				8C0940931DC0D95100294662 /* HitoriGameState.swift in Sources */,
				8CFD4B581DB1213200DEBBAF /* LightUpOptionsViewController.swift in Sources */,
				8C0A58181DB37A6A00BFCE16 /* SlitherLinkTables.swift in Sources */,
				8C916CBE1DAA5E9500D9E62B /* Helpers.swift in Sources */,
				8C886C3E1D9E8AF1004A42BF /* ActionSheetDatePicker.m in Sources */,
				8C886C431D9E8AF1004A42BF /* DistancePickerView.m in Sources */,
				8CE6BC9E1DB110D50087BC15 /* LightUpMixin.swift in Sources */,
				8C61400A1DBF647F00512393 /* CloudsMixin.swift in Sources */,
				8C886C421D9E8AF1004A42BF /* ActionSheetStringPicker.m in Sources */,
				8CFD4B6B1DB12F3C00DEBBAF /* LogicPuzzlesOptionsViewController.swift in Sources */,
				8C916CBD1DAA5E9500D9E62B /* Error.swift in Sources */,
				8C61400D1DBF647F00512393 /* CloudsTables.swift in Sources */,
				8C0A58121DB37A6A00BFCE16 /* SlitherLinkGridNode.swift in Sources */,
				8CFD4B691DB12F3C00DEBBAF /* LogicPuzzlesTables.swift in Sources */,
				8C916CC21DAA5E9500D9E62B /* Queryable.swift in Sources */,
				8CFD4B7A1DB1A0CC00DEBBAF /* BridgesGame.swift in Sources */,
				8C6140031DBF647F00512393 /* CloudsGame.swift in Sources */,
				8C916CC11DAA5E9500D9E62B /* NodeSet.swift in Sources */,
				8CFD4B7C1DB1A0CC00DEBBAF /* BridgesGameState.swift in Sources */,
				8C0940981DC0D95100294662 /* HitoriMixin.swift in Sources */,
				8CE6BCA21DB110D50087BC15 /* LightUpGameState.swift in Sources */,
				8C886C3F1D9E8AF1004A42BF /* ActionSheetDistancePicker.m in Sources */,
				8CFD4B7B1DB1A0CC00DEBBAF /* BridgesGameScene.swift in Sources */,
				8C1D16B71DB8DE930056D407 /* Queue.swift in Sources */,
				8C1D16AD1DB8DE930056D407 /* BreadthFirstSearch.swift in Sources */,
				8CFD4B7D1DB1A0CC00DEBBAF /* BridgesGameViewController.swift in Sources */,
				8C0A58151DB37A6A00BFCE16 /* SlitherLinkMixin.swift in Sources */,
				8C886C3D1D9E8AF1004A42BF /* ActionSheetCustomPicker.m in Sources */,
				8C6140071DBF647F00512393 /* CloudsGridNode.swift in Sources */,
				8C0940911DC0D95100294662 /* HitoriGame.swift in Sources */,
				8C916CBC1DAA5E9500D9E62B /* Element.swift in Sources */,
				8C886C411D9E8AF1004A42BF /* ActionSheetMultipleStringPicker.m in Sources */,
				8C0A58111DB37A6A00BFCE16 /* SlitherLinkGameViewController.swift in Sources */,
				8CE6BC9D1DB110D50087BC15 /* LightUpGame.swift in Sources */,
				8C0A58141DB37A6A00BFCE16 /* SlitherLinkMainViewController.swift in Sources */,
			);
			runOnlyForDeploymentPostprocessing = 0;
		};
		8C9F43E91D771915000139FC /* Sources */ = {
			isa = PBXSourcesBuildPhase;
			buildActionMask = 2147483647;
			files = (
				8C9F43F21D771915000139FC /* LogicPuzzlesSwiftTests.swift in Sources */,
			);
			runOnlyForDeploymentPostprocessing = 0;
		};
		8C9F43F41D771915000139FC /* Sources */ = {
			isa = PBXSourcesBuildPhase;
			buildActionMask = 2147483647;
			files = (
				8C9F43FD1D771915000139FC /* LogicPuzzlesSwiftUITests.swift in Sources */,
			);
			runOnlyForDeploymentPostprocessing = 0;
		};
/* End PBXSourcesBuildPhase section */

/* Begin PBXTargetDependency section */
		8C9F43EF1D771915000139FC /* PBXTargetDependency */ = {
			isa = PBXTargetDependency;
			target = 8C9F43D61D771915000139FC /* LogicPuzzlesSwift */;
			targetProxy = 8C9F43EE1D771915000139FC /* PBXContainerItemProxy */;
		};
		8C9F43FA1D771915000139FC /* PBXTargetDependency */ = {
			isa = PBXTargetDependency;
			target = 8C9F43D61D771915000139FC /* LogicPuzzlesSwift */;
			targetProxy = 8C9F43F91D771915000139FC /* PBXContainerItemProxy */;
		};
/* End PBXTargetDependency section */

/* Begin PBXVariantGroup section */
		8C09409D1DC0DC3E00294662 /* Hitori.storyboard */ = {
			isa = PBXVariantGroup;
			children = (
				8C09409E1DC0DC3E00294662 /* Base */,
			);
			name = Hitori.storyboard;
			sourceTree = "<group>";
		};
		8C0A58191DB37A8600BFCE16 /* SlitherLink.storyboard */ = {
			isa = PBXVariantGroup;
			children = (
				8C0A581A1DB37A8600BFCE16 /* Base */,
			);
			name = SlitherLink.storyboard;
			sourceTree = "<group>";
		};
		8C61400F1DBFAFB200512393 /* Clouds.storyboard */ = {
			isa = PBXVariantGroup;
			children = (
				8C6140101DBFAFB200512393 /* Base */,
			);
			name = Clouds.storyboard;
			sourceTree = "<group>";
		};
		8C9F43E01D771915000139FC /* LogicPuzzles.storyboard */ = {
			isa = PBXVariantGroup;
			children = (
				8C9F43E11D771915000139FC /* Base */,
			);
			name = LogicPuzzles.storyboard;
			path = ..;
			sourceTree = "<group>";
		};
		8C9F43E51D771915000139FC /* LaunchScreen.storyboard */ = {
			isa = PBXVariantGroup;
			children = (
				8C9F43E61D771915000139FC /* Base */,
			);
			name = LaunchScreen.storyboard;
			sourceTree = "<group>";
		};
		8CFD4B541DB1205500DEBBAF /* LightUp.storyboard */ = {
			isa = PBXVariantGroup;
			children = (
				8CFD4B551DB1205500DEBBAF /* Base */,
			);
			name = LightUp.storyboard;
			sourceTree = "<group>";
		};
		8CFD4B851DB1A10200DEBBAF /* Bridges.storyboard */ = {
			isa = PBXVariantGroup;
			children = (
				8CFD4B861DB1A10200DEBBAF /* Base */,
			);
			name = Bridges.storyboard;
			sourceTree = "<group>";
		};
/* End PBXVariantGroup section */

/* Begin XCBuildConfiguration section */
		8C9F43FF1D771915000139FC /* Debug */ = {
			isa = XCBuildConfiguration;
			buildSettings = {
				ALWAYS_SEARCH_USER_PATHS = NO;
				CLANG_ANALYZER_NONNULL = YES;
				CLANG_CXX_LANGUAGE_STANDARD = "gnu++0x";
				CLANG_CXX_LIBRARY = "libc++";
				CLANG_ENABLE_MODULES = YES;
				CLANG_ENABLE_OBJC_ARC = YES;
				CLANG_WARN_BOOL_CONVERSION = YES;
				CLANG_WARN_CONSTANT_CONVERSION = YES;
				CLANG_WARN_DIRECT_OBJC_ISA_USAGE = YES_ERROR;
				CLANG_WARN_EMPTY_BODY = YES;
				CLANG_WARN_ENUM_CONVERSION = YES;
				CLANG_WARN_INFINITE_RECURSION = YES;
				CLANG_WARN_INT_CONVERSION = YES;
				CLANG_WARN_OBJC_ROOT_CLASS = YES_ERROR;
				CLANG_WARN_SUSPICIOUS_MOVE = YES;
				CLANG_WARN_UNREACHABLE_CODE = YES;
				CLANG_WARN__DUPLICATE_METHOD_MATCH = YES;
				"CODE_SIGN_IDENTITY[sdk=iphoneos*]" = "iPhone Developer";
				COPY_PHASE_STRIP = NO;
				DEBUG_INFORMATION_FORMAT = "dwarf-with-dsym";
				ENABLE_STRICT_OBJC_MSGSEND = YES;
				ENABLE_TESTABILITY = YES;
				GCC_C_LANGUAGE_STANDARD = gnu99;
				GCC_DYNAMIC_NO_PIC = NO;
				GCC_NO_COMMON_BLOCKS = YES;
				GCC_OPTIMIZATION_LEVEL = 0;
				GCC_PREPROCESSOR_DEFINITIONS = (
					"DEBUG=1",
					"$(inherited)",
				);
				GCC_WARN_64_TO_32_BIT_CONVERSION = YES;
				GCC_WARN_ABOUT_RETURN_TYPE = YES_ERROR;
				GCC_WARN_UNDECLARED_SELECTOR = YES;
				GCC_WARN_UNINITIALIZED_AUTOS = YES_AGGRESSIVE;
				GCC_WARN_UNUSED_FUNCTION = YES;
				GCC_WARN_UNUSED_VARIABLE = YES;
				IPHONEOS_DEPLOYMENT_TARGET = 8.0;
				MTL_ENABLE_DEBUG_INFO = YES;
				ONLY_ACTIVE_ARCH = YES;
				SDKROOT = iphoneos;
				SWIFT_OPTIMIZATION_LEVEL = "-Onone";
				TARGETED_DEVICE_FAMILY = "1,2";
			};
			name = Debug;
		};
		8C9F44001D771915000139FC /* Release */ = {
			isa = XCBuildConfiguration;
			buildSettings = {
				ALWAYS_SEARCH_USER_PATHS = NO;
				CLANG_ANALYZER_NONNULL = YES;
				CLANG_CXX_LANGUAGE_STANDARD = "gnu++0x";
				CLANG_CXX_LIBRARY = "libc++";
				CLANG_ENABLE_MODULES = YES;
				CLANG_ENABLE_OBJC_ARC = YES;
				CLANG_WARN_BOOL_CONVERSION = YES;
				CLANG_WARN_CONSTANT_CONVERSION = YES;
				CLANG_WARN_DIRECT_OBJC_ISA_USAGE = YES_ERROR;
				CLANG_WARN_EMPTY_BODY = YES;
				CLANG_WARN_ENUM_CONVERSION = YES;
				CLANG_WARN_INFINITE_RECURSION = YES;
				CLANG_WARN_INT_CONVERSION = YES;
				CLANG_WARN_OBJC_ROOT_CLASS = YES_ERROR;
				CLANG_WARN_SUSPICIOUS_MOVE = YES;
				CLANG_WARN_UNREACHABLE_CODE = YES;
				CLANG_WARN__DUPLICATE_METHOD_MATCH = YES;
				"CODE_SIGN_IDENTITY[sdk=iphoneos*]" = "iPhone Developer";
				COPY_PHASE_STRIP = NO;
				DEBUG_INFORMATION_FORMAT = "dwarf-with-dsym";
				ENABLE_NS_ASSERTIONS = NO;
				ENABLE_STRICT_OBJC_MSGSEND = YES;
				GCC_C_LANGUAGE_STANDARD = gnu99;
				GCC_NO_COMMON_BLOCKS = YES;
				GCC_WARN_64_TO_32_BIT_CONVERSION = YES;
				GCC_WARN_ABOUT_RETURN_TYPE = YES_ERROR;
				GCC_WARN_UNDECLARED_SELECTOR = YES;
				GCC_WARN_UNINITIALIZED_AUTOS = YES_AGGRESSIVE;
				GCC_WARN_UNUSED_FUNCTION = YES;
				GCC_WARN_UNUSED_VARIABLE = YES;
				IPHONEOS_DEPLOYMENT_TARGET = 8.0;
				MTL_ENABLE_DEBUG_INFO = NO;
				SDKROOT = iphoneos;
				SWIFT_OPTIMIZATION_LEVEL = "-Owholemodule";
				TARGETED_DEVICE_FAMILY = "1,2";
				VALIDATE_PRODUCT = YES;
			};
			name = Release;
		};
		8C9F44021D771915000139FC /* Debug */ = {
			isa = XCBuildConfiguration;
			buildSettings = {
				ASSETCATALOG_COMPILER_APPICON_NAME = AppIcon;
				CODE_SIGN_IDENTITY = "iPhone Developer";
				"CODE_SIGN_IDENTITY[sdk=iphoneos*]" = "iPhone Developer";
				FRAMEWORK_SEARCH_PATHS = "";
				HEADER_SEARCH_PATHS = "$(SDKROOT)/usr/include/libxml2";
				INFOPLIST_FILE = LogicPuzzlesSwift/Info.plist;
				LD_RUNPATH_SEARCH_PATHS = "$(inherited) @executable_path/Frameworks";
				ONLY_ACTIVE_ARCH = YES;
				OTHER_LDFLAGS = "-lxml2";
				PRODUCT_BUNDLE_IDENTIFIER = com.zwstudio.LogicPuzzlesSwift;
				PRODUCT_NAME = "$(TARGET_NAME)";
				PROVISIONING_PROFILE = "";
				SWIFT_INCLUDE_PATHS = ../../OSS/Fuzi/libxml2;
				SWIFT_OBJC_BRIDGING_HEADER = "LogicPuzzlesSwift-Bridging-Header.h";
				SWIFT_VERSION = 3.0;
			};
			name = Debug;
		};
		8C9F44031D771915000139FC /* Release */ = {
			isa = XCBuildConfiguration;
			buildSettings = {
				ASSETCATALOG_COMPILER_APPICON_NAME = AppIcon;
				CODE_SIGN_IDENTITY = "iPhone Developer";
				"CODE_SIGN_IDENTITY[sdk=iphoneos*]" = "iPhone Developer";
				FRAMEWORK_SEARCH_PATHS = "";
				HEADER_SEARCH_PATHS = "$(SDKROOT)/usr/include/libxml2";
				INFOPLIST_FILE = LogicPuzzlesSwift/Info.plist;
				LD_RUNPATH_SEARCH_PATHS = "$(inherited) @executable_path/Frameworks";
				OTHER_LDFLAGS = "-lxml2";
				PRODUCT_BUNDLE_IDENTIFIER = com.zwstudio.LogicPuzzlesSwift;
				PRODUCT_NAME = "$(TARGET_NAME)";
				PROVISIONING_PROFILE = "";
				SWIFT_INCLUDE_PATHS = ../../OSS/Fuzi/libxml2;
				SWIFT_OBJC_BRIDGING_HEADER = "LogicPuzzlesSwift-Bridging-Header.h";
				SWIFT_VERSION = 3.0;
			};
			name = Release;
		};
		8C9F44051D771915000139FC /* Debug */ = {
			isa = XCBuildConfiguration;
			buildSettings = {
				BUNDLE_LOADER = "$(TEST_HOST)";
				DEBUG_INFORMATION_FORMAT = dwarf;
				INFOPLIST_FILE = LogicPuzzlesSwiftTests/Info.plist;
				LD_RUNPATH_SEARCH_PATHS = "$(inherited) @executable_path/Frameworks @loader_path/Frameworks";
				PRODUCT_BUNDLE_IDENTIFIER = com.zwstudio.LogicPuzzlesSwiftTests;
				PRODUCT_NAME = "$(TARGET_NAME)";
				SWIFT_VERSION = 3.0;
				TEST_HOST = "$(BUILT_PRODUCTS_DIR)/LogicPuzzlesSwift.app/LogicPuzzlesSwift";
			};
			name = Debug;
		};
		8C9F44061D771915000139FC /* Release */ = {
			isa = XCBuildConfiguration;
			buildSettings = {
				BUNDLE_LOADER = "$(TEST_HOST)";
				INFOPLIST_FILE = LogicPuzzlesSwiftTests/Info.plist;
				LD_RUNPATH_SEARCH_PATHS = "$(inherited) @executable_path/Frameworks @loader_path/Frameworks";
				PRODUCT_BUNDLE_IDENTIFIER = com.zwstudio.LogicPuzzlesSwiftTests;
				PRODUCT_NAME = "$(TARGET_NAME)";
				SWIFT_VERSION = 3.0;
				TEST_HOST = "$(BUILT_PRODUCTS_DIR)/LogicPuzzlesSwift.app/LogicPuzzlesSwift";
			};
			name = Release;
		};
		8C9F44081D771915000139FC /* Debug */ = {
			isa = XCBuildConfiguration;
			buildSettings = {
				DEBUG_INFORMATION_FORMAT = dwarf;
				DEVELOPMENT_TEAM = "";
				INFOPLIST_FILE = LogicPuzzlesSwiftUITests/Info.plist;
				LD_RUNPATH_SEARCH_PATHS = "$(inherited) @executable_path/Frameworks @loader_path/Frameworks";
				PRODUCT_BUNDLE_IDENTIFIER = com.zwstudio.LogicPuzzlesSwiftUITests;
				PRODUCT_NAME = "$(TARGET_NAME)";
				SWIFT_VERSION = 3.0;
				TEST_TARGET_NAME = LogicPuzzlesSwift;
			};
			name = Debug;
		};
		8C9F44091D771915000139FC /* Release */ = {
			isa = XCBuildConfiguration;
			buildSettings = {
				DEVELOPMENT_TEAM = "";
				INFOPLIST_FILE = LogicPuzzlesSwiftUITests/Info.plist;
				LD_RUNPATH_SEARCH_PATHS = "$(inherited) @executable_path/Frameworks @loader_path/Frameworks";
				PRODUCT_BUNDLE_IDENTIFIER = com.zwstudio.LogicPuzzlesSwiftUITests;
				PRODUCT_NAME = "$(TARGET_NAME)";
				SWIFT_VERSION = 3.0;
				TEST_TARGET_NAME = LogicPuzzlesSwift;
			};
			name = Release;
		};
/* End XCBuildConfiguration section */

/* Begin XCConfigurationList section */
		8C9F43D21D771915000139FC /* Build configuration list for PBXProject "LogicPuzzlesSwift" */ = {
			isa = XCConfigurationList;
			buildConfigurations = (
				8C9F43FF1D771915000139FC /* Debug */,
				8C9F44001D771915000139FC /* Release */,
			);
			defaultConfigurationIsVisible = 0;
			defaultConfigurationName = Release;
		};
		8C9F44011D771915000139FC /* Build configuration list for PBXNativeTarget "LogicPuzzlesSwift" */ = {
			isa = XCConfigurationList;
			buildConfigurations = (
				8C9F44021D771915000139FC /* Debug */,
				8C9F44031D771915000139FC /* Release */,
			);
			defaultConfigurationIsVisible = 0;
			defaultConfigurationName = Release;
		};
		8C9F44041D771915000139FC /* Build configuration list for PBXNativeTarget "LogicPuzzlesSwiftTests" */ = {
			isa = XCConfigurationList;
			buildConfigurations = (
				8C9F44051D771915000139FC /* Debug */,
				8C9F44061D771915000139FC /* Release */,
			);
			defaultConfigurationIsVisible = 0;
			defaultConfigurationName = Release;
		};
		8C9F44071D771915000139FC /* Build configuration list for PBXNativeTarget "LogicPuzzlesSwiftUITests" */ = {
			isa = XCConfigurationList;
			buildConfigurations = (
				8C9F44081D771915000139FC /* Debug */,
				8C9F44091D771915000139FC /* Release */,
			);
			defaultConfigurationIsVisible = 0;
			defaultConfigurationName = Release;
		};
/* End XCConfigurationList section */
	};
	rootObject = 8C9F43CF1D771915000139FC /* Project object */;
}
