// !$*UTF8*$!
{
	archiveVersion = 1;
	classes = {
	};
	objectVersion = 46;
	objects = {

/* Begin PBXBuildFile section */
		8C09B7881D9207DC00AB6B64 /* MainViewController.swift in Sources */ = {isa = PBXBuildFile; fileRef = 8C09B7871D9207DC00AB6B64 /* MainViewController.swift */; };
		8C2164171D8FB39300A39B47 /* GameProgress.swift in Sources */ = {isa = PBXBuildFile; fileRef = 8C2164161D8FB39300A39B47 /* GameProgress.swift */; };
		8C292EC91D83A75F0032B39A /* Game.swift in Sources */ = {isa = PBXBuildFile; fileRef = 8C292EC81D83A75F0032B39A /* Game.swift */; };
		8C31FE6E1D90E415008793BF /* SharkORM.framework in Frameworks */ = {isa = PBXBuildFile; fileRef = 8C31FE6D1D90E415008793BF /* SharkORM.framework */; };
		8C31FE6F1D90E415008793BF /* SharkORM.framework in Embed Frameworks */ = {isa = PBXBuildFile; fileRef = 8C31FE6D1D90E415008793BF /* SharkORM.framework */; settings = {ATTRIBUTES = (CodeSignOnCopy, RemoveHeadersOnCopy, ); }; };
		8C6FAFCB1D82E6AC009F0C90 /* GridNode.swift in Sources */ = {isa = PBXBuildFile; fileRef = 8C6FAFCA1D82E6AC009F0C90 /* GridNode.swift */; };
		8C6FAFCD1D82E6F6009F0C90 /* GameScene.swift in Sources */ = {isa = PBXBuildFile; fileRef = 8C6FAFCC1D82E6F6009F0C90 /* GameScene.swift */; };
		8C835D651D84BCDC0067BC3E /* Position.swift in Sources */ = {isa = PBXBuildFile; fileRef = 8C835D641D84BCDC0067BC3E /* Position.swift */; };
		8C886C3C1D9E8AF1004A42BF /* AbstractActionSheetPicker.m in Sources */ = {isa = PBXBuildFile; fileRef = 8C886C291D9E8AF0004A42BF /* AbstractActionSheetPicker.m */; };
		8C886C3D1D9E8AF1004A42BF /* ActionSheetCustomPicker.m in Sources */ = {isa = PBXBuildFile; fileRef = 8C886C2B1D9E8AF0004A42BF /* ActionSheetCustomPicker.m */; };
		8C886C3E1D9E8AF1004A42BF /* ActionSheetDatePicker.m in Sources */ = {isa = PBXBuildFile; fileRef = 8C886C2E1D9E8AF0004A42BF /* ActionSheetDatePicker.m */; };
		8C886C3F1D9E8AF1004A42BF /* ActionSheetDistancePicker.m in Sources */ = {isa = PBXBuildFile; fileRef = 8C886C301D9E8AF0004A42BF /* ActionSheetDistancePicker.m */; };
		8C886C401D9E8AF1004A42BF /* ActionSheetLocalePicker.m in Sources */ = {isa = PBXBuildFile; fileRef = 8C886C321D9E8AF0004A42BF /* ActionSheetLocalePicker.m */; };
		8C886C411D9E8AF1004A42BF /* ActionSheetMultipleStringPicker.m in Sources */ = {isa = PBXBuildFile; fileRef = 8C886C341D9E8AF0004A42BF /* ActionSheetMultipleStringPicker.m */; };
		8C886C421D9E8AF1004A42BF /* ActionSheetStringPicker.m in Sources */ = {isa = PBXBuildFile; fileRef = 8C886C371D9E8AF1004A42BF /* ActionSheetStringPicker.m */; };
		8C886C431D9E8AF1004A42BF /* DistancePickerView.m in Sources */ = {isa = PBXBuildFile; fileRef = 8C886C391D9E8AF1004A42BF /* DistancePickerView.m */; };
		8C886C441D9E8AF1004A42BF /* SWActionSheet.m in Sources */ = {isa = PBXBuildFile; fileRef = 8C886C3B1D9E8AF1004A42BF /* SWActionSheet.m */; };
		8C916CBB1DAA5E9500D9E62B /* Document.swift in Sources */ = {isa = PBXBuildFile; fileRef = 8C916CB21DAA5E9500D9E62B /* Document.swift */; };
		8C916CBC1DAA5E9500D9E62B /* Element.swift in Sources */ = {isa = PBXBuildFile; fileRef = 8C916CB31DAA5E9500D9E62B /* Element.swift */; };
		8C916CBD1DAA5E9500D9E62B /* Error.swift in Sources */ = {isa = PBXBuildFile; fileRef = 8C916CB41DAA5E9500D9E62B /* Error.swift */; };
		8C916CBE1DAA5E9500D9E62B /* Helpers.swift in Sources */ = {isa = PBXBuildFile; fileRef = 8C916CB61DAA5E9500D9E62B /* Helpers.swift */; };
		8C916CC01DAA5E9500D9E62B /* Node.swift in Sources */ = {isa = PBXBuildFile; fileRef = 8C916CB81DAA5E9500D9E62B /* Node.swift */; };
		8C916CC11DAA5E9500D9E62B /* NodeSet.swift in Sources */ = {isa = PBXBuildFile; fileRef = 8C916CB91DAA5E9500D9E62B /* NodeSet.swift */; };
		8C916CC21DAA5E9500D9E62B /* Queryable.swift in Sources */ = {isa = PBXBuildFile; fileRef = 8C916CBA1DAA5E9500D9E62B /* Queryable.swift */; };
		8C916CC41DAA5FEB00D9E62B /* music.wav in Resources */ = {isa = PBXBuildFile; fileRef = 8C916CC31DAA5FEB00D9E62B /* music.wav */; };
		8C916CC61DAB1E6000D9E62B /* tap.wav in Resources */ = {isa = PBXBuildFile; fileRef = 8C916CC51DAB1E6000D9E62B /* tap.wav */; };
		8C916CCA1DAB2E8E00D9E62B /* SoundManager.swift in Sources */ = {isa = PBXBuildFile; fileRef = 8C916CC91DAB2E8E00D9E62B /* SoundManager.swift */; };
		8C916CCC1DAB310700D9E62B /* GameManagers.swift in Sources */ = {isa = PBXBuildFile; fileRef = 8C916CCB1DAB310700D9E62B /* GameManagers.swift */; };
		8C916CCE1DAB35FC00D9E62B /* solved.wav in Resources */ = {isa = PBXBuildFile; fileRef = 8C916CCD1DAB35FC00D9E62B /* solved.wav */; };
		8C9F43DB1D771915000139FC /* AppDelegate.swift in Sources */ = {isa = PBXBuildFile; fileRef = 8C9F43DA1D771915000139FC /* AppDelegate.swift */; };
		8C9F43DF1D771915000139FC /* GameViewController.swift in Sources */ = {isa = PBXBuildFile; fileRef = 8C9F43DE1D771915000139FC /* GameViewController.swift */; };
		8C9F43E21D771915000139FC /* Main.storyboard in Resources */ = {isa = PBXBuildFile; fileRef = 8C9F43E01D771915000139FC /* Main.storyboard */; };
		8C9F43E41D771915000139FC /* Assets.xcassets in Resources */ = {isa = PBXBuildFile; fileRef = 8C9F43E31D771915000139FC /* Assets.xcassets */; };
		8C9F43E71D771915000139FC /* LaunchScreen.storyboard in Resources */ = {isa = PBXBuildFile; fileRef = 8C9F43E51D771915000139FC /* LaunchScreen.storyboard */; };
		8C9F43F21D771915000139FC /* LightUpSwiftTests.swift in Sources */ = {isa = PBXBuildFile; fileRef = 8C9F43F11D771915000139FC /* LightUpSwiftTests.swift */; };
		8C9F43FD1D771915000139FC /* LightUpSwiftUITests.swift in Sources */ = {isa = PBXBuildFile; fileRef = 8C9F43FC1D771915000139FC /* LightUpSwiftUITests.swift */; };
		8CCF1BFE1D8DAB6700AB6594 /* Levels.xml in Resources */ = {isa = PBXBuildFile; fileRef = 8CCF1BFD1D8DAB6700AB6594 /* Levels.xml */; };
		8CCF1C001D8DAF7B00AB6594 /* DocumentManager.swift in Sources */ = {isa = PBXBuildFile; fileRef = 8CCF1BFF1D8DAF7B00AB6594 /* DocumentManager.swift */; };
		8CCF1C021D8E1DB100AB6594 /* lightbulb.png in Resources */ = {isa = PBXBuildFile; fileRef = 8CCF1C011D8E1DB000AB6594 /* lightbulb.png */; };
		8CCF1C041D8F6C7300AB6594 /* GameState.swift in Sources */ = {isa = PBXBuildFile; fileRef = 8CCF1C031D8F6C7300AB6594 /* GameState.swift */; };
		8CD84ECA1D97A17300DF155E /* OptionsViewController.swift in Sources */ = {isa = PBXBuildFile; fileRef = 8CD84EC91D97A17300DF155E /* OptionsViewController.swift */; };
		8CF2ADAA1D98B2290040DB59 /* GameObject.swift in Sources */ = {isa = PBXBuildFile; fileRef = 8CF2ADA91D98B2290040DB59 /* GameObject.swift */; };
/* End PBXBuildFile section */

/* Begin PBXContainerItemProxy section */
		8C9F43EE1D771915000139FC /* PBXContainerItemProxy */ = {
			isa = PBXContainerItemProxy;
			containerPortal = 8C9F43CF1D771915000139FC /* Project object */;
			proxyType = 1;
			remoteGlobalIDString = 8C9F43D61D771915000139FC;
			remoteInfo = LightUpSwift;
		};
		8C9F43F91D771915000139FC /* PBXContainerItemProxy */ = {
			isa = PBXContainerItemProxy;
			containerPortal = 8C9F43CF1D771915000139FC /* Project object */;
			proxyType = 1;
			remoteGlobalIDString = 8C9F43D61D771915000139FC;
			remoteInfo = LightUpSwift;
		};
/* End PBXContainerItemProxy section */

/* Begin PBXCopyFilesBuildPhase section */
		8C21641F1D8FBE9F00A39B47 /* Embed Frameworks */ = {
			isa = PBXCopyFilesBuildPhase;
			buildActionMask = 2147483647;
			dstPath = "";
			dstSubfolderSpec = 10;
			files = (
				8C31FE6F1D90E415008793BF /* SharkORM.framework in Embed Frameworks */,
			);
			name = "Embed Frameworks";
			runOnlyForDeploymentPostprocessing = 0;
		};
/* End PBXCopyFilesBuildPhase section */

/* Begin PBXFileReference section */
		8C09B7871D9207DC00AB6B64 /* MainViewController.swift */ = {isa = PBXFileReference; fileEncoding = 4; lastKnownFileType = sourcecode.swift; path = MainViewController.swift; sourceTree = "<group>"; };
		8C2164161D8FB39300A39B47 /* GameProgress.swift */ = {isa = PBXFileReference; fileEncoding = 4; lastKnownFileType = sourcecode.swift; path = GameProgress.swift; sourceTree = "<group>"; };
		8C292EC81D83A75F0032B39A /* Game.swift */ = {isa = PBXFileReference; fileEncoding = 4; lastKnownFileType = sourcecode.swift; path = Game.swift; sourceTree = "<group>"; };
		8C31FE6D1D90E415008793BF /* SharkORM.framework */ = {isa = PBXFileReference; explicitFileType = wrapper.framework; path = SharkORM.framework; sourceTree = BUILT_PRODUCTS_DIR; };
		8C6FAFCA1D82E6AC009F0C90 /* GridNode.swift */ = {isa = PBXFileReference; fileEncoding = 4; lastKnownFileType = sourcecode.swift; path = GridNode.swift; sourceTree = "<group>"; };
		8C6FAFCC1D82E6F6009F0C90 /* GameScene.swift */ = {isa = PBXFileReference; fileEncoding = 4; lastKnownFileType = sourcecode.swift; path = GameScene.swift; sourceTree = "<group>"; };
		8C835D641D84BCDC0067BC3E /* Position.swift */ = {isa = PBXFileReference; fileEncoding = 4; lastKnownFileType = sourcecode.swift; path = Position.swift; sourceTree = "<group>"; };
		8C886C281D9E8AF0004A42BF /* AbstractActionSheetPicker.h */ = {isa = PBXFileReference; fileEncoding = 4; lastKnownFileType = sourcecode.c.h; path = AbstractActionSheetPicker.h; sourceTree = "<group>"; };
		8C886C291D9E8AF0004A42BF /* AbstractActionSheetPicker.m */ = {isa = PBXFileReference; fileEncoding = 4; lastKnownFileType = sourcecode.c.objc; path = AbstractActionSheetPicker.m; sourceTree = "<group>"; };
		8C886C2A1D9E8AF0004A42BF /* ActionSheetCustomPicker.h */ = {isa = PBXFileReference; fileEncoding = 4; lastKnownFileType = sourcecode.c.h; path = ActionSheetCustomPicker.h; sourceTree = "<group>"; };
		8C886C2B1D9E8AF0004A42BF /* ActionSheetCustomPicker.m */ = {isa = PBXFileReference; fileEncoding = 4; lastKnownFileType = sourcecode.c.objc; path = ActionSheetCustomPicker.m; sourceTree = "<group>"; };
		8C886C2C1D9E8AF0004A42BF /* ActionSheetCustomPickerDelegate.h */ = {isa = PBXFileReference; fileEncoding = 4; lastKnownFileType = sourcecode.c.h; path = ActionSheetCustomPickerDelegate.h; sourceTree = "<group>"; };
		8C886C2D1D9E8AF0004A42BF /* ActionSheetDatePicker.h */ = {isa = PBXFileReference; fileEncoding = 4; lastKnownFileType = sourcecode.c.h; path = ActionSheetDatePicker.h; sourceTree = "<group>"; };
		8C886C2E1D9E8AF0004A42BF /* ActionSheetDatePicker.m */ = {isa = PBXFileReference; fileEncoding = 4; lastKnownFileType = sourcecode.c.objc; path = ActionSheetDatePicker.m; sourceTree = "<group>"; };
		8C886C2F1D9E8AF0004A42BF /* ActionSheetDistancePicker.h */ = {isa = PBXFileReference; fileEncoding = 4; lastKnownFileType = sourcecode.c.h; path = ActionSheetDistancePicker.h; sourceTree = "<group>"; };
		8C886C301D9E8AF0004A42BF /* ActionSheetDistancePicker.m */ = {isa = PBXFileReference; fileEncoding = 4; lastKnownFileType = sourcecode.c.objc; path = ActionSheetDistancePicker.m; sourceTree = "<group>"; };
		8C886C311D9E8AF0004A42BF /* ActionSheetLocalePicker.h */ = {isa = PBXFileReference; fileEncoding = 4; lastKnownFileType = sourcecode.c.h; path = ActionSheetLocalePicker.h; sourceTree = "<group>"; };
		8C886C321D9E8AF0004A42BF /* ActionSheetLocalePicker.m */ = {isa = PBXFileReference; fileEncoding = 4; lastKnownFileType = sourcecode.c.objc; path = ActionSheetLocalePicker.m; sourceTree = "<group>"; };
		8C886C331D9E8AF0004A42BF /* ActionSheetMultipleStringPicker.h */ = {isa = PBXFileReference; fileEncoding = 4; lastKnownFileType = sourcecode.c.h; path = ActionSheetMultipleStringPicker.h; sourceTree = "<group>"; };
		8C886C341D9E8AF0004A42BF /* ActionSheetMultipleStringPicker.m */ = {isa = PBXFileReference; fileEncoding = 4; lastKnownFileType = sourcecode.c.objc; path = ActionSheetMultipleStringPicker.m; sourceTree = "<group>"; };
		8C886C351D9E8AF1004A42BF /* ActionSheetPicker.h */ = {isa = PBXFileReference; fileEncoding = 4; lastKnownFileType = sourcecode.c.h; path = ActionSheetPicker.h; sourceTree = "<group>"; };
		8C886C361D9E8AF1004A42BF /* ActionSheetStringPicker.h */ = {isa = PBXFileReference; fileEncoding = 4; lastKnownFileType = sourcecode.c.h; path = ActionSheetStringPicker.h; sourceTree = "<group>"; };
		8C886C371D9E8AF1004A42BF /* ActionSheetStringPicker.m */ = {isa = PBXFileReference; fileEncoding = 4; lastKnownFileType = sourcecode.c.objc; path = ActionSheetStringPicker.m; sourceTree = "<group>"; };
		8C886C381D9E8AF1004A42BF /* DistancePickerView.h */ = {isa = PBXFileReference; fileEncoding = 4; lastKnownFileType = sourcecode.c.h; path = DistancePickerView.h; sourceTree = "<group>"; };
		8C886C391D9E8AF1004A42BF /* DistancePickerView.m */ = {isa = PBXFileReference; fileEncoding = 4; lastKnownFileType = sourcecode.c.objc; path = DistancePickerView.m; sourceTree = "<group>"; };
		8C886C3A1D9E8AF1004A42BF /* SWActionSheet.h */ = {isa = PBXFileReference; fileEncoding = 4; lastKnownFileType = sourcecode.c.h; path = SWActionSheet.h; sourceTree = "<group>"; };
		8C886C3B1D9E8AF1004A42BF /* SWActionSheet.m */ = {isa = PBXFileReference; fileEncoding = 4; lastKnownFileType = sourcecode.c.objc; path = SWActionSheet.m; sourceTree = "<group>"; };
		8C886C451D9E8B72004A42BF /* LightUpSwift-Bridging-Header.h */ = {isa = PBXFileReference; lastKnownFileType = sourcecode.c.h; path = "LightUpSwift-Bridging-Header.h"; sourceTree = SOURCE_ROOT; };
		8C916CB21DAA5E9500D9E62B /* Document.swift */ = {isa = PBXFileReference; fileEncoding = 4; lastKnownFileType = sourcecode.swift; path = Document.swift; sourceTree = "<group>"; };
		8C916CB31DAA5E9500D9E62B /* Element.swift */ = {isa = PBXFileReference; fileEncoding = 4; lastKnownFileType = sourcecode.swift; path = Element.swift; sourceTree = "<group>"; };
		8C916CB41DAA5E9500D9E62B /* Error.swift */ = {isa = PBXFileReference; fileEncoding = 4; lastKnownFileType = sourcecode.swift; path = Error.swift; sourceTree = "<group>"; };
		8C916CB51DAA5E9500D9E62B /* Fuzi.h */ = {isa = PBXFileReference; fileEncoding = 4; lastKnownFileType = sourcecode.c.h; path = Fuzi.h; sourceTree = "<group>"; };
		8C916CB61DAA5E9500D9E62B /* Helpers.swift */ = {isa = PBXFileReference; fileEncoding = 4; lastKnownFileType = sourcecode.swift; path = Helpers.swift; sourceTree = "<group>"; };
		8C916CB71DAA5E9500D9E62B /* Info.plist */ = {isa = PBXFileReference; fileEncoding = 4; lastKnownFileType = text.plist.xml; path = Info.plist; sourceTree = "<group>"; };
		8C916CB81DAA5E9500D9E62B /* Node.swift */ = {isa = PBXFileReference; fileEncoding = 4; lastKnownFileType = sourcecode.swift; path = Node.swift; sourceTree = "<group>"; };
		8C916CB91DAA5E9500D9E62B /* NodeSet.swift */ = {isa = PBXFileReference; fileEncoding = 4; lastKnownFileType = sourcecode.swift; path = NodeSet.swift; sourceTree = "<group>"; };
		8C916CBA1DAA5E9500D9E62B /* Queryable.swift */ = {isa = PBXFileReference; fileEncoding = 4; lastKnownFileType = sourcecode.swift; path = Queryable.swift; sourceTree = "<group>"; };
		8C916CC31DAA5FEB00D9E62B /* music.wav */ = {isa = PBXFileReference; lastKnownFileType = audio.wav; path = music.wav; sourceTree = "<group>"; };
		8C916CC51DAB1E6000D9E62B /* tap.wav */ = {isa = PBXFileReference; lastKnownFileType = audio.wav; path = tap.wav; sourceTree = "<group>"; };
		8C916CC91DAB2E8E00D9E62B /* SoundManager.swift */ = {isa = PBXFileReference; fileEncoding = 4; lastKnownFileType = sourcecode.swift; path = SoundManager.swift; sourceTree = "<group>"; };
		8C916CCB1DAB310700D9E62B /* GameManagers.swift */ = {isa = PBXFileReference; fileEncoding = 4; lastKnownFileType = sourcecode.swift; path = GameManagers.swift; sourceTree = "<group>"; };
		8C916CCD1DAB35FC00D9E62B /* solved.wav */ = {isa = PBXFileReference; lastKnownFileType = audio.wav; path = solved.wav; sourceTree = "<group>"; };
		8C9F43D71D771915000139FC /* LightUpSwift.app */ = {isa = PBXFileReference; explicitFileType = wrapper.application; includeInIndex = 0; path = LightUpSwift.app; sourceTree = BUILT_PRODUCTS_DIR; };
		8C9F43DA1D771915000139FC /* AppDelegate.swift */ = {isa = PBXFileReference; lastKnownFileType = sourcecode.swift; path = AppDelegate.swift; sourceTree = "<group>"; };
		8C9F43DE1D771915000139FC /* GameViewController.swift */ = {isa = PBXFileReference; lastKnownFileType = sourcecode.swift; path = GameViewController.swift; sourceTree = "<group>"; };
		8C9F43E11D771915000139FC /* Base */ = {isa = PBXFileReference; lastKnownFileType = file.storyboard; name = Base; path = Base.lproj/Main.storyboard; sourceTree = "<group>"; };
		8C9F43E31D771915000139FC /* Assets.xcassets */ = {isa = PBXFileReference; lastKnownFileType = folder.assetcatalog; path = Assets.xcassets; sourceTree = "<group>"; };
		8C9F43E61D771915000139FC /* Base */ = {isa = PBXFileReference; lastKnownFileType = file.storyboard; name = Base; path = Base.lproj/LaunchScreen.storyboard; sourceTree = "<group>"; };
		8C9F43E81D771915000139FC /* Info.plist */ = {isa = PBXFileReference; lastKnownFileType = text.plist.xml; path = Info.plist; sourceTree = "<group>"; };
		8C9F43ED1D771915000139FC /* LightUpSwiftTests.xctest */ = {isa = PBXFileReference; explicitFileType = wrapper.cfbundle; includeInIndex = 0; path = LightUpSwiftTests.xctest; sourceTree = BUILT_PRODUCTS_DIR; };
		8C9F43F11D771915000139FC /* LightUpSwiftTests.swift */ = {isa = PBXFileReference; lastKnownFileType = sourcecode.swift; path = LightUpSwiftTests.swift; sourceTree = "<group>"; };
		8C9F43F31D771915000139FC /* Info.plist */ = {isa = PBXFileReference; lastKnownFileType = text.plist.xml; path = Info.plist; sourceTree = "<group>"; };
		8C9F43F81D771915000139FC /* LightUpSwiftUITests.xctest */ = {isa = PBXFileReference; explicitFileType = wrapper.cfbundle; includeInIndex = 0; path = LightUpSwiftUITests.xctest; sourceTree = BUILT_PRODUCTS_DIR; };
		8C9F43FC1D771915000139FC /* LightUpSwiftUITests.swift */ = {isa = PBXFileReference; lastKnownFileType = sourcecode.swift; path = LightUpSwiftUITests.swift; sourceTree = "<group>"; };
		8C9F43FE1D771915000139FC /* Info.plist */ = {isa = PBXFileReference; lastKnownFileType = text.plist.xml; path = Info.plist; sourceTree = "<group>"; };
		8CCF1BFD1D8DAB6700AB6594 /* Levels.xml */ = {isa = PBXFileReference; fileEncoding = 4; indentWidth = 2; lastKnownFileType = text.xml; path = Levels.xml; sourceTree = "<group>"; tabWidth = 2; };
		8CCF1BFF1D8DAF7B00AB6594 /* DocumentManager.swift */ = {isa = PBXFileReference; fileEncoding = 4; lastKnownFileType = sourcecode.swift; path = DocumentManager.swift; sourceTree = "<group>"; };
		8CCF1C011D8E1DB000AB6594 /* lightbulb.png */ = {isa = PBXFileReference; lastKnownFileType = image.png; path = lightbulb.png; sourceTree = "<group>"; };
		8CCF1C031D8F6C7300AB6594 /* GameState.swift */ = {isa = PBXFileReference; fileEncoding = 4; lastKnownFileType = sourcecode.swift; path = GameState.swift; sourceTree = "<group>"; };
		8CD84EC91D97A17300DF155E /* OptionsViewController.swift */ = {isa = PBXFileReference; fileEncoding = 4; lastKnownFileType = sourcecode.swift; path = OptionsViewController.swift; sourceTree = "<group>"; };
		8CF2ADA91D98B2290040DB59 /* GameObject.swift */ = {isa = PBXFileReference; fileEncoding = 4; lastKnownFileType = sourcecode.swift; path = GameObject.swift; sourceTree = "<group>"; };
/* End PBXFileReference section */

/* Begin PBXFrameworksBuildPhase section */
		8C9F43D41D771915000139FC /* Frameworks */ = {
			isa = PBXFrameworksBuildPhase;
			buildActionMask = 2147483647;
			files = (
				8C31FE6E1D90E415008793BF /* SharkORM.framework in Frameworks */,
			);
			runOnlyForDeploymentPostprocessing = 0;
		};
		8C9F43EA1D771915000139FC /* Frameworks */ = {
			isa = PBXFrameworksBuildPhase;
			buildActionMask = 2147483647;
			files = (
			);
			runOnlyForDeploymentPostprocessing = 0;
		};
		8C9F43F51D771915000139FC /* Frameworks */ = {
			isa = PBXFrameworksBuildPhase;
			buildActionMask = 2147483647;
			files = (
			);
			runOnlyForDeploymentPostprocessing = 0;
		};
/* End PBXFrameworksBuildPhase section */

/* Begin PBXGroup section */
		8C2164131D8FB32600A39B47 /* Frameworks */ = {
			isa = PBXGroup;
			children = (
				8C31FE6D1D90E415008793BF /* SharkORM.framework */,
			);
			name = Frameworks;
			sourceTree = "<group>";
		};
		8C886C271D9E8AF0004A42BF /* Pickers */ = {
			isa = PBXGroup;
			children = (
				8C886C281D9E8AF0004A42BF /* AbstractActionSheetPicker.h */,
				8C886C291D9E8AF0004A42BF /* AbstractActionSheetPicker.m */,
				8C886C2A1D9E8AF0004A42BF /* ActionSheetCustomPicker.h */,
				8C886C2B1D9E8AF0004A42BF /* ActionSheetCustomPicker.m */,
				8C886C2C1D9E8AF0004A42BF /* ActionSheetCustomPickerDelegate.h */,
				8C886C2D1D9E8AF0004A42BF /* ActionSheetDatePicker.h */,
				8C886C2E1D9E8AF0004A42BF /* ActionSheetDatePicker.m */,
				8C886C2F1D9E8AF0004A42BF /* ActionSheetDistancePicker.h */,
				8C886C301D9E8AF0004A42BF /* ActionSheetDistancePicker.m */,
				8C886C311D9E8AF0004A42BF /* ActionSheetLocalePicker.h */,
				8C886C321D9E8AF0004A42BF /* ActionSheetLocalePicker.m */,
				8C886C331D9E8AF0004A42BF /* ActionSheetMultipleStringPicker.h */,
				8C886C341D9E8AF0004A42BF /* ActionSheetMultipleStringPicker.m */,
				8C886C351D9E8AF1004A42BF /* ActionSheetPicker.h */,
				8C886C361D9E8AF1004A42BF /* ActionSheetStringPicker.h */,
				8C886C371D9E8AF1004A42BF /* ActionSheetStringPicker.m */,
				8C886C381D9E8AF1004A42BF /* DistancePickerView.h */,
				8C886C391D9E8AF1004A42BF /* DistancePickerView.m */,
				8C886C3A1D9E8AF1004A42BF /* SWActionSheet.h */,
				8C886C3B1D9E8AF1004A42BF /* SWActionSheet.m */,
			);
			name = Pickers;
			path = "../../OSS/ActionSheetPicker-3.0/Pickers";
			sourceTree = "<group>";
		};
		8C916CB11DAA5E9500D9E62B /* Sources */ = {
			isa = PBXGroup;
			children = (
				8C916CB21DAA5E9500D9E62B /* Document.swift */,
				8C916CB31DAA5E9500D9E62B /* Element.swift */,
				8C916CB41DAA5E9500D9E62B /* Error.swift */,
				8C916CB51DAA5E9500D9E62B /* Fuzi.h */,
				8C916CB61DAA5E9500D9E62B /* Helpers.swift */,
				8C916CB71DAA5E9500D9E62B /* Info.plist */,
				8C916CB81DAA5E9500D9E62B /* Node.swift */,
				8C916CB91DAA5E9500D9E62B /* NodeSet.swift */,
				8C916CBA1DAA5E9500D9E62B /* Queryable.swift */,
			);
			name = Sources;
			path = ../../OSS/Fuzi/Sources;
			sourceTree = "<group>";
		};
		8C916CC81DAB297A00D9E62B /* Supporting Files */ = {
			isa = PBXGroup;
			children = (
				8C886C451D9E8B72004A42BF /* LightUpSwift-Bridging-Header.h */,
				8C9F43E81D771915000139FC /* Info.plist */,
				8CCF1C011D8E1DB000AB6594 /* lightbulb.png */,
				8C916CC51DAB1E6000D9E62B /* tap.wav */,
				8C916CCD1DAB35FC00D9E62B /* solved.wav */,
				8C916CC31DAA5FEB00D9E62B /* music.wav */,
				8CCF1BFD1D8DAB6700AB6594 /* Levels.xml */,
				8C9F43E51D771915000139FC /* LaunchScreen.storyboard */,
			);
			name = "Supporting Files";
			sourceTree = "<group>";
		};
		8C9F43CE1D771915000139FC = {
			isa = PBXGroup;
			children = (
				8C916CB11DAA5E9500D9E62B /* Sources */,
				8C886C271D9E8AF0004A42BF /* Pickers */,
				8C9F43D91D771915000139FC /* LightUpSwift */,
				8C9F43F01D771915000139FC /* LightUpSwiftTests */,
				8C9F43FB1D771915000139FC /* LightUpSwiftUITests */,
				8C9F43D81D771915000139FC /* Products */,
				8C2164131D8FB32600A39B47 /* Frameworks */,
			);
			sourceTree = "<group>";
		};
		8C9F43D81D771915000139FC /* Products */ = {
			isa = PBXGroup;
			children = (
				8C9F43D71D771915000139FC /* LightUpSwift.app */,
				8C9F43ED1D771915000139FC /* LightUpSwiftTests.xctest */,
				8C9F43F81D771915000139FC /* LightUpSwiftUITests.xctest */,
			);
			name = Products;
			sourceTree = "<group>";
		};
		8C9F43D91D771915000139FC /* LightUpSwift */ = {
			isa = PBXGroup;
			children = (
				8C9F43DA1D771915000139FC /* AppDelegate.swift */,
				8CCF1BFF1D8DAF7B00AB6594 /* DocumentManager.swift */,
				8C292EC81D83A75F0032B39A /* Game.swift */,
				8C916CCB1DAB310700D9E62B /* GameManagers.swift */,
				8CF2ADA91D98B2290040DB59 /* GameObject.swift */,
				8C2164161D8FB39300A39B47 /* GameProgress.swift */,
				8C6FAFCC1D82E6F6009F0C90 /* GameScene.swift */,
				8CCF1C031D8F6C7300AB6594 /* GameState.swift */,
				8C9F43DE1D771915000139FC /* GameViewController.swift */,
				8C6FAFCA1D82E6AC009F0C90 /* GridNode.swift */,
				8C09B7871D9207DC00AB6B64 /* MainViewController.swift */,
				8CD84EC91D97A17300DF155E /* OptionsViewController.swift */,
				8C835D641D84BCDC0067BC3E /* Position.swift */,
				8C916CC91DAB2E8E00D9E62B /* SoundManager.swift */,
				8C9F43E31D771915000139FC /* Assets.xcassets */,
				8C9F43E01D771915000139FC /* Main.storyboard */,
				8C916CC81DAB297A00D9E62B /* Supporting Files */,
			);
			path = LightUpSwift;
			sourceTree = "<group>";
		};
		8C9F43F01D771915000139FC /* LightUpSwiftTests */ = {
			isa = PBXGroup;
			children = (
				8C9F43F11D771915000139FC /* LightUpSwiftTests.swift */,
				8C9F43F31D771915000139FC /* Info.plist */,
			);
			path = LightUpSwiftTests;
			sourceTree = "<group>";
		};
		8C9F43FB1D771915000139FC /* LightUpSwiftUITests */ = {
			isa = PBXGroup;
			children = (
				8C9F43FC1D771915000139FC /* LightUpSwiftUITests.swift */,
				8C9F43FE1D771915000139FC /* Info.plist */,
			);
			path = LightUpSwiftUITests;
			sourceTree = "<group>";
		};
/* End PBXGroup section */

/* Begin PBXNativeTarget section */
		8C9F43D61D771915000139FC /* LightUpSwift */ = {
			isa = PBXNativeTarget;
			buildConfigurationList = 8C9F44011D771915000139FC /* Build configuration list for PBXNativeTarget "LightUpSwift" */;
			buildPhases = (
				8C9F43D31D771915000139FC /* Sources */,
				8C9F43D41D771915000139FC /* Frameworks */,
				8C9F43D51D771915000139FC /* Resources */,
				8C21641F1D8FBE9F00A39B47 /* Embed Frameworks */,
			);
			buildRules = (
			);
			dependencies = (
			);
			name = LightUpSwift;
			productName = LightUpSwift;
			productReference = 8C9F43D71D771915000139FC /* LightUpSwift.app */;
			productType = "com.apple.product-type.application";
		};
		8C9F43EC1D771915000139FC /* LightUpSwiftTests */ = {
			isa = PBXNativeTarget;
			buildConfigurationList = 8C9F44041D771915000139FC /* Build configuration list for PBXNativeTarget "LightUpSwiftTests" */;
			buildPhases = (
				8C9F43E91D771915000139FC /* Sources */,
				8C9F43EA1D771915000139FC /* Frameworks */,
				8C9F43EB1D771915000139FC /* Resources */,
			);
			buildRules = (
			);
			dependencies = (
				8C9F43EF1D771915000139FC /* PBXTargetDependency */,
			);
			name = LightUpSwiftTests;
			productName = LightUpSwiftTests;
			productReference = 8C9F43ED1D771915000139FC /* LightUpSwiftTests.xctest */;
			productType = "com.apple.product-type.bundle.unit-test";
		};
		8C9F43F71D771915000139FC /* LightUpSwiftUITests */ = {
			isa = PBXNativeTarget;
			buildConfigurationList = 8C9F44071D771915000139FC /* Build configuration list for PBXNativeTarget "LightUpSwiftUITests" */;
			buildPhases = (
				8C9F43F41D771915000139FC /* Sources */,
				8C9F43F51D771915000139FC /* Frameworks */,
				8C9F43F61D771915000139FC /* Resources */,
			);
			buildRules = (
			);
			dependencies = (
				8C9F43FA1D771915000139FC /* PBXTargetDependency */,
			);
			name = LightUpSwiftUITests;
			productName = LightUpSwiftUITests;
			productReference = 8C9F43F81D771915000139FC /* LightUpSwiftUITests.xctest */;
			productType = "com.apple.product-type.bundle.ui-testing";
		};
/* End PBXNativeTarget section */

/* Begin PBXProject section */
		8C9F43CF1D771915000139FC /* Project object */ = {
			isa = PBXProject;
			attributes = {
				LastSwiftUpdateCheck = 0730;
				LastUpgradeCheck = 0800;
				ORGANIZATIONNAME = "趙偉";
				TargetAttributes = {
					8C9F43D61D771915000139FC = {
						CreatedOnToolsVersion = 7.3.1;
						DevelopmentTeam = U259NHMY78;
						LastSwiftMigration = 0800;
					};
					8C9F43EC1D771915000139FC = {
						CreatedOnToolsVersion = 7.3.1;
						LastSwiftMigration = 0800;
						TestTargetID = 8C9F43D61D771915000139FC;
					};
					8C9F43F71D771915000139FC = {
						CreatedOnToolsVersion = 7.3.1;
						LastSwiftMigration = 0800;
						TestTargetID = 8C9F43D61D771915000139FC;
					};
				};
			};
			buildConfigurationList = 8C9F43D21D771915000139FC /* Build configuration list for PBXProject "LightUpSwift" */;
			compatibilityVersion = "Xcode 3.2";
			developmentRegion = English;
			hasScannedForEncodings = 0;
			knownRegions = (
				en,
				Base,
			);
			mainGroup = 8C9F43CE1D771915000139FC;
			productRefGroup = 8C9F43D81D771915000139FC /* Products */;
			projectDirPath = "";
			projectRoot = "";
			targets = (
				8C9F43D61D771915000139FC /* LightUpSwift */,
				8C9F43EC1D771915000139FC /* LightUpSwiftTests */,
				8C9F43F71D771915000139FC /* LightUpSwiftUITests */,
			);
		};
/* End PBXProject section */

/* Begin PBXResourcesBuildPhase section */
		8C9F43D51D771915000139FC /* Resources */ = {
			isa = PBXResourcesBuildPhase;
			buildActionMask = 2147483647;
			files = (
				8C916CCE1DAB35FC00D9E62B /* solved.wav in Resources */,
				8CCF1BFE1D8DAB6700AB6594 /* Levels.xml in Resources */,
				8C9F43E71D771915000139FC /* LaunchScreen.storyboard in Resources */,
				8C916CC61DAB1E6000D9E62B /* tap.wav in Resources */,
				8C9F43E41D771915000139FC /* Assets.xcassets in Resources */,
				8CCF1C021D8E1DB100AB6594 /* lightbulb.png in Resources */,
				8C9F43E21D771915000139FC /* Main.storyboard in Resources */,
				8C916CC41DAA5FEB00D9E62B /* music.wav in Resources */,
			);
			runOnlyForDeploymentPostprocessing = 0;
		};
		8C9F43EB1D771915000139FC /* Resources */ = {
			isa = PBXResourcesBuildPhase;
			buildActionMask = 2147483647;
			files = (
			);
			runOnlyForDeploymentPostprocessing = 0;
		};
		8C9F43F61D771915000139FC /* Resources */ = {
			isa = PBXResourcesBuildPhase;
			buildActionMask = 2147483647;
			files = (
			);
			runOnlyForDeploymentPostprocessing = 0;
		};
/* End PBXResourcesBuildPhase section */

/* Begin PBXSourcesBuildPhase section */
		8C9F43D31D771915000139FC /* Sources */ = {
			isa = PBXSourcesBuildPhase;
			buildActionMask = 2147483647;
			files = (
				8C292EC91D83A75F0032B39A /* Game.swift in Sources */,
				8C9F43DF1D771915000139FC /* GameViewController.swift in Sources */,
				8C2164171D8FB39300A39B47 /* GameProgress.swift in Sources */,
				8C916CCA1DAB2E8E00D9E62B /* SoundManager.swift in Sources */,
				8CF2ADAA1D98B2290040DB59 /* GameObject.swift in Sources */,
				8C916CBB1DAA5E9500D9E62B /* Document.swift in Sources */,
				8C916CC01DAA5E9500D9E62B /* Node.swift in Sources */,
				8CCF1C001D8DAF7B00AB6594 /* DocumentManager.swift in Sources */,
				8C886C441D9E8AF1004A42BF /* SWActionSheet.m in Sources */,
				8C886C401D9E8AF1004A42BF /* ActionSheetLocalePicker.m in Sources */,
				8C835D651D84BCDC0067BC3E /* Position.swift in Sources */,
				8C9F43DB1D771915000139FC /* AppDelegate.swift in Sources */,
				8C886C3C1D9E8AF1004A42BF /* AbstractActionSheetPicker.m in Sources */,
				8C6FAFCD1D82E6F6009F0C90 /* GameScene.swift in Sources */,
				8CD84ECA1D97A17300DF155E /* OptionsViewController.swift in Sources */,
				8C916CBE1DAA5E9500D9E62B /* Helpers.swift in Sources */,
				8C886C3E1D9E8AF1004A42BF /* ActionSheetDatePicker.m in Sources */,
				8C886C431D9E8AF1004A42BF /* DistancePickerView.m in Sources */,
				8C886C421D9E8AF1004A42BF /* ActionSheetStringPicker.m in Sources */,
				8C916CBD1DAA5E9500D9E62B /* Error.swift in Sources */,
				8CCF1C041D8F6C7300AB6594 /* GameState.swift in Sources */,
				8C916CC21DAA5E9500D9E62B /* Queryable.swift in Sources */,
				8C916CC11DAA5E9500D9E62B /* NodeSet.swift in Sources */,
				8C09B7881D9207DC00AB6B64 /* MainViewController.swift in Sources */,
				8C916CCC1DAB310700D9E62B /* GameManagers.swift in Sources */,
				8C886C3F1D9E8AF1004A42BF /* ActionSheetDistancePicker.m in Sources */,
				8C6FAFCB1D82E6AC009F0C90 /* GridNode.swift in Sources */,
				8C886C3D1D9E8AF1004A42BF /* ActionSheetCustomPicker.m in Sources */,
				8C916CBC1DAA5E9500D9E62B /* Element.swift in Sources */,
				8C886C411D9E8AF1004A42BF /* ActionSheetMultipleStringPicker.m in Sources */,
			);
			runOnlyForDeploymentPostprocessing = 0;
		};
		8C9F43E91D771915000139FC /* Sources */ = {
			isa = PBXSourcesBuildPhase;
			buildActionMask = 2147483647;
			files = (
				8C9F43F21D771915000139FC /* LightUpSwiftTests.swift in Sources */,
			);
			runOnlyForDeploymentPostprocessing = 0;
		};
		8C9F43F41D771915000139FC /* Sources */ = {
			isa = PBXSourcesBuildPhase;
			buildActionMask = 2147483647;
			files = (
				8C9F43FD1D771915000139FC /* LightUpSwiftUITests.swift in Sources */,
			);
			runOnlyForDeploymentPostprocessing = 0;
		};
/* End PBXSourcesBuildPhase section */

/* Begin PBXTargetDependency section */
		8C9F43EF1D771915000139FC /* PBXTargetDependency */ = {
			isa = PBXTargetDependency;
			target = 8C9F43D61D771915000139FC /* LightUpSwift */;
			targetProxy = 8C9F43EE1D771915000139FC /* PBXContainerItemProxy */;
		};
		8C9F43FA1D771915000139FC /* PBXTargetDependency */ = {
			isa = PBXTargetDependency;
			target = 8C9F43D61D771915000139FC /* LightUpSwift */;
			targetProxy = 8C9F43F91D771915000139FC /* PBXContainerItemProxy */;
		};
/* End PBXTargetDependency section */

/* Begin PBXVariantGroup section */
		8C9F43E01D771915000139FC /* Main.storyboard */ = {
			isa = PBXVariantGroup;
			children = (
				8C9F43E11D771915000139FC /* Base */,
			);
			name = Main.storyboard;
			sourceTree = "<group>";
		};
		8C9F43E51D771915000139FC /* LaunchScreen.storyboard */ = {
			isa = PBXVariantGroup;
			children = (
				8C9F43E61D771915000139FC /* Base */,
			);
			name = LaunchScreen.storyboard;
			sourceTree = "<group>";
		};
/* End PBXVariantGroup section */

/* Begin XCBuildConfiguration section */
		8C9F43FF1D771915000139FC /* Debug */ = {
			isa = XCBuildConfiguration;
			buildSettings = {
				ALWAYS_SEARCH_USER_PATHS = NO;
				CLANG_ANALYZER_NONNULL = YES;
				CLANG_CXX_LANGUAGE_STANDARD = "gnu++0x";
				CLANG_CXX_LIBRARY = "libc++";
				CLANG_ENABLE_MODULES = YES;
				CLANG_ENABLE_OBJC_ARC = YES;
				CLANG_WARN_BOOL_CONVERSION = YES;
				CLANG_WARN_CONSTANT_CONVERSION = YES;
				CLANG_WARN_DIRECT_OBJC_ISA_USAGE = YES_ERROR;
				CLANG_WARN_EMPTY_BODY = YES;
				CLANG_WARN_ENUM_CONVERSION = YES;
				CLANG_WARN_INFINITE_RECURSION = YES;
				CLANG_WARN_INT_CONVERSION = YES;
				CLANG_WARN_OBJC_ROOT_CLASS = YES_ERROR;
				CLANG_WARN_SUSPICIOUS_MOVE = YES;
				CLANG_WARN_UNREACHABLE_CODE = YES;
				CLANG_WARN__DUPLICATE_METHOD_MATCH = YES;
				"CODE_SIGN_IDENTITY[sdk=iphoneos*]" = "iPhone Developer";
				COPY_PHASE_STRIP = NO;
				DEBUG_INFORMATION_FORMAT = "dwarf-with-dsym";
				ENABLE_STRICT_OBJC_MSGSEND = YES;
				ENABLE_TESTABILITY = YES;
				GCC_C_LANGUAGE_STANDARD = gnu99;
				GCC_DYNAMIC_NO_PIC = NO;
				GCC_NO_COMMON_BLOCKS = YES;
				GCC_OPTIMIZATION_LEVEL = 0;
				GCC_PREPROCESSOR_DEFINITIONS = (
					"DEBUG=1",
					"$(inherited)",
				);
				GCC_WARN_64_TO_32_BIT_CONVERSION = YES;
				GCC_WARN_ABOUT_RETURN_TYPE = YES_ERROR;
				GCC_WARN_UNDECLARED_SELECTOR = YES;
				GCC_WARN_UNINITIALIZED_AUTOS = YES_AGGRESSIVE;
				GCC_WARN_UNUSED_FUNCTION = YES;
				GCC_WARN_UNUSED_VARIABLE = YES;
				IPHONEOS_DEPLOYMENT_TARGET = 8.0;
				MTL_ENABLE_DEBUG_INFO = YES;
				ONLY_ACTIVE_ARCH = YES;
				SDKROOT = iphoneos;
				SWIFT_OPTIMIZATION_LEVEL = "-Onone";
				TARGETED_DEVICE_FAMILY = "1,2";
			};
			name = Debug;
		};
		8C9F44001D771915000139FC /* Release */ = {
			isa = XCBuildConfiguration;
			buildSettings = {
				ALWAYS_SEARCH_USER_PATHS = NO;
				CLANG_ANALYZER_NONNULL = YES;
				CLANG_CXX_LANGUAGE_STANDARD = "gnu++0x";
				CLANG_CXX_LIBRARY = "libc++";
				CLANG_ENABLE_MODULES = YES;
				CLANG_ENABLE_OBJC_ARC = YES;
				CLANG_WARN_BOOL_CONVERSION = YES;
				CLANG_WARN_CONSTANT_CONVERSION = YES;
				CLANG_WARN_DIRECT_OBJC_ISA_USAGE = YES_ERROR;
				CLANG_WARN_EMPTY_BODY = YES;
				CLANG_WARN_ENUM_CONVERSION = YES;
				CLANG_WARN_INFINITE_RECURSION = YES;
				CLANG_WARN_INT_CONVERSION = YES;
				CLANG_WARN_OBJC_ROOT_CLASS = YES_ERROR;
				CLANG_WARN_SUSPICIOUS_MOVE = YES;
				CLANG_WARN_UNREACHABLE_CODE = YES;
				CLANG_WARN__DUPLICATE_METHOD_MATCH = YES;
				"CODE_SIGN_IDENTITY[sdk=iphoneos*]" = "iPhone Developer";
				COPY_PHASE_STRIP = NO;
				DEBUG_INFORMATION_FORMAT = "dwarf-with-dsym";
				ENABLE_NS_ASSERTIONS = NO;
				ENABLE_STRICT_OBJC_MSGSEND = YES;
				GCC_C_LANGUAGE_STANDARD = gnu99;
				GCC_NO_COMMON_BLOCKS = YES;
				GCC_WARN_64_TO_32_BIT_CONVERSION = YES;
				GCC_WARN_ABOUT_RETURN_TYPE = YES_ERROR;
				GCC_WARN_UNDECLARED_SELECTOR = YES;
				GCC_WARN_UNINITIALIZED_AUTOS = YES_AGGRESSIVE;
				GCC_WARN_UNUSED_FUNCTION = YES;
				GCC_WARN_UNUSED_VARIABLE = YES;
				IPHONEOS_DEPLOYMENT_TARGET = 8.0;
				MTL_ENABLE_DEBUG_INFO = NO;
				SDKROOT = iphoneos;
				SWIFT_OPTIMIZATION_LEVEL = "-Owholemodule";
				TARGETED_DEVICE_FAMILY = "1,2";
				VALIDATE_PRODUCT = YES;
			};
			name = Release;
		};
		8C9F44021D771915000139FC /* Debug */ = {
			isa = XCBuildConfiguration;
			buildSettings = {
				ASSETCATALOG_COMPILER_APPICON_NAME = AppIcon;
				CODE_SIGN_IDENTITY = "iPhone Developer";
				"CODE_SIGN_IDENTITY[sdk=iphoneos*]" = "iPhone Developer";
				FRAMEWORK_SEARCH_PATHS = "";
				HEADER_SEARCH_PATHS = "$(SDKROOT)/usr/include/libxml2";
				INFOPLIST_FILE = LightUpSwift/Info.plist;
				LD_RUNPATH_SEARCH_PATHS = "$(inherited) @executable_path/Frameworks";
				ONLY_ACTIVE_ARCH = YES;
				OTHER_LDFLAGS = "-lxml2";
				PRODUCT_BUNDLE_IDENTIFIER = com.zwstudio.LightUpSwift;
				PRODUCT_NAME = "$(TARGET_NAME)";
				PROVISIONING_PROFILE = "";
				SWIFT_INCLUDE_PATHS = ../../OSS/Fuzi/libxml2;
				SWIFT_OBJC_BRIDGING_HEADER = "LightUpSwift-Bridging-Header.h";
				SWIFT_VERSION = 3.0;
			};
			name = Debug;
		};
		8C9F44031D771915000139FC /* Release */ = {
			isa = XCBuildConfiguration;
			buildSettings = {
				ASSETCATALOG_COMPILER_APPICON_NAME = AppIcon;
				CODE_SIGN_IDENTITY = "iPhone Developer";
				"CODE_SIGN_IDENTITY[sdk=iphoneos*]" = "iPhone Developer";
				FRAMEWORK_SEARCH_PATHS = "";
				HEADER_SEARCH_PATHS = "$(SDKROOT)/usr/include/libxml2";
				INFOPLIST_FILE = LightUpSwift/Info.plist;
				LD_RUNPATH_SEARCH_PATHS = "$(inherited) @executable_path/Frameworks";
				OTHER_LDFLAGS = "-lxml2";
				PRODUCT_BUNDLE_IDENTIFIER = com.zwstudio.LightUpSwift;
				PRODUCT_NAME = "$(TARGET_NAME)";
				PROVISIONING_PROFILE = "";
				SWIFT_INCLUDE_PATHS = ../../OSS/Fuzi/libxml2;
				SWIFT_OBJC_BRIDGING_HEADER = "LightUpSwift-Bridging-Header.h";
				SWIFT_VERSION = 3.0;
			};
			name = Release;
		};
		8C9F44051D771915000139FC /* Debug */ = {
			isa = XCBuildConfiguration;
			buildSettings = {
				BUNDLE_LOADER = "$(TEST_HOST)";
				DEBUG_INFORMATION_FORMAT = dwarf;
				INFOPLIST_FILE = LightUpSwiftTests/Info.plist;
				LD_RUNPATH_SEARCH_PATHS = "$(inherited) @executable_path/Frameworks @loader_path/Frameworks";
				PRODUCT_BUNDLE_IDENTIFIER = com.zwstudio.LightUpSwiftTests;
				PRODUCT_NAME = "$(TARGET_NAME)";
				SWIFT_VERSION = 3.0;
				TEST_HOST = "$(BUILT_PRODUCTS_DIR)/LightUpSwift.app/LightUpSwift";
			};
			name = Debug;
		};
		8C9F44061D771915000139FC /* Release */ = {
			isa = XCBuildConfiguration;
			buildSettings = {
				BUNDLE_LOADER = "$(TEST_HOST)";
				INFOPLIST_FILE = LightUpSwiftTests/Info.plist;
				LD_RUNPATH_SEARCH_PATHS = "$(inherited) @executable_path/Frameworks @loader_path/Frameworks";
				PRODUCT_BUNDLE_IDENTIFIER = com.zwstudio.LightUpSwiftTests;
				PRODUCT_NAME = "$(TARGET_NAME)";
				SWIFT_VERSION = 3.0;
				TEST_HOST = "$(BUILT_PRODUCTS_DIR)/LightUpSwift.app/LightUpSwift";
			};
			name = Release;
		};
		8C9F44081D771915000139FC /* Debug */ = {
			isa = XCBuildConfiguration;
			buildSettings = {
				DEBUG_INFORMATION_FORMAT = dwarf;
				DEVELOPMENT_TEAM = "";
				INFOPLIST_FILE = LightUpSwiftUITests/Info.plist;
				LD_RUNPATH_SEARCH_PATHS = "$(inherited) @executable_path/Frameworks @loader_path/Frameworks";
				PRODUCT_BUNDLE_IDENTIFIER = com.zwstudio.LightUpSwiftUITests;
				PRODUCT_NAME = "$(TARGET_NAME)";
				SWIFT_VERSION = 3.0;
				TEST_TARGET_NAME = LightUpSwift;
			};
			name = Debug;
		};
		8C9F44091D771915000139FC /* Release */ = {
			isa = XCBuildConfiguration;
			buildSettings = {
				DEVELOPMENT_TEAM = "";
				INFOPLIST_FILE = LightUpSwiftUITests/Info.plist;
				LD_RUNPATH_SEARCH_PATHS = "$(inherited) @executable_path/Frameworks @loader_path/Frameworks";
				PRODUCT_BUNDLE_IDENTIFIER = com.zwstudio.LightUpSwiftUITests;
				PRODUCT_NAME = "$(TARGET_NAME)";
				SWIFT_VERSION = 3.0;
				TEST_TARGET_NAME = LightUpSwift;
			};
			name = Release;
		};
/* End XCBuildConfiguration section */

/* Begin XCConfigurationList section */
		8C9F43D21D771915000139FC /* Build configuration list for PBXProject "LightUpSwift" */ = {
			isa = XCConfigurationList;
			buildConfigurations = (
				8C9F43FF1D771915000139FC /* Debug */,
				8C9F44001D771915000139FC /* Release */,
			);
			defaultConfigurationIsVisible = 0;
			defaultConfigurationName = Release;
		};
		8C9F44011D771915000139FC /* Build configuration list for PBXNativeTarget "LightUpSwift" */ = {
			isa = XCConfigurationList;
			buildConfigurations = (
				8C9F44021D771915000139FC /* Debug */,
				8C9F44031D771915000139FC /* Release */,
			);
			defaultConfigurationIsVisible = 0;
			defaultConfigurationName = Release;
		};
		8C9F44041D771915000139FC /* Build configuration list for PBXNativeTarget "LightUpSwiftTests" */ = {
			isa = XCConfigurationList;
			buildConfigurations = (
				8C9F44051D771915000139FC /* Debug */,
				8C9F44061D771915000139FC /* Release */,
			);
			defaultConfigurationIsVisible = 0;
			defaultConfigurationName = Release;
		};
		8C9F44071D771915000139FC /* Build configuration list for PBXNativeTarget "LightUpSwiftUITests" */ = {
			isa = XCConfigurationList;
			buildConfigurations = (
				8C9F44081D771915000139FC /* Debug */,
				8C9F44091D771915000139FC /* Release */,
			);
			defaultConfigurationIsVisible = 0;
			defaultConfigurationName = Release;
		};
/* End XCConfigurationList section */
	};
	rootObject = 8C9F43CF1D771915000139FC /* Project object */;
}
